// !$*UTF8*$!
{
	archiveVersion = 1;
	classes = {
	};
	objectVersion = 51;
	objects = {

/* Begin PBXBuildFile section */
		C8C2ED28CC875473954C8551 /* Pods_socialApp.framework in Frameworks */ = {isa = PBXBuildFile; fileRef = 519929C6363CDB8EE7F5AFE7 /* Pods_socialApp.framework */; };
		FB09107E24FA73B2006B72D5 /* SendRequestViewController.swift in Sources */ = {isa = PBXBuildFile; fileRef = FB09107D24FA73B2006B72D5 /* SendRequestViewController.swift */; };
		FB09108024FA93E2006B72D5 /* UITextViewExtension.swift in Sources */ = {isa = PBXBuildFile; fileRef = FB09107F24FA93E2006B72D5 /* UITextViewExtension.swift */; };
		FB1062D824AE494A0012C4D4 /* OneLineTextField.swift in Sources */ = {isa = PBXBuildFile; fileRef = FB1062D724AE494A0012C4D4 /* OneLineTextField.swift */; };
		FB1062DA24AE69250012C4D4 /* LoginViewController.swift in Sources */ = {isa = PBXBuildFile; fileRef = FB1062D924AE69240012C4D4 /* LoginViewController.swift */; };
		FB1062DC24B09F6C0012C4D4 /* EditProfileViewController.swift in Sources */ = {isa = PBXBuildFile; fileRef = FB1062DB24B09F6C0012C4D4 /* EditProfileViewController.swift */; };
		FB1062DE24B0C8DF0012C4D4 /* EditableProfileImageView.swift in Sources */ = {isa = PBXBuildFile; fileRef = FB1062DD24B0C8DF0012C4D4 /* EditableProfileImageView.swift */; };
		FB1062E024B20CE60012C4D4 /* UISegmentedControlExtension.swift in Sources */ = {isa = PBXBuildFile; fileRef = FB1062DF24B20CE60012C4D4 /* UISegmentedControlExtension.swift */; };
		FB15FCF32513A71F00B765D3 /* MMessage.swift in Sources */ = {isa = PBXBuildFile; fileRef = FB15FCF22513A71F00B765D3 /* MMessage.swift */; };
		FB18217724B21F5100FFFC87 /* ChatsViewController.swift in Sources */ = {isa = PBXBuildFile; fileRef = FB18217624B21F5100FFFC87 /* ChatsViewController.swift */; };
		FB18217B24B2261F00FFFC87 /* MainTabBarController.swift in Sources */ = {isa = PBXBuildFile; fileRef = FB18217A24B2261F00FFFC87 /* MainTabBarController.swift */; };
		FB18217D24B2268E00FFFC87 /* PeopleViewController.swift in Sources */ = {isa = PBXBuildFile; fileRef = FB18217C24B2268E00FFFC87 /* PeopleViewController.swift */; };
		FB18217F24B2442800FFFC87 /* UIColorExtension.swift in Sources */ = {isa = PBXBuildFile; fileRef = FB18217E24B2442800FFFC87 /* UIColorExtension.swift */; };
		FB207CB42520C544007AA232 /* MessageError.swift in Sources */ = {isa = PBXBuildFile; fileRef = FB207CB32520C544007AA232 /* MessageError.swift */; };
		FB21A1AD24C89F68000A2E91 /* BundleDecode.swift in Sources */ = {isa = PBXBuildFile; fileRef = FB21A1AC24C89F68000A2E91 /* BundleDecode.swift */; };
		FB21A1AF24C8A152000A2E91 /* activeChats.json in Resources */ = {isa = PBXBuildFile; fileRef = FB21A1AE24C8A152000A2E91 /* activeChats.json */; };
		FB21A1B324C8A2D1000A2E91 /* waitingChats.json in Resources */ = {isa = PBXBuildFile; fileRef = FB21A1B224C8A2D1000A2E91 /* waitingChats.json */; };
		FB21A1B624E55F6C000A2E91 /* ActiveChatsCell.swift in Sources */ = {isa = PBXBuildFile; fileRef = FB21A1B524E55F6C000A2E91 /* ActiveChatsCell.swift */; };
		FB21A1B824E595CF000A2E91 /* Protocols.swift in Sources */ = {isa = PBXBuildFile; fileRef = FB21A1B724E595CF000A2E91 /* Protocols.swift */; };
		FB21A1BB24E59705000A2E91 /* MChat.swift in Sources */ = {isa = PBXBuildFile; fileRef = FB21A1BA24E59705000A2E91 /* MChat.swift */; };
		FB21A1BD24E59A31000A2E91 /* GradientView.swift in Sources */ = {isa = PBXBuildFile; fileRef = FB21A1BC24E59A31000A2E91 /* GradientView.swift */; };
		FB21A1BF24E5ADE5000A2E91 /* RequestChatsCell.swift in Sources */ = {isa = PBXBuildFile; fileRef = FB21A1BE24E5ADE5000A2E91 /* RequestChatsCell.swift */; };
		FB2346E624F69B2B00FEE1EF /* PeopleCell.swift in Sources */ = {isa = PBXBuildFile; fileRef = FB2346E524F69B2B00FEE1EF /* PeopleCell.swift */; };
		FB39F2D824F66EFE001B9C4F /* MPeople.swift in Sources */ = {isa = PBXBuildFile; fileRef = FB39F2D724F66EFE001B9C4F /* MPeople.swift */; };
		FB61A76C251BA06D005DCC78 /* ChatError.swift in Sources */ = {isa = PBXBuildFile; fileRef = FB61A76B251BA06D005DCC78 /* ChatError.swift */; };
		FB61A76F251CB97D005DCC78 /* DataSourceError.swift in Sources */ = {isa = PBXBuildFile; fileRef = FB61A76E251CB97D005DCC78 /* DataSourceError.swift */; };
		FB61A78C251E1342005DCC78 /* ChatViewController.swift in Sources */ = {isa = PBXBuildFile; fileRef = FB61A78B251E1342005DCC78 /* ChatViewController.swift */; };
		FB61A7F8251E3FE4005DCC78 /* MSender.swift in Sources */ = {isa = PBXBuildFile; fileRef = FB61A7F7251E3FE4005DCC78 /* MSender.swift */; };
		FB61A7FB251E6312005DCC78 /* UserDefaultsService.swift in Sources */ = {isa = PBXBuildFile; fileRef = FB61A7FA251E6311005DCC78 /* UserDefaultsService.swift */; };
		FB61B53E24FAB785002761ED /* UIViewExtension.swift in Sources */ = {isa = PBXBuildFile; fileRef = FB61B53D24FAB785002761ED /* UIViewExtension.swift */; };
		FB61B54224FD3DDE002761ED /* GetRequestViewController.swift in Sources */ = {isa = PBXBuildFile; fileRef = FB61B54124FD3DDD002761ED /* GetRequestViewController.swift */; };
		FB61B54724FE7F23002761ED /* AuthService.swift in Sources */ = {isa = PBXBuildFile; fileRef = FB61B54624FE7F22002761ED /* AuthService.swift */; };
		FB61B54924FE9581002761ED /* UIAlertExtension.swift in Sources */ = {isa = PBXBuildFile; fileRef = FB61B54824FE9581002761ED /* UIAlertExtension.swift */; };
		FB66288124A93ADC00650820 /* RegisterEmailViewController.swift in Sources */ = {isa = PBXBuildFile; fileRef = FB66288024A93ADC00650820 /* RegisterEmailViewController.swift */; };
		FB79DA42252209E100A7AA56 /* TypeOfListenerChanges.swift in Sources */ = {isa = PBXBuildFile; fileRef = FB79DA41252209E000A7AA56 /* TypeOfListenerChanges.swift */; };
		FB79DA4925234EDA00A7AA56 /* DateExtension.swift in Sources */ = {isa = PBXBuildFile; fileRef = FB79DA4825234EDA00A7AA56 /* DateExtension.swift */; };
		FB79DA4C2523577100A7AA56 /* MMediaItem.swift in Sources */ = {isa = PBXBuildFile; fileRef = FB79DA4B2523577100A7AA56 /* MMediaItem.swift */; };
		FB79DA4F2524D1FB00A7AA56 /* UIScrollViewExtension.swift in Sources */ = {isa = PBXBuildFile; fileRef = FB79DA4E2524D1FA00A7AA56 /* UIScrollViewExtension.swift */; };
		FB79DA56252501E100A7AA56 /* UIApplicationExtension.swift in Sources */ = {isa = PBXBuildFile; fileRef = FB79DA55252501E100A7AA56 /* UIApplicationExtension.swift */; };
		FB79DA6B252C834D00A7AA56 /* LocationService.swift in Sources */ = {isa = PBXBuildFile; fileRef = FB79DA6A252C834C00A7AA56 /* LocationService.swift */; };
		FB79DA6E252C942B00A7AA56 /* MLocation.swift in Sources */ = {isa = PBXBuildFile; fileRef = FB79DA6D252C942B00A7AA56 /* MLocation.swift */; };
		FB79DA78252CF9CA00A7AA56 /* CLLocationCoordinate2DExtension.swift in Sources */ = {isa = PBXBuildFile; fileRef = FB79DA77252CF9CA00A7AA56 /* CLLocationCoordinate2DExtension.swift */; };
		FB79DA7C252DE64900A7AA56 /* ProfileViewController.swift in Sources */ = {isa = PBXBuildFile; fileRef = FB79DA7B252DE64800A7AA56 /* ProfileViewController.swift */; };
		FB79DA7F252DE71900A7AA56 /* SectionsProfile.swift in Sources */ = {isa = PBXBuildFile; fileRef = FB79DA7E252DE71900A7AA56 /* SectionsProfile.swift */; };
		FB79DA84252DED1700A7AA56 /* ProfileCell.swift in Sources */ = {isa = PBXBuildFile; fileRef = FB79DA83252DED1700A7AA56 /* ProfileCell.swift */; };
		FB79DA88252DEDB900A7AA56 /* SettingsCell.swift in Sources */ = {isa = PBXBuildFile; fileRef = FB79DA87252DEDB900A7AA56 /* SettingsCell.swift */; };
		FB79DA8B252DF0D600A7AA56 /* MSettings.swift in Sources */ = {isa = PBXBuildFile; fileRef = FB79DA8A252DF0D600A7AA56 /* MSettings.swift */; };
		FB79DA9225307FF200A7AA56 /* GalleryScrollView.swift in Sources */ = {isa = PBXBuildFile; fileRef = FB79DA9125307FF200A7AA56 /* GalleryScrollView.swift */; };
		FB79DA962530E69400A7AA56 /* EditPhotoViewController.swift in Sources */ = {isa = PBXBuildFile; fileRef = FB79DA952530E69300A7AA56 /* EditPhotoViewController.swift */; };
		FB79DA992530E86D00A7AA56 /* SectionEditPhotos.swift in Sources */ = {isa = PBXBuildFile; fileRef = FB79DA982530E86D00A7AA56 /* SectionEditPhotos.swift */; };
		FB79DA9D2530E9C500A7AA56 /* EditPhotoCell.swift in Sources */ = {isa = PBXBuildFile; fileRef = FB79DA9C2530E9C500A7AA56 /* EditPhotoCell.swift */; };
		FB8C3D392533958900184FB5 /* MLookingFor.swift in Sources */ = {isa = PBXBuildFile; fileRef = FB8C3D382533958900184FB5 /* MLookingFor.swift */; };
		FB8C3D3C2533961800184FB5 /* MSexuality.swift in Sources */ = {isa = PBXBuildFile; fileRef = FB8C3D3B2533961800184FB5 /* MSexuality.swift */; };
		FB8C3D3F25339DE200184FB5 /* GenderSelectionViewController.swift in Sources */ = {isa = PBXBuildFile; fileRef = FB8C3D3E25339DE200184FB5 /* GenderSelectionViewController.swift */; };
		FB8C3D432533A22800184FB5 /* SelectionTableViewCell.swift in Sources */ = {isa = PBXBuildFile; fileRef = FB8C3D422533A22800184FB5 /* SelectionTableViewCell.swift */; };
		FB8C3D552533E09900184FB5 /* SelectionViewController.swift in Sources */ = {isa = PBXBuildFile; fileRef = FB8C3D542533E09900184FB5 /* SelectionViewController.swift */; };
		FB8C3D5F25348F4900184FB5 /* OneLineButton.swift in Sources */ = {isa = PBXBuildFile; fileRef = FB8C3D5E25348F4900184FB5 /* OneLineButton.swift */; };
		FB8C3D652534A74900184FB5 /* SelectionTableViewHeader.swift in Sources */ = {isa = PBXBuildFile; fileRef = FB8C3D642534A74900184FB5 /* SelectionTableViewHeader.swift */; };
		FB8C3D6A2535D71B00184FB5 /* InterestsSelectionViewController.swift in Sources */ = {isa = PBXBuildFile; fileRef = FB8C3D692535D71B00184FB5 /* InterestsSelectionViewController.swift */; };
		FB8C3D6E2535D94D00184FB5 /* DateOfBirthViewController.swift in Sources */ = {isa = PBXBuildFile; fileRef = FB8C3D6D2535D94D00184FB5 /* DateOfBirthViewController.swift */; };
		FB8C3D792535F4C500184FB5 /* StringExtension.swift in Sources */ = {isa = PBXBuildFile; fileRef = FB8C3D782535F4C500184FB5 /* StringExtension.swift */; };
		FB8C3D7D253606EE00184FB5 /* LocaleExtension.swift in Sources */ = {isa = PBXBuildFile; fileRef = FB8C3D7C253606ED00184FB5 /* LocaleExtension.swift */; };
		FB8C3D832536089A00184FB5 /* UIDatePickerExtension.swift in Sources */ = {isa = PBXBuildFile; fileRef = FB8C3D822536089A00184FB5 /* UIDatePickerExtension.swift */; };
		FB8C3D8B25371AE900184FB5 /* MLabels.swift in Sources */ = {isa = PBXBuildFile; fileRef = FB8C3D8A25371AE900184FB5 /* MLabels.swift */; };
		FB8C3D8E25372BEB00184FB5 /* MReports.swift in Sources */ = {isa = PBXBuildFile; fileRef = FB8C3D8D25372BEB00184FB5 /* MReports.swift */; };
		FBA94D1E24F55CBE000DA5D5 /* SectionHeader.swift in Sources */ = {isa = PBXBuildFile; fileRef = FBA94D1D24F55CBE000DA5D5 /* SectionHeader.swift */; };
		FBB3B25F2509011200440632 /* StorageService.swift in Sources */ = {isa = PBXBuildFile; fileRef = FBB3B25E2509011200440632 /* StorageService.swift */; };
		FBB3B261250905D800440632 /* UIImageExtension.swift in Sources */ = {isa = PBXBuildFile; fileRef = FBB3B260250905D800440632 /* UIImageExtension.swift */; };
		FBB3B265250ACA0700440632 /* MGender.swift in Sources */ = {isa = PBXBuildFile; fileRef = FBB3B264250ACA0700440632 /* MGender.swift */; };
		FBB3B267250D00D000440632 /* StorageError.swift in Sources */ = {isa = PBXBuildFile; fileRef = FBB3B266250D00CF00440632 /* StorageError.swift */; };
		FBB3B269250F82B800440632 /* ListenerService.swift in Sources */ = {isa = PBXBuildFile; fileRef = FBB3B268250F82B800440632 /* ListenerService.swift */; };
		FBB4F354251110AE00ACFE90 /* RadioButton.swift in Sources */ = {isa = PBXBuildFile; fileRef = FBB4F353251110AE00ACFE90 /* RadioButton.swift */; };
		FBB4F3582511526C00ACFE90 /* CryptoService.swift in Sources */ = {isa = PBXBuildFile; fileRef = FBB4F3572511526C00ACFE90 /* CryptoService.swift */; };
		FBB4F35A25116D7300ACFE90 /* DefaultImage.swift in Sources */ = {isa = PBXBuildFile; fileRef = FBB4F35925116D7300ACFE90 /* DefaultImage.swift */; };
		FBB4F35F2512737400ACFE90 /* ListenerError.swift in Sources */ = {isa = PBXBuildFile; fileRef = FBB4F35E2512737400ACFE90 /* ListenerError.swift */; };
		FBEF607824A602070005F947 /* AppDelegate.swift in Sources */ = {isa = PBXBuildFile; fileRef = FBEF607724A602070005F947 /* AppDelegate.swift */; };
		FBEF607A24A602070005F947 /* SceneDelegate.swift in Sources */ = {isa = PBXBuildFile; fileRef = FBEF607924A602070005F947 /* SceneDelegate.swift */; };
		FBEF607C24A602070005F947 /* AuthViewController.swift in Sources */ = {isa = PBXBuildFile; fileRef = FBEF607B24A602070005F947 /* AuthViewController.swift */; };
		FBEF608124A6020A0005F947 /* Assets.xcassets in Resources */ = {isa = PBXBuildFile; fileRef = FBEF608024A6020A0005F947 /* Assets.xcassets */; };
		FBEF608424A6020A0005F947 /* LaunchScreen.storyboard in Resources */ = {isa = PBXBuildFile; fileRef = FBEF608224A6020A0005F947 /* LaunchScreen.storyboard */; };
		FBEF608C24A8F4000005F947 /* UIButtonExtension.swift in Sources */ = {isa = PBXBuildFile; fileRef = FBEF608B24A8F3FF0005F947 /* UIButtonExtension.swift */; };
		FBEF608E24A9073E0005F947 /* UIFontExtension.swift in Sources */ = {isa = PBXBuildFile; fileRef = FBEF608D24A9073E0005F947 /* UIFontExtension.swift */; };
		FBEF609124A90AEC0005F947 /* UILabelExtension.swift in Sources */ = {isa = PBXBuildFile; fileRef = FBEF609024A90AEC0005F947 /* UILabelExtension.swift */; };
		FBEF609324A90C840005F947 /* UIImageViewExtension.swift in Sources */ = {isa = PBXBuildFile; fileRef = FBEF609224A90C840005F947 /* UIImageViewExtension.swift */; };
		FBF2927F2512828C0090BA9E /* AdvertInactiveView.swift in Sources */ = {isa = PBXBuildFile; fileRef = FBF2927E2512828C0090BA9E /* AdvertInactiveView.swift */; };
		FBF292832512B0F80090BA9E /* GoogleService-Info.plist in Resources */ = {isa = PBXBuildFile; fileRef = FBF292822512B0F70090BA9E /* GoogleService-Info.plist */; };
		FBF293D924FFB33300F7B5F1 /* Validators.swift in Sources */ = {isa = PBXBuildFile; fileRef = FBF293D824FFB33300F7B5F1 /* Validators.swift */; };
		FBF293DB24FFBA9F00F7B5F1 /* AuthError.swift in Sources */ = {isa = PBXBuildFile; fileRef = FBF293DA24FFBA9F00F7B5F1 /* AuthError.swift */; };
		FBF293DD25065E2800F7B5F1 /* FirestoreService.swift in Sources */ = {isa = PBXBuildFile; fileRef = FBF293DC25065E2800F7B5F1 /* FirestoreService.swift */; };
		FBF293DF250668CB00F7B5F1 /* UserError.swift in Sources */ = {isa = PBXBuildFile; fileRef = FBF293DE250668CB00F7B5F1 /* UserError.swift */; };
		FBF6289524F678C300DCD4AC /* SectionsChats.swift in Sources */ = {isa = PBXBuildFile; fileRef = FBF6289424F678C300DCD4AC /* SectionsChats.swift */; };
		FBF6289724F678EA00DCD4AC /* SectionsPeople.swift in Sources */ = {isa = PBXBuildFile; fileRef = FBF6289624F678EA00DCD4AC /* SectionsPeople.swift */; };
/* End PBXBuildFile section */

/* Begin PBXFileReference section */
		519929C6363CDB8EE7F5AFE7 /* Pods_socialApp.framework */ = {isa = PBXFileReference; explicitFileType = wrapper.framework; includeInIndex = 0; path = Pods_socialApp.framework; sourceTree = BUILT_PRODUCTS_DIR; };
		A864411375E48564A6F68A6B /* Pods-socialApp.release.xcconfig */ = {isa = PBXFileReference; includeInIndex = 1; lastKnownFileType = text.xcconfig; name = "Pods-socialApp.release.xcconfig"; path = "Target Support Files/Pods-socialApp/Pods-socialApp.release.xcconfig"; sourceTree = "<group>"; };
		BE11C4154A14226A757830CC /* Pods-socialApp.debug.xcconfig */ = {isa = PBXFileReference; includeInIndex = 1; lastKnownFileType = text.xcconfig; name = "Pods-socialApp.debug.xcconfig"; path = "Target Support Files/Pods-socialApp/Pods-socialApp.debug.xcconfig"; sourceTree = "<group>"; };
		FB09107D24FA73B2006B72D5 /* SendRequestViewController.swift */ = {isa = PBXFileReference; lastKnownFileType = sourcecode.swift; path = SendRequestViewController.swift; sourceTree = "<group>"; };
		FB09107F24FA93E2006B72D5 /* UITextViewExtension.swift */ = {isa = PBXFileReference; lastKnownFileType = sourcecode.swift; path = UITextViewExtension.swift; sourceTree = "<group>"; };
		FB1062D724AE494A0012C4D4 /* OneLineTextField.swift */ = {isa = PBXFileReference; lastKnownFileType = sourcecode.swift; path = OneLineTextField.swift; sourceTree = "<group>"; };
		FB1062D924AE69240012C4D4 /* LoginViewController.swift */ = {isa = PBXFileReference; lastKnownFileType = sourcecode.swift; path = LoginViewController.swift; sourceTree = "<group>"; };
		FB1062DB24B09F6C0012C4D4 /* EditProfileViewController.swift */ = {isa = PBXFileReference; lastKnownFileType = sourcecode.swift; path = EditProfileViewController.swift; sourceTree = "<group>"; };
		FB1062DD24B0C8DF0012C4D4 /* EditableProfileImageView.swift */ = {isa = PBXFileReference; lastKnownFileType = sourcecode.swift; path = EditableProfileImageView.swift; sourceTree = "<group>"; };
		FB1062DF24B20CE60012C4D4 /* UISegmentedControlExtension.swift */ = {isa = PBXFileReference; lastKnownFileType = sourcecode.swift; path = UISegmentedControlExtension.swift; sourceTree = "<group>"; };
		FB15FCF22513A71F00B765D3 /* MMessage.swift */ = {isa = PBXFileReference; lastKnownFileType = sourcecode.swift; path = MMessage.swift; sourceTree = "<group>"; };
		FB18217624B21F5100FFFC87 /* ChatsViewController.swift */ = {isa = PBXFileReference; lastKnownFileType = sourcecode.swift; path = ChatsViewController.swift; sourceTree = "<group>"; };
		FB18217A24B2261F00FFFC87 /* MainTabBarController.swift */ = {isa = PBXFileReference; lastKnownFileType = sourcecode.swift; path = MainTabBarController.swift; sourceTree = "<group>"; };
		FB18217C24B2268E00FFFC87 /* PeopleViewController.swift */ = {isa = PBXFileReference; lastKnownFileType = sourcecode.swift; path = PeopleViewController.swift; sourceTree = "<group>"; };
		FB18217E24B2442800FFFC87 /* UIColorExtension.swift */ = {isa = PBXFileReference; lastKnownFileType = sourcecode.swift; path = UIColorExtension.swift; sourceTree = "<group>"; };
		FB207CB32520C544007AA232 /* MessageError.swift */ = {isa = PBXFileReference; lastKnownFileType = sourcecode.swift; path = MessageError.swift; sourceTree = "<group>"; };
		FB21A1AC24C89F68000A2E91 /* BundleDecode.swift */ = {isa = PBXFileReference; lastKnownFileType = sourcecode.swift; path = BundleDecode.swift; sourceTree = "<group>"; };
		FB21A1AE24C8A152000A2E91 /* activeChats.json */ = {isa = PBXFileReference; lastKnownFileType = text.json; path = activeChats.json; sourceTree = "<group>"; };
		FB21A1B224C8A2D1000A2E91 /* waitingChats.json */ = {isa = PBXFileReference; lastKnownFileType = text.json; path = waitingChats.json; sourceTree = "<group>"; };
		FB21A1B524E55F6C000A2E91 /* ActiveChatsCell.swift */ = {isa = PBXFileReference; lastKnownFileType = sourcecode.swift; path = ActiveChatsCell.swift; sourceTree = "<group>"; };
		FB21A1B724E595CF000A2E91 /* Protocols.swift */ = {isa = PBXFileReference; lastKnownFileType = sourcecode.swift; path = Protocols.swift; sourceTree = "<group>"; };
		FB21A1BA24E59705000A2E91 /* MChat.swift */ = {isa = PBXFileReference; lastKnownFileType = sourcecode.swift; path = MChat.swift; sourceTree = "<group>"; };
		FB21A1BC24E59A31000A2E91 /* GradientView.swift */ = {isa = PBXFileReference; lastKnownFileType = sourcecode.swift; path = GradientView.swift; sourceTree = "<group>"; };
		FB21A1BE24E5ADE5000A2E91 /* RequestChatsCell.swift */ = {isa = PBXFileReference; lastKnownFileType = sourcecode.swift; path = RequestChatsCell.swift; sourceTree = "<group>"; };
		FB2346E524F69B2B00FEE1EF /* PeopleCell.swift */ = {isa = PBXFileReference; lastKnownFileType = sourcecode.swift; path = PeopleCell.swift; sourceTree = "<group>"; };
		FB39F2D724F66EFE001B9C4F /* MPeople.swift */ = {isa = PBXFileReference; lastKnownFileType = sourcecode.swift; path = MPeople.swift; sourceTree = "<group>"; };
		FB61A76B251BA06D005DCC78 /* ChatError.swift */ = {isa = PBXFileReference; lastKnownFileType = sourcecode.swift; path = ChatError.swift; sourceTree = "<group>"; };
		FB61A76E251CB97D005DCC78 /* DataSourceError.swift */ = {isa = PBXFileReference; lastKnownFileType = sourcecode.swift; path = DataSourceError.swift; sourceTree = "<group>"; };
		FB61A78B251E1342005DCC78 /* ChatViewController.swift */ = {isa = PBXFileReference; lastKnownFileType = sourcecode.swift; path = ChatViewController.swift; sourceTree = "<group>"; };
		FB61A7F7251E3FE4005DCC78 /* MSender.swift */ = {isa = PBXFileReference; lastKnownFileType = sourcecode.swift; path = MSender.swift; sourceTree = "<group>"; };
		FB61A7FA251E6311005DCC78 /* UserDefaultsService.swift */ = {isa = PBXFileReference; lastKnownFileType = sourcecode.swift; path = UserDefaultsService.swift; sourceTree = "<group>"; };
		FB61B53D24FAB785002761ED /* UIViewExtension.swift */ = {isa = PBXFileReference; lastKnownFileType = sourcecode.swift; path = UIViewExtension.swift; sourceTree = "<group>"; };
		FB61B54124FD3DDD002761ED /* GetRequestViewController.swift */ = {isa = PBXFileReference; lastKnownFileType = sourcecode.swift; path = GetRequestViewController.swift; sourceTree = "<group>"; };
		FB61B54624FE7F22002761ED /* AuthService.swift */ = {isa = PBXFileReference; lastKnownFileType = sourcecode.swift; path = AuthService.swift; sourceTree = "<group>"; };
		FB61B54824FE9581002761ED /* UIAlertExtension.swift */ = {isa = PBXFileReference; lastKnownFileType = sourcecode.swift; path = UIAlertExtension.swift; sourceTree = "<group>"; };
		FB66288024A93ADC00650820 /* RegisterEmailViewController.swift */ = {isa = PBXFileReference; lastKnownFileType = sourcecode.swift; path = RegisterEmailViewController.swift; sourceTree = "<group>"; };
		FB79DA41252209E000A7AA56 /* TypeOfListenerChanges.swift */ = {isa = PBXFileReference; lastKnownFileType = sourcecode.swift; path = TypeOfListenerChanges.swift; sourceTree = "<group>"; };
		FB79DA4825234EDA00A7AA56 /* DateExtension.swift */ = {isa = PBXFileReference; lastKnownFileType = sourcecode.swift; path = DateExtension.swift; sourceTree = "<group>"; };
		FB79DA4B2523577100A7AA56 /* MMediaItem.swift */ = {isa = PBXFileReference; lastKnownFileType = sourcecode.swift; path = MMediaItem.swift; sourceTree = "<group>"; };
		FB79DA4E2524D1FA00A7AA56 /* UIScrollViewExtension.swift */ = {isa = PBXFileReference; lastKnownFileType = sourcecode.swift; path = UIScrollViewExtension.swift; sourceTree = "<group>"; };
		FB79DA55252501E100A7AA56 /* UIApplicationExtension.swift */ = {isa = PBXFileReference; lastKnownFileType = sourcecode.swift; path = UIApplicationExtension.swift; sourceTree = "<group>"; };
		FB79DA6A252C834C00A7AA56 /* LocationService.swift */ = {isa = PBXFileReference; lastKnownFileType = sourcecode.swift; path = LocationService.swift; sourceTree = "<group>"; };
		FB79DA6D252C942B00A7AA56 /* MLocation.swift */ = {isa = PBXFileReference; lastKnownFileType = sourcecode.swift; path = MLocation.swift; sourceTree = "<group>"; };
		FB79DA77252CF9CA00A7AA56 /* CLLocationCoordinate2DExtension.swift */ = {isa = PBXFileReference; lastKnownFileType = sourcecode.swift; path = CLLocationCoordinate2DExtension.swift; sourceTree = "<group>"; };
		FB79DA7B252DE64800A7AA56 /* ProfileViewController.swift */ = {isa = PBXFileReference; lastKnownFileType = sourcecode.swift; path = ProfileViewController.swift; sourceTree = "<group>"; };
		FB79DA7E252DE71900A7AA56 /* SectionsProfile.swift */ = {isa = PBXFileReference; lastKnownFileType = sourcecode.swift; path = SectionsProfile.swift; sourceTree = "<group>"; };
		FB79DA83252DED1700A7AA56 /* ProfileCell.swift */ = {isa = PBXFileReference; lastKnownFileType = sourcecode.swift; path = ProfileCell.swift; sourceTree = "<group>"; };
		FB79DA87252DEDB900A7AA56 /* SettingsCell.swift */ = {isa = PBXFileReference; lastKnownFileType = sourcecode.swift; path = SettingsCell.swift; sourceTree = "<group>"; };
		FB79DA8A252DF0D600A7AA56 /* MSettings.swift */ = {isa = PBXFileReference; lastKnownFileType = sourcecode.swift; path = MSettings.swift; sourceTree = "<group>"; };
		FB79DA9125307FF200A7AA56 /* GalleryScrollView.swift */ = {isa = PBXFileReference; lastKnownFileType = sourcecode.swift; path = GalleryScrollView.swift; sourceTree = "<group>"; };
		FB79DA952530E69300A7AA56 /* EditPhotoViewController.swift */ = {isa = PBXFileReference; lastKnownFileType = sourcecode.swift; path = EditPhotoViewController.swift; sourceTree = "<group>"; };
		FB79DA982530E86D00A7AA56 /* SectionEditPhotos.swift */ = {isa = PBXFileReference; lastKnownFileType = sourcecode.swift; path = SectionEditPhotos.swift; sourceTree = "<group>"; };
		FB79DA9C2530E9C500A7AA56 /* EditPhotoCell.swift */ = {isa = PBXFileReference; lastKnownFileType = sourcecode.swift; path = EditPhotoCell.swift; sourceTree = "<group>"; };
		FB8C3D382533958900184FB5 /* MLookingFor.swift */ = {isa = PBXFileReference; lastKnownFileType = sourcecode.swift; path = MLookingFor.swift; sourceTree = "<group>"; };
		FB8C3D3B2533961800184FB5 /* MSexuality.swift */ = {isa = PBXFileReference; lastKnownFileType = sourcecode.swift; path = MSexuality.swift; sourceTree = "<group>"; };
		FB8C3D3E25339DE200184FB5 /* GenderSelectionViewController.swift */ = {isa = PBXFileReference; lastKnownFileType = sourcecode.swift; path = GenderSelectionViewController.swift; sourceTree = "<group>"; };
		FB8C3D422533A22800184FB5 /* SelectionTableViewCell.swift */ = {isa = PBXFileReference; lastKnownFileType = sourcecode.swift; path = SelectionTableViewCell.swift; sourceTree = "<group>"; };
		FB8C3D542533E09900184FB5 /* SelectionViewController.swift */ = {isa = PBXFileReference; lastKnownFileType = sourcecode.swift; path = SelectionViewController.swift; sourceTree = "<group>"; };
		FB8C3D5E25348F4900184FB5 /* OneLineButton.swift */ = {isa = PBXFileReference; lastKnownFileType = sourcecode.swift; path = OneLineButton.swift; sourceTree = "<group>"; };
		FB8C3D642534A74900184FB5 /* SelectionTableViewHeader.swift */ = {isa = PBXFileReference; lastKnownFileType = sourcecode.swift; path = SelectionTableViewHeader.swift; sourceTree = "<group>"; };
		FB8C3D692535D71B00184FB5 /* InterestsSelectionViewController.swift */ = {isa = PBXFileReference; lastKnownFileType = sourcecode.swift; path = InterestsSelectionViewController.swift; sourceTree = "<group>"; };
		FB8C3D6D2535D94D00184FB5 /* DateOfBirthViewController.swift */ = {isa = PBXFileReference; lastKnownFileType = sourcecode.swift; path = DateOfBirthViewController.swift; sourceTree = "<group>"; };
		FB8C3D782535F4C500184FB5 /* StringExtension.swift */ = {isa = PBXFileReference; lastKnownFileType = sourcecode.swift; path = StringExtension.swift; sourceTree = "<group>"; };
		FB8C3D7C253606ED00184FB5 /* LocaleExtension.swift */ = {isa = PBXFileReference; lastKnownFileType = sourcecode.swift; path = LocaleExtension.swift; sourceTree = "<group>"; };
		FB8C3D822536089A00184FB5 /* UIDatePickerExtension.swift */ = {isa = PBXFileReference; lastKnownFileType = sourcecode.swift; path = UIDatePickerExtension.swift; sourceTree = "<group>"; };
		FB8C3D8525360ED700184FB5 /* ru */ = {isa = PBXFileReference; lastKnownFileType = text.plist.strings; name = ru; path = ru.lproj/LaunchScreen.strings; sourceTree = "<group>"; };
		FB8C3D8A25371AE900184FB5 /* MLabels.swift */ = {isa = PBXFileReference; lastKnownFileType = sourcecode.swift; path = MLabels.swift; sourceTree = "<group>"; };
		FB8C3D8D25372BEB00184FB5 /* MReports.swift */ = {isa = PBXFileReference; lastKnownFileType = sourcecode.swift; path = MReports.swift; sourceTree = "<group>"; };
		FBA94D1D24F55CBE000DA5D5 /* SectionHeader.swift */ = {isa = PBXFileReference; lastKnownFileType = sourcecode.swift; path = SectionHeader.swift; sourceTree = "<group>"; };
		FBB3B25D2507C3BB00440632 /* socialApp.entitlements */ = {isa = PBXFileReference; lastKnownFileType = text.plist.entitlements; path = socialApp.entitlements; sourceTree = "<group>"; };
		FBB3B25E2509011200440632 /* StorageService.swift */ = {isa = PBXFileReference; lastKnownFileType = sourcecode.swift; path = StorageService.swift; sourceTree = "<group>"; };
		FBB3B260250905D800440632 /* UIImageExtension.swift */ = {isa = PBXFileReference; lastKnownFileType = sourcecode.swift; path = UIImageExtension.swift; sourceTree = "<group>"; };
		FBB3B264250ACA0700440632 /* MGender.swift */ = {isa = PBXFileReference; lastKnownFileType = sourcecode.swift; path = MGender.swift; sourceTree = "<group>"; };
		FBB3B266250D00CF00440632 /* StorageError.swift */ = {isa = PBXFileReference; lastKnownFileType = sourcecode.swift; path = StorageError.swift; sourceTree = "<group>"; };
		FBB3B268250F82B800440632 /* ListenerService.swift */ = {isa = PBXFileReference; lastKnownFileType = sourcecode.swift; path = ListenerService.swift; sourceTree = "<group>"; };
		FBB4F353251110AE00ACFE90 /* RadioButton.swift */ = {isa = PBXFileReference; lastKnownFileType = sourcecode.swift; path = RadioButton.swift; sourceTree = "<group>"; };
		FBB4F3572511526C00ACFE90 /* CryptoService.swift */ = {isa = PBXFileReference; lastKnownFileType = sourcecode.swift; path = CryptoService.swift; sourceTree = "<group>"; };
		FBB4F35925116D7300ACFE90 /* DefaultImage.swift */ = {isa = PBXFileReference; lastKnownFileType = sourcecode.swift; path = DefaultImage.swift; sourceTree = "<group>"; };
		FBB4F35E2512737400ACFE90 /* ListenerError.swift */ = {isa = PBXFileReference; lastKnownFileType = sourcecode.swift; path = ListenerError.swift; sourceTree = "<group>"; };
		FBEF607424A602070005F947 /* socialApp.app */ = {isa = PBXFileReference; explicitFileType = wrapper.application; includeInIndex = 0; path = socialApp.app; sourceTree = BUILT_PRODUCTS_DIR; };
		FBEF607724A602070005F947 /* AppDelegate.swift */ = {isa = PBXFileReference; lastKnownFileType = sourcecode.swift; path = AppDelegate.swift; sourceTree = "<group>"; };
		FBEF607924A602070005F947 /* SceneDelegate.swift */ = {isa = PBXFileReference; lastKnownFileType = sourcecode.swift; path = SceneDelegate.swift; sourceTree = "<group>"; };
		FBEF607B24A602070005F947 /* AuthViewController.swift */ = {isa = PBXFileReference; lastKnownFileType = sourcecode.swift; path = AuthViewController.swift; sourceTree = "<group>"; };
		FBEF608024A6020A0005F947 /* Assets.xcassets */ = {isa = PBXFileReference; lastKnownFileType = folder.assetcatalog; path = Assets.xcassets; sourceTree = "<group>"; };
		FBEF608324A6020A0005F947 /* Base */ = {isa = PBXFileReference; lastKnownFileType = file.storyboard; name = Base; path = Base.lproj/LaunchScreen.storyboard; sourceTree = "<group>"; };
		FBEF608524A6020A0005F947 /* Info.plist */ = {isa = PBXFileReference; lastKnownFileType = text.plist.xml; path = Info.plist; sourceTree = "<group>"; };
		FBEF608B24A8F3FF0005F947 /* UIButtonExtension.swift */ = {isa = PBXFileReference; lastKnownFileType = sourcecode.swift; path = UIButtonExtension.swift; sourceTree = "<group>"; };
		FBEF608D24A9073E0005F947 /* UIFontExtension.swift */ = {isa = PBXFileReference; lastKnownFileType = sourcecode.swift; path = UIFontExtension.swift; sourceTree = "<group>"; };
		FBEF609024A90AEC0005F947 /* UILabelExtension.swift */ = {isa = PBXFileReference; lastKnownFileType = sourcecode.swift; path = UILabelExtension.swift; sourceTree = "<group>"; };
		FBEF609224A90C840005F947 /* UIImageViewExtension.swift */ = {isa = PBXFileReference; lastKnownFileType = sourcecode.swift; path = UIImageViewExtension.swift; sourceTree = "<group>"; };
		FBF2927E2512828C0090BA9E /* AdvertInactiveView.swift */ = {isa = PBXFileReference; lastKnownFileType = sourcecode.swift; path = AdvertInactiveView.swift; sourceTree = "<group>"; };
		FBF292822512B0F70090BA9E /* GoogleService-Info.plist */ = {isa = PBXFileReference; fileEncoding = 4; lastKnownFileType = text.plist.xml; path = "GoogleService-Info.plist"; sourceTree = "<group>"; };
		FBF293D824FFB33300F7B5F1 /* Validators.swift */ = {isa = PBXFileReference; lastKnownFileType = sourcecode.swift; path = Validators.swift; sourceTree = "<group>"; };
		FBF293DA24FFBA9F00F7B5F1 /* AuthError.swift */ = {isa = PBXFileReference; lastKnownFileType = sourcecode.swift; path = AuthError.swift; sourceTree = "<group>"; };
		FBF293DC25065E2800F7B5F1 /* FirestoreService.swift */ = {isa = PBXFileReference; lastKnownFileType = sourcecode.swift; path = FirestoreService.swift; sourceTree = "<group>"; };
		FBF293DE250668CB00F7B5F1 /* UserError.swift */ = {isa = PBXFileReference; lastKnownFileType = sourcecode.swift; path = UserError.swift; sourceTree = "<group>"; };
		FBF6289424F678C300DCD4AC /* SectionsChats.swift */ = {isa = PBXFileReference; lastKnownFileType = sourcecode.swift; path = SectionsChats.swift; sourceTree = "<group>"; };
		FBF6289624F678EA00DCD4AC /* SectionsPeople.swift */ = {isa = PBXFileReference; lastKnownFileType = sourcecode.swift; path = SectionsPeople.swift; sourceTree = "<group>"; };
/* End PBXFileReference section */

/* Begin PBXFrameworksBuildPhase section */
		FBEF607124A602070005F947 /* Frameworks */ = {
			isa = PBXFrameworksBuildPhase;
			buildActionMask = 2147483647;
			files = (
				C8C2ED28CC875473954C8551 /* Pods_socialApp.framework in Frameworks */,
			);
			runOnlyForDeploymentPostprocessing = 0;
		};
/* End PBXFrameworksBuildPhase section */

/* Begin PBXGroup section */
		241FB7FC579A5ACDE4BCCD70 /* Pods */ = {
			isa = PBXGroup;
			children = (
				BE11C4154A14226A757830CC /* Pods-socialApp.debug.xcconfig */,
				A864411375E48564A6F68A6B /* Pods-socialApp.release.xcconfig */,
			);
			path = Pods;
			sourceTree = "<group>";
		};
		EBC2976351CFB01835BFDC5C /* Frameworks */ = {
			isa = PBXGroup;
			children = (
				519929C6363CDB8EE7F5AFE7 /* Pods_socialApp.framework */,
			);
			name = Frameworks;
			sourceTree = "<group>";
		};
		FB18217824B225BD00FFFC87 /* AuthControllers */ = {
			isa = PBXGroup;
			children = (
				FB8C3D742535DA5900184FB5 /* PopUpViewControllers */,
				FBEF607B24A602070005F947 /* AuthViewController.swift */,
				FB1062D924AE69240012C4D4 /* LoginViewController.swift */,
				FB66288024A93ADC00650820 /* RegisterEmailViewController.swift */,
				FB8C3D472533A25200184FB5 /* FirstSetupProfileControllers */,
			);
			path = AuthControllers;
			sourceTree = "<group>";
		};
		FB18217924B225C500FFFC87 /* MainControllers */ = {
			isa = PBXGroup;
			children = (
				FB18217A24B2261F00FFFC87 /* MainTabBarController.swift */,
				FB1062DB24B09F6C0012C4D4 /* EditProfileViewController.swift */,
				FB09107D24FA73B2006B72D5 /* SendRequestViewController.swift */,
				FB61B54124FD3DDD002761ED /* GetRequestViewController.swift */,
				FB79DA9B2530E9A800A7AA56 /* EditPhotoViewController */,
				FB79DA81252DECEB00A7AA56 /* ProfileViewController */,
				FB39F2D524F56E69001B9C4F /* PeopleViewController */,
				FBA94D1F24F55D54000DA5D5 /* ChatsViewController */,
				FB61A78B251E1342005DCC78 /* ChatViewController.swift */,
			);
			path = MainControllers;
			sourceTree = "<group>";
		};
		FB21A1B424E55F53000A2E91 /* Cell */ = {
			isa = PBXGroup;
			children = (
				FBA94D1D24F55CBE000DA5D5 /* SectionHeader.swift */,
				FB21A1B524E55F6C000A2E91 /* ActiveChatsCell.swift */,
				FB21A1BE24E5ADE5000A2E91 /* RequestChatsCell.swift */,
			);
			path = Cell;
			sourceTree = "<group>";
		};
		FB21A1B924E596E3000A2E91 /* Models */ = {
			isa = PBXGroup;
			children = (
				FBB4F35D2512728900ACFE90 /* Error */,
				FB21A1BA24E59705000A2E91 /* MChat.swift */,
				FB15FCF22513A71F00B765D3 /* MMessage.swift */,
				FB39F2D724F66EFE001B9C4F /* MPeople.swift */,
				FB61A7F7251E3FE4005DCC78 /* MSender.swift */,
				FB79DA6D252C942B00A7AA56 /* MLocation.swift */,
				FB8C3D8A25371AE900184FB5 /* MLabels.swift */,
				FB79DA4B2523577100A7AA56 /* MMediaItem.swift */,
				FB8C3D8D25372BEB00184FB5 /* MReports.swift */,
				FB79DA8A252DF0D600A7AA56 /* MSettings.swift */,
				FBB3B264250ACA0700440632 /* MGender.swift */,
				FB8C3D3B2533961800184FB5 /* MSexuality.swift */,
				FB8C3D382533958900184FB5 /* MLookingFor.swift */,
				FB21A1B724E595CF000A2E91 /* Protocols.swift */,
				FB79DA41252209E000A7AA56 /* TypeOfListenerChanges.swift */,
				FBB4F35925116D7300ACFE90 /* DefaultImage.swift */,
				FBF6289424F678C300DCD4AC /* SectionsChats.swift */,
				FBF6289624F678EA00DCD4AC /* SectionsPeople.swift */,
				FB79DA7E252DE71900A7AA56 /* SectionsProfile.swift */,
				FB79DA982530E86D00A7AA56 /* SectionEditPhotos.swift */,
			);
			path = Models;
			sourceTree = "<group>";
		};
		FB2346E424F69B1000FEE1EF /* Cell */ = {
			isa = PBXGroup;
			children = (
				FB2346E524F69B2B00FEE1EF /* PeopleCell.swift */,
			);
			path = Cell;
			sourceTree = "<group>";
		};
		FB39F2D524F56E69001B9C4F /* PeopleViewController */ = {
			isa = PBXGroup;
			children = (
				FB18217C24B2268E00FFFC87 /* PeopleViewController.swift */,
				FB2346E424F69B1000FEE1EF /* Cell */,
			);
			path = PeopleViewController;
			sourceTree = "<group>";
		};
		FB61B54524FE6921002761ED /* UIkit */ = {
			isa = PBXGroup;
			children = (
				FB79DA77252CF9CA00A7AA56 /* CLLocationCoordinate2DExtension.swift */,
				FB61B54824FE9581002761ED /* UIAlertExtension.swift */,
				FB79DA55252501E100A7AA56 /* UIApplicationExtension.swift */,
				FBEF608B24A8F3FF0005F947 /* UIButtonExtension.swift */,
				FB8C3D822536089A00184FB5 /* UIDatePickerExtension.swift */,
				FB18217E24B2442800FFFC87 /* UIColorExtension.swift */,
				FB79DA4E2524D1FA00A7AA56 /* UIScrollViewExtension.swift */,
				FBEF608D24A9073E0005F947 /* UIFontExtension.swift */,
				FB09107F24FA93E2006B72D5 /* UITextViewExtension.swift */,
				FBEF609024A90AEC0005F947 /* UILabelExtension.swift */,
				FB1062DF24B20CE60012C4D4 /* UISegmentedControlExtension.swift */,
				FBB3B260250905D800440632 /* UIImageExtension.swift */,
				FBEF609224A90C840005F947 /* UIImageViewExtension.swift */,
				FB61B53D24FAB785002761ED /* UIViewExtension.swift */,
			);
			path = UIkit;
			sourceTree = "<group>";
		};
		FB79DA81252DECEB00A7AA56 /* ProfileViewController */ = {
			isa = PBXGroup;
			children = (
				FB79DA7B252DE64800A7AA56 /* ProfileViewController.swift */,
				FB79DA82252DECFF00A7AA56 /* Cell */,
			);
			path = ProfileViewController;
			sourceTree = "<group>";
		};
		FB79DA82252DECFF00A7AA56 /* Cell */ = {
			isa = PBXGroup;
			children = (
				FB79DA83252DED1700A7AA56 /* ProfileCell.swift */,
				FB79DA87252DEDB900A7AA56 /* SettingsCell.swift */,
			);
			path = Cell;
			sourceTree = "<group>";
		};
		FB79DA9B2530E9A800A7AA56 /* EditPhotoViewController */ = {
			isa = PBXGroup;
			children = (
				FB79DA952530E69300A7AA56 /* EditPhotoViewController.swift */,
				FB79DAA02530EB6100A7AA56 /* Cell */,
			);
			path = EditPhotoViewController;
			sourceTree = "<group>";
		};
		FB79DAA02530EB6100A7AA56 /* Cell */ = {
			isa = PBXGroup;
			children = (
				FB79DA9C2530E9C500A7AA56 /* EditPhotoCell.swift */,
			);
			path = Cell;
			sourceTree = "<group>";
		};
		FB8C3D452533A22C00184FB5 /* Cell */ = {
			isa = PBXGroup;
			children = (
				FB8C3D422533A22800184FB5 /* SelectionTableViewCell.swift */,
				FB8C3D642534A74900184FB5 /* SelectionTableViewHeader.swift */,
			);
			path = Cell;
			sourceTree = "<group>";
		};
		FB8C3D472533A25200184FB5 /* FirstSetupProfileControllers */ = {
			isa = PBXGroup;
			children = (
				FB8C3D6D2535D94D00184FB5 /* DateOfBirthViewController.swift */,
				FB8C3D3E25339DE200184FB5 /* GenderSelectionViewController.swift */,
				FB8C3D692535D71B00184FB5 /* InterestsSelectionViewController.swift */,
			);
			path = FirstSetupProfileControllers;
			sourceTree = "<group>";
		};
		FB8C3D582533E0C400184FB5 /* SelectionVIewController */ = {
			isa = PBXGroup;
			children = (
				FB8C3D542533E09900184FB5 /* SelectionViewController.swift */,
				FB8C3D452533A22C00184FB5 /* Cell */,
			);
			path = SelectionVIewController;
			sourceTree = "<group>";
		};
		FB8C3D742535DA5900184FB5 /* PopUpViewControllers */ = {
			isa = PBXGroup;
			children = (
				FB8C3D582533E0C400184FB5 /* SelectionVIewController */,
			);
			path = PopUpViewControllers;
			sourceTree = "<group>";
		};
		FB8C3D80253606FE00184FB5 /* Foundation */ = {
			isa = PBXGroup;
			children = (
				FB79DA4825234EDA00A7AA56 /* DateExtension.swift */,
				FB8C3D782535F4C500184FB5 /* StringExtension.swift */,
				FB8C3D7C253606ED00184FB5 /* LocaleExtension.swift */,
			);
			path = Foundation;
			sourceTree = "<group>";
		};
		FBA94D1C24F55AC2000DA5D5 /* Managers */ = {
			isa = PBXGroup;
			children = (
				FB61B54624FE7F22002761ED /* AuthService.swift */,
				FBB4F3572511526C00ACFE90 /* CryptoService.swift */,
				FBB3B25E2509011200440632 /* StorageService.swift */,
				FBF293DC25065E2800F7B5F1 /* FirestoreService.swift */,
				FBB3B268250F82B800440632 /* ListenerService.swift */,
				FBF293D824FFB33300F7B5F1 /* Validators.swift */,
				FB61A7FA251E6311005DCC78 /* UserDefaultsService.swift */,
				FB79DA6A252C834C00A7AA56 /* LocationService.swift */,
			);
			path = Managers;
			sourceTree = "<group>";
		};
		FBA94D1F24F55D54000DA5D5 /* ChatsViewController */ = {
			isa = PBXGroup;
			children = (
				FB18217624B21F5100FFFC87 /* ChatsViewController.swift */,
				FB21A1B424E55F53000A2E91 /* Cell */,
			);
			path = ChatsViewController;
			sourceTree = "<group>";
		};
		FBB4F35D2512728900ACFE90 /* Error */ = {
			isa = PBXGroup;
			children = (
				FBF293DA24FFBA9F00F7B5F1 /* AuthError.swift */,
				FBB3B266250D00CF00440632 /* StorageError.swift */,
				FBF293DE250668CB00F7B5F1 /* UserError.swift */,
				FB61A76B251BA06D005DCC78 /* ChatError.swift */,
				FB207CB32520C544007AA232 /* MessageError.swift */,
				FBB4F35E2512737400ACFE90 /* ListenerError.swift */,
				FB61A76E251CB97D005DCC78 /* DataSourceError.swift */,
			);
			path = Error;
			sourceTree = "<group>";
		};
		FBEF606B24A602070005F947 = {
			isa = PBXGroup;
			children = (
				FBEF607624A602070005F947 /* socialApp */,
				FBEF607524A602070005F947 /* Products */,
				241FB7FC579A5ACDE4BCCD70 /* Pods */,
				EBC2976351CFB01835BFDC5C /* Frameworks */,
			);
			sourceTree = "<group>";
		};
		FBEF607524A602070005F947 /* Products */ = {
			isa = PBXGroup;
			children = (
				FBEF607424A602070005F947 /* socialApp.app */,
			);
			name = Products;
			sourceTree = "<group>";
		};
		FBEF607624A602070005F947 /* socialApp */ = {
			isa = PBXGroup;
			children = (
				FBB3B25D2507C3BB00440632 /* socialApp.entitlements */,
				FBEF607724A602070005F947 /* AppDelegate.swift */,
				FBEF607924A602070005F947 /* SceneDelegate.swift */,
				FBA94D1C24F55AC2000DA5D5 /* Managers */,
				FB21A1B924E596E3000A2E91 /* Models */,
				FBEF609424A90DD60005F947 /* ViewControllers */,
				FBEF608F24A908100005F947 /* Extension */,
				FBEF608024A6020A0005F947 /* Assets.xcassets */,
				FBEF608224A6020A0005F947 /* LaunchScreen.storyboard */,
				FBF292822512B0F70090BA9E /* GoogleService-Info.plist */,
				FBEF608524A6020A0005F947 /* Info.plist */,
			);
			path = socialApp;
			sourceTree = "<group>";
		};
		FBEF608F24A908100005F947 /* Extension */ = {
			isa = PBXGroup;
			children = (
				FBF2927E2512828C0090BA9E /* AdvertInactiveView.swift */,
				FB21A1AC24C89F68000A2E91 /* BundleDecode.swift */,
				FB1062DD24B0C8DF0012C4D4 /* EditableProfileImageView.swift */,
				FB1062D724AE494A0012C4D4 /* OneLineTextField.swift */,
				FB8C3D5E25348F4900184FB5 /* OneLineButton.swift */,
				FBB4F353251110AE00ACFE90 /* RadioButton.swift */,
				FB21A1BC24E59A31000A2E91 /* GradientView.swift */,
				FB79DA9125307FF200A7AA56 /* GalleryScrollView.swift */,
				FB8C3D80253606FE00184FB5 /* Foundation */,
				FB61B54524FE6921002761ED /* UIkit */,
				FB21A1AE24C8A152000A2E91 /* activeChats.json */,
				FB21A1B224C8A2D1000A2E91 /* waitingChats.json */,
			);
			path = Extension;
			sourceTree = "<group>";
		};
		FBEF609424A90DD60005F947 /* ViewControllers */ = {
			isa = PBXGroup;
			children = (
				FB18217824B225BD00FFFC87 /* AuthControllers */,
				FB18217924B225C500FFFC87 /* MainControllers */,
			);
			path = ViewControllers;
			sourceTree = "<group>";
		};
/* End PBXGroup section */

/* Begin PBXNativeTarget section */
		FBEF607324A602070005F947 /* socialApp */ = {
			isa = PBXNativeTarget;
			buildConfigurationList = FBEF608824A6020A0005F947 /* Build configuration list for PBXNativeTarget "socialApp" */;
			buildPhases = (
				62F251FF461A41664ABDA619 /* [CP] Check Pods Manifest.lock */,
				FBEF607024A602070005F947 /* Sources */,
				FBEF607124A602070005F947 /* Frameworks */,
				FBEF607224A602070005F947 /* Resources */,
				7ABD584D6D223D2A30F0D772 /* [CP] Embed Pods Frameworks */,
			);
			buildRules = (
			);
			dependencies = (
			);
			name = socialApp;
			productName = socialApp;
			productReference = FBEF607424A602070005F947 /* socialApp.app */;
			productType = "com.apple.product-type.application";
		};
/* End PBXNativeTarget section */

/* Begin PBXProject section */
		FBEF606C24A602070005F947 /* Project object */ = {
			isa = PBXProject;
			attributes = {
				LastSwiftUpdateCheck = 1150;
				LastUpgradeCheck = 1200;
				ORGANIZATIONNAME = "Денис Щиголев";
				TargetAttributes = {
					FBEF607324A602070005F947 = {
						CreatedOnToolsVersion = 11.5;
					};
				};
			};
			buildConfigurationList = FBEF606F24A602070005F947 /* Build configuration list for PBXProject "socialApp" */;
			compatibilityVersion = "Xcode 9.3";
			developmentRegion = en;
			hasScannedForEncodings = 0;
			knownRegions = (
				en,
				Base,
				ru,
			);
			mainGroup = FBEF606B24A602070005F947;
			productRefGroup = FBEF607524A602070005F947 /* Products */;
			projectDirPath = "";
			projectRoot = "";
			targets = (
				FBEF607324A602070005F947 /* socialApp */,
			);
		};
/* End PBXProject section */

/* Begin PBXResourcesBuildPhase section */
		FBEF607224A602070005F947 /* Resources */ = {
			isa = PBXResourcesBuildPhase;
			buildActionMask = 2147483647;
			files = (
				FBEF608424A6020A0005F947 /* LaunchScreen.storyboard in Resources */,
				FB21A1AF24C8A152000A2E91 /* activeChats.json in Resources */,
				FBF292832512B0F80090BA9E /* GoogleService-Info.plist in Resources */,
				FBEF608124A6020A0005F947 /* Assets.xcassets in Resources */,
				FB21A1B324C8A2D1000A2E91 /* waitingChats.json in Resources */,
			);
			runOnlyForDeploymentPostprocessing = 0;
		};
/* End PBXResourcesBuildPhase section */

/* Begin PBXShellScriptBuildPhase section */
		62F251FF461A41664ABDA619 /* [CP] Check Pods Manifest.lock */ = {
			isa = PBXShellScriptBuildPhase;
			buildActionMask = 2147483647;
			files = (
			);
			inputFileListPaths = (
			);
			inputPaths = (
				"${PODS_PODFILE_DIR_PATH}/Podfile.lock",
				"${PODS_ROOT}/Manifest.lock",
			);
			name = "[CP] Check Pods Manifest.lock";
			outputFileListPaths = (
			);
			outputPaths = (
				"$(DERIVED_FILE_DIR)/Pods-socialApp-checkManifestLockResult.txt",
			);
			runOnlyForDeploymentPostprocessing = 0;
			shellPath = /bin/sh;
			shellScript = "diff \"${PODS_PODFILE_DIR_PATH}/Podfile.lock\" \"${PODS_ROOT}/Manifest.lock\" > /dev/null\nif [ $? != 0 ] ; then\n    # print error to STDERR\n    echo \"error: The sandbox is not in sync with the Podfile.lock. Run 'pod install' or update your CocoaPods installation.\" >&2\n    exit 1\nfi\n# This output is used by Xcode 'outputs' to avoid re-running this script phase.\necho \"SUCCESS\" > \"${SCRIPT_OUTPUT_FILE_0}\"\n";
			showEnvVarsInLog = 0;
		};
		7ABD584D6D223D2A30F0D772 /* [CP] Embed Pods Frameworks */ = {
			isa = PBXShellScriptBuildPhase;
			buildActionMask = 2147483647;
			files = (
			);
			inputFileListPaths = (
				"${PODS_ROOT}/Target Support Files/Pods-socialApp/Pods-socialApp-frameworks-${CONFIGURATION}-input-files.xcfilelist",
			);
			name = "[CP] Embed Pods Frameworks";
			outputFileListPaths = (
				"${PODS_ROOT}/Target Support Files/Pods-socialApp/Pods-socialApp-frameworks-${CONFIGURATION}-output-files.xcfilelist",
			);
			runOnlyForDeploymentPostprocessing = 0;
			shellPath = /bin/sh;
			shellScript = "\"${PODS_ROOT}/Target Support Files/Pods-socialApp/Pods-socialApp-frameworks.sh\"\n";
			showEnvVarsInLog = 0;
		};
/* End PBXShellScriptBuildPhase section */

/* Begin PBXSourcesBuildPhase section */
		FBEF607024A602070005F947 /* Sources */ = {
			isa = PBXSourcesBuildPhase;
			buildActionMask = 2147483647;
			files = (
				FB18217F24B2442800FFFC87 /* UIColorExtension.swift in Sources */,
				FB79DA4925234EDA00A7AA56 /* DateExtension.swift in Sources */,
				FBB3B265250ACA0700440632 /* MGender.swift in Sources */,
				FB8C3D432533A22800184FB5 /* SelectionTableViewCell.swift in Sources */,
				FBF293DD25065E2800F7B5F1 /* FirestoreService.swift in Sources */,
				FBB4F35A25116D7300ACFE90 /* DefaultImage.swift in Sources */,
				FB79DA7C252DE64900A7AA56 /* ProfileViewController.swift in Sources */,
				FB79DA962530E69400A7AA56 /* EditPhotoViewController.swift in Sources */,
				FB8C3D392533958900184FB5 /* MLookingFor.swift in Sources */,
				FB8C3D652534A74900184FB5 /* SelectionTableViewHeader.swift in Sources */,
				FB79DA9D2530E9C500A7AA56 /* EditPhotoCell.swift in Sources */,
				FB8C3D8E25372BEB00184FB5 /* MReports.swift in Sources */,
				FB39F2D824F66EFE001B9C4F /* MPeople.swift in Sources */,
				FB79DA6B252C834D00A7AA56 /* LocationService.swift in Sources */,
				FBF293DF250668CB00F7B5F1 /* UserError.swift in Sources */,
				FB1062DE24B0C8DF0012C4D4 /* EditableProfileImageView.swift in Sources */,
				FB21A1BD24E59A31000A2E91 /* GradientView.swift in Sources */,
				FBEF609124A90AEC0005F947 /* UILabelExtension.swift in Sources */,
				FBB3B25F2509011200440632 /* StorageService.swift in Sources */,
				FBB4F35F2512737400ACFE90 /* ListenerError.swift in Sources */,
				FB8C3D6A2535D71B00184FB5 /* InterestsSelectionViewController.swift in Sources */,
				FB207CB42520C544007AA232 /* MessageError.swift in Sources */,
				FBA94D1E24F55CBE000DA5D5 /* SectionHeader.swift in Sources */,
				FB8C3D3C2533961800184FB5 /* MSexuality.swift in Sources */,
				FB79DA84252DED1700A7AA56 /* ProfileCell.swift in Sources */,
				FB61A76C251BA06D005DCC78 /* ChatError.swift in Sources */,
				FB79DA4C2523577100A7AA56 /* MMediaItem.swift in Sources */,
				FB61A7F8251E3FE4005DCC78 /* MSender.swift in Sources */,
				FBB3B269250F82B800440632 /* ListenerService.swift in Sources */,
				FB79DA4F2524D1FB00A7AA56 /* UIScrollViewExtension.swift in Sources */,
				FB79DA88252DEDB900A7AA56 /* SettingsCell.swift in Sources */,
				FB8C3D552533E09900184FB5 /* SelectionViewController.swift in Sources */,
				FBF293DB24FFBA9F00F7B5F1 /* AuthError.swift in Sources */,
				FB18217B24B2261F00FFFC87 /* MainTabBarController.swift in Sources */,
				FB61A78C251E1342005DCC78 /* ChatViewController.swift in Sources */,
				FB1062E024B20CE60012C4D4 /* UISegmentedControlExtension.swift in Sources */,
				FBB4F3582511526C00ACFE90 /* CryptoService.swift in Sources */,
				FB79DA42252209E100A7AA56 /* TypeOfListenerChanges.swift in Sources */,
				FB79DA9225307FF200A7AA56 /* GalleryScrollView.swift in Sources */,
				FB8C3D5F25348F4900184FB5 /* OneLineButton.swift in Sources */,
				FBF293D924FFB33300F7B5F1 /* Validators.swift in Sources */,
				FBB4F354251110AE00ACFE90 /* RadioButton.swift in Sources */,
				FBEF607C24A602070005F947 /* AuthViewController.swift in Sources */,
				FB09108024FA93E2006B72D5 /* UITextViewExtension.swift in Sources */,
				FB79DA7F252DE71900A7AA56 /* SectionsProfile.swift in Sources */,
				FB21A1BB24E59705000A2E91 /* MChat.swift in Sources */,
				FB8C3D832536089A00184FB5 /* UIDatePickerExtension.swift in Sources */,
				FB66288124A93ADC00650820 /* RegisterEmailViewController.swift in Sources */,
				FB61B53E24FAB785002761ED /* UIViewExtension.swift in Sources */,
				FB8C3D7D253606EE00184FB5 /* LocaleExtension.swift in Sources */,
				FB79DA56252501E100A7AA56 /* UIApplicationExtension.swift in Sources */,
				FB8C3D3F25339DE200184FB5 /* GenderSelectionViewController.swift in Sources */,
				FB1062D824AE494A0012C4D4 /* OneLineTextField.swift in Sources */,
				FBB3B267250D00D000440632 /* StorageError.swift in Sources */,
				FB18217724B21F5100FFFC87 /* ChatsViewController.swift in Sources */,
				FBEF609324A90C840005F947 /* UIImageViewExtension.swift in Sources */,
				FB61B54924FE9581002761ED /* UIAlertExtension.swift in Sources */,
				FB18217D24B2268E00FFFC87 /* PeopleViewController.swift in Sources */,
				FBB3B261250905D800440632 /* UIImageExtension.swift in Sources */,
				FBEF608E24A9073E0005F947 /* UIFontExtension.swift in Sources */,
				FB2346E624F69B2B00FEE1EF /* PeopleCell.swift in Sources */,
				FBEF608C24A8F4000005F947 /* UIButtonExtension.swift in Sources */,
				FB61A76F251CB97D005DCC78 /* DataSourceError.swift in Sources */,
				FBF6289524F678C300DCD4AC /* SectionsChats.swift in Sources */,
				FB09107E24FA73B2006B72D5 /* SendRequestViewController.swift in Sources */,
				FB8C3D8B25371AE900184FB5 /* MLabels.swift in Sources */,
				FB79DA6E252C942B00A7AA56 /* MLocation.swift in Sources */,
				FBEF607824A602070005F947 /* AppDelegate.swift in Sources */,
				FB1062DC24B09F6C0012C4D4 /* EditProfileViewController.swift in Sources */,
				FB21A1B824E595CF000A2E91 /* Protocols.swift in Sources */,
				FB79DA992530E86D00A7AA56 /* SectionEditPhotos.swift in Sources */,
				FB21A1AD24C89F68000A2E91 /* BundleDecode.swift in Sources */,
				FB79DA8B252DF0D600A7AA56 /* MSettings.swift in Sources */,
				FB15FCF32513A71F00B765D3 /* MMessage.swift in Sources */,
				FB8C3D6E2535D94D00184FB5 /* DateOfBirthViewController.swift in Sources */,
				FB1062DA24AE69250012C4D4 /* LoginViewController.swift in Sources */,
				FBF2927F2512828C0090BA9E /* AdvertInactiveView.swift in Sources */,
				FB61B54724FE7F23002761ED /* AuthService.swift in Sources */,
				FB79DA78252CF9CA00A7AA56 /* CLLocationCoordinate2DExtension.swift in Sources */,
				FB21A1BF24E5ADE5000A2E91 /* RequestChatsCell.swift in Sources */,
				FBF6289724F678EA00DCD4AC /* SectionsPeople.swift in Sources */,
				FB21A1B624E55F6C000A2E91 /* ActiveChatsCell.swift in Sources */,
				FB8C3D792535F4C500184FB5 /* StringExtension.swift in Sources */,
				FB61A7FB251E6312005DCC78 /* UserDefaultsService.swift in Sources */,
				FB61B54224FD3DDE002761ED /* GetRequestViewController.swift in Sources */,
				FBEF607A24A602070005F947 /* SceneDelegate.swift in Sources */,
			);
			runOnlyForDeploymentPostprocessing = 0;
		};
/* End PBXSourcesBuildPhase section */

/* Begin PBXVariantGroup section */
		FBEF608224A6020A0005F947 /* LaunchScreen.storyboard */ = {
			isa = PBXVariantGroup;
			children = (
				FBEF608324A6020A0005F947 /* Base */,
				FB8C3D8525360ED700184FB5 /* ru */,
			);
			name = LaunchScreen.storyboard;
			sourceTree = "<group>";
		};
/* End PBXVariantGroup section */

/* Begin XCBuildConfiguration section */
		FBEF608624A6020A0005F947 /* Debug */ = {
			isa = XCBuildConfiguration;
			buildSettings = {
				ALWAYS_SEARCH_USER_PATHS = NO;
				CLANG_ANALYZER_LOCALIZABILITY_NONLOCALIZED = YES;
				CLANG_ANALYZER_NONNULL = YES;
				CLANG_ANALYZER_NUMBER_OBJECT_CONVERSION = YES_AGGRESSIVE;
				CLANG_CXX_LANGUAGE_STANDARD = "gnu++14";
				CLANG_CXX_LIBRARY = "libc++";
				CLANG_ENABLE_MODULES = YES;
				CLANG_ENABLE_OBJC_ARC = YES;
				CLANG_ENABLE_OBJC_WEAK = YES;
				CLANG_WARN_BLOCK_CAPTURE_AUTORELEASING = YES;
				CLANG_WARN_BOOL_CONVERSION = YES;
				CLANG_WARN_COMMA = YES;
				CLANG_WARN_CONSTANT_CONVERSION = YES;
				CLANG_WARN_DEPRECATED_OBJC_IMPLEMENTATIONS = YES;
				CLANG_WARN_DIRECT_OBJC_ISA_USAGE = YES_ERROR;
				CLANG_WARN_DOCUMENTATION_COMMENTS = YES;
				CLANG_WARN_EMPTY_BODY = YES;
				CLANG_WARN_ENUM_CONVERSION = YES;
				CLANG_WARN_INFINITE_RECURSION = YES;
				CLANG_WARN_INT_CONVERSION = YES;
				CLANG_WARN_NON_LITERAL_NULL_CONVERSION = YES;
				CLANG_WARN_OBJC_IMPLICIT_RETAIN_SELF = YES;
				CLANG_WARN_OBJC_LITERAL_CONVERSION = YES;
				CLANG_WARN_OBJC_ROOT_CLASS = YES_ERROR;
				CLANG_WARN_QUOTED_INCLUDE_IN_FRAMEWORK_HEADER = YES;
				CLANG_WARN_RANGE_LOOP_ANALYSIS = YES;
				CLANG_WARN_STRICT_PROTOTYPES = YES;
				CLANG_WARN_SUSPICIOUS_MOVE = YES;
				CLANG_WARN_UNGUARDED_AVAILABILITY = YES_AGGRESSIVE;
				CLANG_WARN_UNREACHABLE_CODE = YES;
				CLANG_WARN__DUPLICATE_METHOD_MATCH = YES;
				COPY_PHASE_STRIP = NO;
				DEBUG_INFORMATION_FORMAT = dwarf;
				ENABLE_STRICT_OBJC_MSGSEND = YES;
				ENABLE_TESTABILITY = YES;
				GCC_C_LANGUAGE_STANDARD = gnu11;
				GCC_DYNAMIC_NO_PIC = NO;
				GCC_NO_COMMON_BLOCKS = YES;
				GCC_OPTIMIZATION_LEVEL = 0;
				GCC_PREPROCESSOR_DEFINITIONS = (
					"DEBUG=1",
					"$(inherited)",
				);
				GCC_WARN_64_TO_32_BIT_CONVERSION = YES;
				GCC_WARN_ABOUT_RETURN_TYPE = YES_ERROR;
				GCC_WARN_UNDECLARED_SELECTOR = YES;
				GCC_WARN_UNINITIALIZED_AUTOS = YES_AGGRESSIVE;
				GCC_WARN_UNUSED_FUNCTION = YES;
				GCC_WARN_UNUSED_VARIABLE = YES;
				IPHONEOS_DEPLOYMENT_TARGET = 13.5;
				MTL_ENABLE_DEBUG_INFO = INCLUDE_SOURCE;
				MTL_FAST_MATH = YES;
				ONLY_ACTIVE_ARCH = YES;
				SDKROOT = iphoneos;
				SWIFT_ACTIVE_COMPILATION_CONDITIONS = DEBUG;
				SWIFT_OPTIMIZATION_LEVEL = "-Onone";
			};
			name = Debug;
		};
		FBEF608724A6020A0005F947 /* Release */ = {
			isa = XCBuildConfiguration;
			buildSettings = {
				ALWAYS_SEARCH_USER_PATHS = NO;
				CLANG_ANALYZER_LOCALIZABILITY_NONLOCALIZED = YES;
				CLANG_ANALYZER_NONNULL = YES;
				CLANG_ANALYZER_NUMBER_OBJECT_CONVERSION = YES_AGGRESSIVE;
				CLANG_CXX_LANGUAGE_STANDARD = "gnu++14";
				CLANG_CXX_LIBRARY = "libc++";
				CLANG_ENABLE_MODULES = YES;
				CLANG_ENABLE_OBJC_ARC = YES;
				CLANG_ENABLE_OBJC_WEAK = YES;
				CLANG_WARN_BLOCK_CAPTURE_AUTORELEASING = YES;
				CLANG_WARN_BOOL_CONVERSION = YES;
				CLANG_WARN_COMMA = YES;
				CLANG_WARN_CONSTANT_CONVERSION = YES;
				CLANG_WARN_DEPRECATED_OBJC_IMPLEMENTATIONS = YES;
				CLANG_WARN_DIRECT_OBJC_ISA_USAGE = YES_ERROR;
				CLANG_WARN_DOCUMENTATION_COMMENTS = YES;
				CLANG_WARN_EMPTY_BODY = YES;
				CLANG_WARN_ENUM_CONVERSION = YES;
				CLANG_WARN_INFINITE_RECURSION = YES;
				CLANG_WARN_INT_CONVERSION = YES;
				CLANG_WARN_NON_LITERAL_NULL_CONVERSION = YES;
				CLANG_WARN_OBJC_IMPLICIT_RETAIN_SELF = YES;
				CLANG_WARN_OBJC_LITERAL_CONVERSION = YES;
				CLANG_WARN_OBJC_ROOT_CLASS = YES_ERROR;
				CLANG_WARN_QUOTED_INCLUDE_IN_FRAMEWORK_HEADER = YES;
				CLANG_WARN_RANGE_LOOP_ANALYSIS = YES;
				CLANG_WARN_STRICT_PROTOTYPES = YES;
				CLANG_WARN_SUSPICIOUS_MOVE = YES;
				CLANG_WARN_UNGUARDED_AVAILABILITY = YES_AGGRESSIVE;
				CLANG_WARN_UNREACHABLE_CODE = YES;
				CLANG_WARN__DUPLICATE_METHOD_MATCH = YES;
				COPY_PHASE_STRIP = NO;
				DEBUG_INFORMATION_FORMAT = "dwarf-with-dsym";
				ENABLE_NS_ASSERTIONS = NO;
				ENABLE_STRICT_OBJC_MSGSEND = YES;
				GCC_C_LANGUAGE_STANDARD = gnu11;
				GCC_NO_COMMON_BLOCKS = YES;
				GCC_WARN_64_TO_32_BIT_CONVERSION = YES;
				GCC_WARN_ABOUT_RETURN_TYPE = YES_ERROR;
				GCC_WARN_UNDECLARED_SELECTOR = YES;
				GCC_WARN_UNINITIALIZED_AUTOS = YES_AGGRESSIVE;
				GCC_WARN_UNUSED_FUNCTION = YES;
				GCC_WARN_UNUSED_VARIABLE = YES;
				IPHONEOS_DEPLOYMENT_TARGET = 13.5;
				MTL_ENABLE_DEBUG_INFO = NO;
				MTL_FAST_MATH = YES;
				SDKROOT = iphoneos;
				SWIFT_COMPILATION_MODE = wholemodule;
				SWIFT_OPTIMIZATION_LEVEL = "-O";
				VALIDATE_PRODUCT = YES;
			};
			name = Release;
		};
		FBEF608924A6020A0005F947 /* Debug */ = {
			isa = XCBuildConfiguration;
			baseConfigurationReference = BE11C4154A14226A757830CC /* Pods-socialApp.debug.xcconfig */;
			buildSettings = {
				ASSETCATALOG_COMPILER_APPICON_NAME = AppIcon;
				CODE_SIGN_ENTITLEMENTS = socialApp/socialApp.entitlements;
				CODE_SIGN_IDENTITY = "Apple Development";
				CODE_SIGN_STYLE = Automatic;
				DEVELOPMENT_TEAM = W69L42NMK2;
				INFOPLIST_FILE = socialApp/Info.plist;
				LD_RUNPATH_SEARCH_PATHS = (
					"$(inherited)",
					"@executable_path/Frameworks",
				);
				PRODUCT_BUNDLE_IDENTIFIER = "art.jedi-tones.socialApp";
				PRODUCT_NAME = "$(TARGET_NAME)";
				SWIFT_VERSION = 5.0;
				TARGETED_DEVICE_FAMILY = 1;
			};
			name = Debug;
		};
		FBEF608A24A6020A0005F947 /* Release */ = {
			isa = XCBuildConfiguration;
			baseConfigurationReference = A864411375E48564A6F68A6B /* Pods-socialApp.release.xcconfig */;
			buildSettings = {
				ASSETCATALOG_COMPILER_APPICON_NAME = AppIcon;
				CODE_SIGN_ENTITLEMENTS = socialApp/socialApp.entitlements;
				CODE_SIGN_IDENTITY = "Apple Development";
				CODE_SIGN_STYLE = Automatic;
				DEVELOPMENT_TEAM = W69L42NMK2;
				INFOPLIST_FILE = socialApp/Info.plist;
				LD_RUNPATH_SEARCH_PATHS = (
					"$(inherited)",
					"@executable_path/Frameworks",
				);
				PRODUCT_BUNDLE_IDENTIFIER = "art.jedi-tones.socialApp";
				PRODUCT_NAME = "$(TARGET_NAME)";
				SWIFT_VERSION = 5.0;
				TARGETED_DEVICE_FAMILY = 1;
			};
			name = Release;
		};
/* End XCBuildConfiguration section */

/* Begin XCConfigurationList section */
		FBEF606F24A602070005F947 /* Build configuration list for PBXProject "socialApp" */ = {
			isa = XCConfigurationList;
			buildConfigurations = (
				FBEF608624A6020A0005F947 /* Debug */,
				FBEF608724A6020A0005F947 /* Release */,
			);
			defaultConfigurationIsVisible = 0;
			defaultConfigurationName = Release;
		};
		FBEF608824A6020A0005F947 /* Build configuration list for PBXNativeTarget "socialApp" */ = {
			isa = XCConfigurationList;
			buildConfigurations = (
				FBEF608924A6020A0005F947 /* Debug */,
				FBEF608A24A6020A0005F947 /* Release */,
			);
			defaultConfigurationIsVisible = 0;
			defaultConfigurationName = Release;
		};
/* End XCConfigurationList section */
	};
	rootObject = FBEF606C24A602070005F947 /* Project object */;
}
