// !$*UTF8*$!
{
	archiveVersion = 1;
	classes = {
	};
	objectVersion = 51;
	objects = {

/* Begin PBXBuildFile section */
		C8C2ED28CC875473954C8551 /* Pods_socialApp.framework in Frameworks */ = {isa = PBXBuildFile; fileRef = 519929C6363CDB8EE7F5AFE7 /* Pods_socialApp.framework */; };
		FB09108024FA93E2006B72D5 /* UITextViewExtension.swift in Sources */ = {isa = PBXBuildFile; fileRef = FB09107F24FA93E2006B72D5 /* UITextViewExtension.swift */; };
		FB1062D824AE494A0012C4D4 /* OneLineTextField.swift in Sources */ = {isa = PBXBuildFile; fileRef = FB1062D724AE494A0012C4D4 /* OneLineTextField.swift */; };
		FB1062DA24AE69250012C4D4 /* LoginViewController.swift in Sources */ = {isa = PBXBuildFile; fileRef = FB1062D924AE69240012C4D4 /* LoginViewController.swift */; };
		FB1062DC24B09F6C0012C4D4 /* EditProfileViewController.swift in Sources */ = {isa = PBXBuildFile; fileRef = FB1062DB24B09F6C0012C4D4 /* EditProfileViewController.swift */; };
		FB1062DE24B0C8DF0012C4D4 /* EditableProfileImageView.swift in Sources */ = {isa = PBXBuildFile; fileRef = FB1062DD24B0C8DF0012C4D4 /* EditableProfileImageView.swift */; };
		FB1062E024B20CE60012C4D4 /* UISegmentedControlExtension.swift in Sources */ = {isa = PBXBuildFile; fileRef = FB1062DF24B20CE60012C4D4 /* UISegmentedControlExtension.swift */; };
		FB15FCF32513A71F00B765D3 /* MMessage.swift in Sources */ = {isa = PBXBuildFile; fileRef = FB15FCF22513A71F00B765D3 /* MMessage.swift */; };
		FB18217724B21F5100FFFC87 /* ChatsViewController.swift in Sources */ = {isa = PBXBuildFile; fileRef = FB18217624B21F5100FFFC87 /* ChatsViewController.swift */; };
		FB18217B24B2261F00FFFC87 /* MainTabBarController.swift in Sources */ = {isa = PBXBuildFile; fileRef = FB18217A24B2261F00FFFC87 /* MainTabBarController.swift */; };
		FB18217D24B2268E00FFFC87 /* PeopleViewController.swift in Sources */ = {isa = PBXBuildFile; fileRef = FB18217C24B2268E00FFFC87 /* PeopleViewController.swift */; };
		FB18217F24B2442800FFFC87 /* UIColorExtension.swift in Sources */ = {isa = PBXBuildFile; fileRef = FB18217E24B2442800FFFC87 /* UIColorExtension.swift */; };
		FB207CB42520C544007AA232 /* MessageError.swift in Sources */ = {isa = PBXBuildFile; fileRef = FB207CB32520C544007AA232 /* MessageError.swift */; };
		FB21A1B624E55F6C000A2E91 /* ActiveChatsCell.swift in Sources */ = {isa = PBXBuildFile; fileRef = FB21A1B524E55F6C000A2E91 /* ActiveChatsCell.swift */; };
		FB21A1B824E595CF000A2E91 /* Protocols.swift in Sources */ = {isa = PBXBuildFile; fileRef = FB21A1B724E595CF000A2E91 /* Protocols.swift */; };
		FB21A1BB24E59705000A2E91 /* MChat.swift in Sources */ = {isa = PBXBuildFile; fileRef = FB21A1BA24E59705000A2E91 /* MChat.swift */; };
		FB21A1BD24E59A31000A2E91 /* GradientView.swift in Sources */ = {isa = PBXBuildFile; fileRef = FB21A1BC24E59A31000A2E91 /* GradientView.swift */; };
		FB21A1BF24E5ADE5000A2E91 /* NewChatsCell.swift in Sources */ = {isa = PBXBuildFile; fileRef = FB21A1BE24E5ADE5000A2E91 /* NewChatsCell.swift */; };
		FB2346E624F69B2B00FEE1EF /* PeopleCell.swift in Sources */ = {isa = PBXBuildFile; fileRef = FB2346E524F69B2B00FEE1EF /* PeopleCell.swift */; };
		FB3351AD256694AE007AFDDF /* FirestoreServiceExtensionImage.swift in Sources */ = {isa = PBXBuildFile; fileRef = FB3351AC256694AE007AFDDF /* FirestoreServiceExtensionImage.swift */; };
		FB3351B1256694FF007AFDDF /* FirestoreServiceExtensionDeleteData.swift in Sources */ = {isa = PBXBuildFile; fileRef = FB3351B0256694FF007AFDDF /* FirestoreServiceExtensionDeleteData.swift */; };
		FB3351B92566A0DC007AFDDF /* FirestoreServiceExtensionGetData.swift in Sources */ = {isa = PBXBuildFile; fileRef = FB3351B82566A0DC007AFDDF /* FirestoreServiceExtensionGetData.swift */; };
		FB3351C72566A355007AFDDF /* FirestoreServiceExtensionChatAction.swift in Sources */ = {isa = PBXBuildFile; fileRef = FB3351C62566A355007AFDDF /* FirestoreServiceExtensionChatAction.swift */; };
		FB37274E2540795A00906FBE /* loading_3blackHeart.json in Resources */ = {isa = PBXBuildFile; fileRef = FB37274D2540795A00906FBE /* loading_3blackHeart.json */; };
		FB372751254079C100906FBE /* loading_simpleBlackCube.json in Resources */ = {isa = PBXBuildFile; fileRef = FB372750254079C100906FBE /* loading_simpleBlackCube.json */; };
		FB37275C2540D04D00906FBE /* logo_neverAlone.json in Resources */ = {isa = PBXBuildFile; fileRef = FB37275B2540D04D00906FBE /* logo_neverAlone.json */; };
		FB3727602540D7EC00906FBE /* AnimationCustomView.swift in Sources */ = {isa = PBXBuildFile; fileRef = FB37275F2540D7EC00906FBE /* AnimationCustomView.swift */; };
		FB3727672540DFBD00906FBE /* logo_eye.json in Resources */ = {isa = PBXBuildFile; fileRef = FB3727662540DFBD00906FBE /* logo_eye.json */; };
		FB37276A2540E27500906FBE /* logo_chatVC.json in Resources */ = {isa = PBXBuildFile; fileRef = FB3727692540E27500906FBE /* logo_chatVC.json */; };
		FB37276D2540F57500906FBE /* loading_grayCircle.json in Resources */ = {isa = PBXBuildFile; fileRef = FB37276C2540F57400906FBE /* loading_grayCircle.json */; };
		FB37279025419CA400906FBE /* MSearchSettings.swift in Sources */ = {isa = PBXBuildFile; fileRef = FB37278F25419CA400906FBE /* MSearchSettings.swift */; };
		FB3727942541A18600906FBE /* MVirtualLocation.swift in Sources */ = {isa = PBXBuildFile; fileRef = FB3727932541A18600906FBE /* MVirtualLocation.swift */; };
		FB3727992541CAD600906FBE /* EditSearchSettingsViewController.swift in Sources */ = {isa = PBXBuildFile; fileRef = FB3727982541CAD500906FBE /* EditSearchSettingsViewController.swift */; };
		FB39F2D824F66EFE001B9C4F /* MPeople.swift in Sources */ = {isa = PBXBuildFile; fileRef = FB39F2D724F66EFE001B9C4F /* MPeople.swift */; };
		FB3C5BD3253B399100CD44E6 /* MFirestorCollection.swift in Sources */ = {isa = PBXBuildFile; fileRef = FB3C5BD2253B399100CD44E6 /* MFirestorCollection.swift */; };
		FB3C5BDB253F4A5A00CD44E6 /* MDefaultLayer.swift in Sources */ = {isa = PBXBuildFile; fileRef = FB3C5BDA253F4A5700CD44E6 /* MDefaultLayer.swift */; };
		FB3C5BDE253F5F3900CD44E6 /* RoundButton.swift in Sources */ = {isa = PBXBuildFile; fileRef = FB3C5BDD253F5F3900CD44E6 /* RoundButton.swift */; };
		FB454E4B255BEEED007D1E71 /* PushMessagingService.swift in Sources */ = {isa = PBXBuildFile; fileRef = FB454E4A255BEEED007D1E71 /* PushMessagingService.swift */; };
		FB454E68255C0067007D1E71 /* NotificationService.swift in Sources */ = {isa = PBXBuildFile; fileRef = FB454E67255C0067007D1E71 /* NotificationService.swift */; };
		FB454E6C255C0067007D1E71 /* NotificationService.appex in Embed App Extensions */ = {isa = PBXBuildFile; fileRef = FB454E65255C0067007D1E71 /* NotificationService.appex */; settings = {ATTRIBUTES = (RemoveHeadersOnCopy, ); }; };
		FB454E96255C1EAA007D1E71 /* MPushMessage.swift in Sources */ = {isa = PBXBuildFile; fileRef = FB454E95255C1EAA007D1E71 /* MPushMessage.swift */; };
		FB61A76C251BA06D005DCC78 /* ChatError.swift in Sources */ = {isa = PBXBuildFile; fileRef = FB61A76B251BA06D005DCC78 /* ChatError.swift */; };
		FB61A76F251CB97D005DCC78 /* DataSourceError.swift in Sources */ = {isa = PBXBuildFile; fileRef = FB61A76E251CB97D005DCC78 /* DataSourceError.swift */; };
		FB61A78C251E1342005DCC78 /* ChatViewController.swift in Sources */ = {isa = PBXBuildFile; fileRef = FB61A78B251E1342005DCC78 /* ChatViewController.swift */; };
		FB61A7F8251E3FE4005DCC78 /* MSender.swift in Sources */ = {isa = PBXBuildFile; fileRef = FB61A7F7251E3FE4005DCC78 /* MSender.swift */; };
		FB61A7FB251E6312005DCC78 /* UserDefaultsService.swift in Sources */ = {isa = PBXBuildFile; fileRef = FB61A7FA251E6311005DCC78 /* UserDefaultsService.swift */; };
		FB61B53E24FAB785002761ED /* UIViewExtension.swift in Sources */ = {isa = PBXBuildFile; fileRef = FB61B53D24FAB785002761ED /* UIViewExtension.swift */; };
		FB61B54724FE7F23002761ED /* AuthService.swift in Sources */ = {isa = PBXBuildFile; fileRef = FB61B54624FE7F22002761ED /* AuthService.swift */; };
		FB61B54924FE9581002761ED /* UIAlertExtension.swift in Sources */ = {isa = PBXBuildFile; fileRef = FB61B54824FE9581002761ED /* UIAlertExtension.swift */; };
		FB66288124A93ADC00650820 /* RegisterEmailViewController.swift in Sources */ = {isa = PBXBuildFile; fileRef = FB66288024A93ADC00650820 /* RegisterEmailViewController.swift */; };
		FB79DA42252209E100A7AA56 /* MTypeOfListenerChanges.swift in Sources */ = {isa = PBXBuildFile; fileRef = FB79DA41252209E000A7AA56 /* MTypeOfListenerChanges.swift */; };
		FB79DA4925234EDA00A7AA56 /* DateExtension.swift in Sources */ = {isa = PBXBuildFile; fileRef = FB79DA4825234EDA00A7AA56 /* DateExtension.swift */; };
		FB79DA4C2523577100A7AA56 /* MMediaItem.swift in Sources */ = {isa = PBXBuildFile; fileRef = FB79DA4B2523577100A7AA56 /* MMediaItem.swift */; };
		FB79DA4F2524D1FB00A7AA56 /* UIScrollViewExtension.swift in Sources */ = {isa = PBXBuildFile; fileRef = FB79DA4E2524D1FA00A7AA56 /* UIScrollViewExtension.swift */; };
		FB79DA56252501E100A7AA56 /* UIApplicationExtension.swift in Sources */ = {isa = PBXBuildFile; fileRef = FB79DA55252501E100A7AA56 /* UIApplicationExtension.swift */; };
		FB79DA6B252C834D00A7AA56 /* LocationService.swift in Sources */ = {isa = PBXBuildFile; fileRef = FB79DA6A252C834C00A7AA56 /* LocationService.swift */; };
		FB79DA6E252C942B00A7AA56 /* MLocation.swift in Sources */ = {isa = PBXBuildFile; fileRef = FB79DA6D252C942B00A7AA56 /* MLocation.swift */; };
		FB79DA78252CF9CA00A7AA56 /* CLLocationCoordinate2DExtension.swift in Sources */ = {isa = PBXBuildFile; fileRef = FB79DA77252CF9CA00A7AA56 /* CLLocationCoordinate2DExtension.swift */; };
		FB79DA7C252DE64900A7AA56 /* ProfileViewController.swift in Sources */ = {isa = PBXBuildFile; fileRef = FB79DA7B252DE64800A7AA56 /* ProfileViewController.swift */; };
		FB79DA7F252DE71900A7AA56 /* SectionsProfile.swift in Sources */ = {isa = PBXBuildFile; fileRef = FB79DA7E252DE71900A7AA56 /* SectionsProfile.swift */; };
		FB79DA84252DED1700A7AA56 /* ProfileCell.swift in Sources */ = {isa = PBXBuildFile; fileRef = FB79DA83252DED1700A7AA56 /* ProfileCell.swift */; };
		FB79DA88252DEDB900A7AA56 /* SettingsCell.swift in Sources */ = {isa = PBXBuildFile; fileRef = FB79DA87252DEDB900A7AA56 /* SettingsCell.swift */; };
		FB79DA8B252DF0D600A7AA56 /* MProfileSettings.swift in Sources */ = {isa = PBXBuildFile; fileRef = FB79DA8A252DF0D600A7AA56 /* MProfileSettings.swift */; };
		FB79DA9225307FF200A7AA56 /* GalleryScrollView.swift in Sources */ = {isa = PBXBuildFile; fileRef = FB79DA9125307FF200A7AA56 /* GalleryScrollView.swift */; };
		FB79DA962530E69400A7AA56 /* EditPhotoViewController.swift in Sources */ = {isa = PBXBuildFile; fileRef = FB79DA952530E69300A7AA56 /* EditPhotoViewController.swift */; };
		FB79DA992530E86D00A7AA56 /* SectionEditPhotos.swift in Sources */ = {isa = PBXBuildFile; fileRef = FB79DA982530E86D00A7AA56 /* SectionEditPhotos.swift */; };
		FB79DA9D2530E9C500A7AA56 /* EditPhotoCell.swift in Sources */ = {isa = PBXBuildFile; fileRef = FB79DA9C2530E9C500A7AA56 /* EditPhotoCell.swift */; };
		FB8C3D392533958900184FB5 /* MLookingFor.swift in Sources */ = {isa = PBXBuildFile; fileRef = FB8C3D382533958900184FB5 /* MLookingFor.swift */; };
		FB8C3D3C2533961800184FB5 /* MSexuality.swift in Sources */ = {isa = PBXBuildFile; fileRef = FB8C3D3B2533961800184FB5 /* MSexuality.swift */; };
		FB8C3D3F25339DE200184FB5 /* GenderSelectionViewController.swift in Sources */ = {isa = PBXBuildFile; fileRef = FB8C3D3E25339DE200184FB5 /* GenderSelectionViewController.swift */; };
		FB8C3D432533A22800184FB5 /* SelectionTableViewCell.swift in Sources */ = {isa = PBXBuildFile; fileRef = FB8C3D422533A22800184FB5 /* SelectionTableViewCell.swift */; };
		FB8C3D552533E09900184FB5 /* SelectionViewController.swift in Sources */ = {isa = PBXBuildFile; fileRef = FB8C3D542533E09900184FB5 /* SelectionViewController.swift */; };
		FB8C3D5F25348F4900184FB5 /* OneLineButtonWithHeader.swift in Sources */ = {isa = PBXBuildFile; fileRef = FB8C3D5E25348F4900184FB5 /* OneLineButtonWithHeader.swift */; };
		FB8C3D652534A74900184FB5 /* SelectionTableViewHeader.swift in Sources */ = {isa = PBXBuildFile; fileRef = FB8C3D642534A74900184FB5 /* SelectionTableViewHeader.swift */; };
		FB8C3D6A2535D71B00184FB5 /* InterestsSelectionViewController.swift in Sources */ = {isa = PBXBuildFile; fileRef = FB8C3D692535D71B00184FB5 /* InterestsSelectionViewController.swift */; };
		FB8C3D6E2535D94D00184FB5 /* DateOfBirthViewController.swift in Sources */ = {isa = PBXBuildFile; fileRef = FB8C3D6D2535D94D00184FB5 /* DateOfBirthViewController.swift */; };
		FB8C3D792535F4C500184FB5 /* StringExtension.swift in Sources */ = {isa = PBXBuildFile; fileRef = FB8C3D782535F4C500184FB5 /* StringExtension.swift */; };
		FB8C3D7D253606EE00184FB5 /* LocaleExtension.swift in Sources */ = {isa = PBXBuildFile; fileRef = FB8C3D7C253606ED00184FB5 /* LocaleExtension.swift */; };
		FB8C3D832536089A00184FB5 /* UIDatePickerExtension.swift in Sources */ = {isa = PBXBuildFile; fileRef = FB8C3D822536089A00184FB5 /* UIDatePickerExtension.swift */; };
		FB8C3D8B25371AE900184FB5 /* MLabels.swift in Sources */ = {isa = PBXBuildFile; fileRef = FB8C3D8A25371AE900184FB5 /* MLabels.swift */; };
		FB8C3D8E25372BEB00184FB5 /* MReports.swift in Sources */ = {isa = PBXBuildFile; fileRef = FB8C3D8D25372BEB00184FB5 /* MReports.swift */; };
		FB8C3D94253A51BF00184FB5 /* RequestsViewController.swift in Sources */ = {isa = PBXBuildFile; fileRef = FB8C3D93253A51BE00184FB5 /* RequestsViewController.swift */; };
		FB8C3D98253A525500184FB5 /* SectionsRequests.swift in Sources */ = {isa = PBXBuildFile; fileRef = FB8C3D97253A525500184FB5 /* SectionsRequests.swift */; };
		FB8C3D9C253A589B00184FB5 /* RequestChatCell.swift in Sources */ = {isa = PBXBuildFile; fileRef = FB8C3D9B253A589B00184FB5 /* RequestChatCell.swift */; };
		FBA2AA282550601A00A471F6 /* LikeDisklikeButton.swift in Sources */ = {isa = PBXBuildFile; fileRef = FBA2AA272550601A00A471F6 /* LikeDisklikeButton.swift */; };
		FBA2AA2B2552D3F400A471F6 /* UniversalTableView.swift in Sources */ = {isa = PBXBuildFile; fileRef = FBA2AA2A2552D3F300A471F6 /* UniversalTableView.swift */; };
		FBA2AA2E2552D7D000A471F6 /* MCellType.swift in Sources */ = {isa = PBXBuildFile; fileRef = FBA2AA2D2552D7D000A471F6 /* MCellType.swift */; };
		FBA2AA322552D9BB00A471F6 /* SectionsChatSettings.swift in Sources */ = {isa = PBXBuildFile; fileRef = FBA2AA312552D9BB00A471F6 /* SectionsChatSettings.swift */; };
		FBA2AA352552F84F00A471F6 /* UniversalButtonCell.swift in Sources */ = {isa = PBXBuildFile; fileRef = FBA2AA342552F84F00A471F6 /* UniversalButtonCell.swift */; };
		FBA2AA392552FCE300A471F6 /* MChatSettings.swift in Sources */ = {isa = PBXBuildFile; fileRef = FBA2AA382552FCE300A471F6 /* MChatSettings.swift */; };
		FBA2AA3C255300C200A471F6 /* UniversallSwitchCell.swift in Sources */ = {isa = PBXBuildFile; fileRef = FBA2AA3B255300C200A471F6 /* UniversallSwitchCell.swift */; };
		FBA2AA442553072800A471F6 /* UniversalInfoCell.swift in Sources */ = {isa = PBXBuildFile; fileRef = FBA2AA432553072800A471F6 /* UniversalInfoCell.swift */; };
		FBA2AA482553086D00A471F6 /* SetupChatMenu.swift in Sources */ = {isa = PBXBuildFile; fileRef = FBA2AA472553086D00A471F6 /* SetupChatMenu.swift */; };
		FBA2AA4B2554747000A471F6 /* MatchViewPopUp.swift in Sources */ = {isa = PBXBuildFile; fileRef = FBA2AA4A2554746E00A471F6 /* MatchViewPopUp.swift */; };
		FBA94D1E24F55CBE000DA5D5 /* SectionHeader.swift in Sources */ = {isa = PBXBuildFile; fileRef = FBA94D1D24F55CBE000DA5D5 /* SectionHeader.swift */; };
		FBB26EAE254585DB0081CF2C /* ChatTitleStackView.swift in Sources */ = {isa = PBXBuildFile; fileRef = FBB26EAD254585DB0081CF2C /* ChatTitleStackView.swift */; };
		FBB26EB42546E49B0081CF2C /* MAdmin.swift in Sources */ = {isa = PBXBuildFile; fileRef = FBB26EB32546E49B0081CF2C /* MAdmin.swift */; };
		FBB26EB72546EC230081CF2C /* PeopleView.swift in Sources */ = {isa = PBXBuildFile; fileRef = FBB26EB62546EC220081CF2C /* PeopleView.swift */; };
		FBB26EBC2546F3250081CF2C /* PeopleInfoViewController.swift in Sources */ = {isa = PBXBuildFile; fileRef = FBB26EBB2546F3250081CF2C /* PeopleInfoViewController.swift */; };
		FBB26EC3254843C60081CF2C /* AppSettingsViewController.swift in Sources */ = {isa = PBXBuildFile; fileRef = FBB26EC2254843C50081CF2C /* AppSettingsViewController.swift */; };
		FBB26EC72548452C0081CF2C /* MAppSettings.swift in Sources */ = {isa = PBXBuildFile; fileRef = FBB26EC62548452C0081CF2C /* MAppSettings.swift */; };
		FBB26ECA254845D90081CF2C /* SectionAppSettings.swift in Sources */ = {isa = PBXBuildFile; fileRef = FBB26EC9254845D90081CF2C /* SectionAppSettings.swift */; };
		FBB26ECF254980500081CF2C /* MAuthType.swift in Sources */ = {isa = PBXBuildFile; fileRef = FBB26ECE2549804F0081CF2C /* MAuthType.swift */; };
		FBB26ED3254AFD130081CF2C /* AcceptChatDataProvider.swift in Sources */ = {isa = PBXBuildFile; fileRef = FBB26ED2254AFD110081CF2C /* AcceptChatDataProvider.swift */; };
		FBB26ED8254B014A0081CF2C /* LikeDislikeChatDataProvider.swift in Sources */ = {isa = PBXBuildFile; fileRef = FBB26ED7254B014A0081CF2C /* LikeDislikeChatDataProvider.swift */; };
		FBB26EDB254B03760081CF2C /* RequestChatDataProvider.swift in Sources */ = {isa = PBXBuildFile; fileRef = FBB26EDA254B03760081CF2C /* RequestChatDataProvider.swift */; };
		FBB26EDE254B0E960081CF2C /* PeopleDataProvider.swift in Sources */ = {isa = PBXBuildFile; fileRef = FBB26EDD254B0E960081CF2C /* PeopleDataProvider.swift */; };
		FBB26EE1254B38B60081CF2C /* UserDefaultsError.swift in Sources */ = {isa = PBXBuildFile; fileRef = FBB26EE0254B38B60081CF2C /* UserDefaultsError.swift */; };
		FBB26EE8254C12AC0081CF2C /* CountOfUnreadMessageView.swift in Sources */ = {isa = PBXBuildFile; fileRef = FBB26EE7254C12AC0081CF2C /* CountOfUnreadMessageView.swift */; };
		FBB26EEB254C2D440081CF2C /* MessagesDataProvider.swift in Sources */ = {isa = PBXBuildFile; fileRef = FBB26EEA254C2D430081CF2C /* MessagesDataProvider.swift */; };
		FBB3B25F2509011200440632 /* StorageService.swift in Sources */ = {isa = PBXBuildFile; fileRef = FBB3B25E2509011200440632 /* StorageService.swift */; };
		FBB3B261250905D800440632 /* UIImageExtension.swift in Sources */ = {isa = PBXBuildFile; fileRef = FBB3B260250905D800440632 /* UIImageExtension.swift */; };
		FBB3B265250ACA0700440632 /* MGender.swift in Sources */ = {isa = PBXBuildFile; fileRef = FBB3B264250ACA0700440632 /* MGender.swift */; };
		FBB3B267250D00D000440632 /* StorageError.swift in Sources */ = {isa = PBXBuildFile; fileRef = FBB3B266250D00CF00440632 /* StorageError.swift */; };
		FBB3B269250F82B800440632 /* ListenerService.swift in Sources */ = {isa = PBXBuildFile; fileRef = FBB3B268250F82B800440632 /* ListenerService.swift */; };
		FBB3D492255D595D00A3B832 /* MPushMessageToTopic.swift in Sources */ = {isa = PBXBuildFile; fileRef = FBB3D491255D595D00A3B832 /* MPushMessageToTopic.swift */; };
		FBB3D496255D597E00A3B832 /* MAps.swift in Sources */ = {isa = PBXBuildFile; fileRef = FBB3D495255D597E00A3B832 /* MAps.swift */; };
		FBB3D49F255D6AA900A3B832 /* MTopics.swift in Sources */ = {isa = PBXBuildFile; fileRef = FBB3D49E255D6AA800A3B832 /* MTopics.swift */; };
		FBB3D4A3255DAD2500A3B832 /* MActionType.swift in Sources */ = {isa = PBXBuildFile; fileRef = FBB3D4A2255DAD2500A3B832 /* MActionType.swift */; };
		FBB3D4A7255DBB5600A3B832 /* UserDefaultsExtension.swift in Sources */ = {isa = PBXBuildFile; fileRef = FBB3D4A6255DBB5600A3B832 /* UserDefaultsExtension.swift */; };
		FBB4F354251110AE00ACFE90 /* RadioButton.swift in Sources */ = {isa = PBXBuildFile; fileRef = FBB4F353251110AE00ACFE90 /* RadioButton.swift */; };
		FBB4F3582511526C00ACFE90 /* CryptoService.swift in Sources */ = {isa = PBXBuildFile; fileRef = FBB4F3572511526C00ACFE90 /* CryptoService.swift */; };
		FBB4F35A25116D7300ACFE90 /* DefaultImage.swift in Sources */ = {isa = PBXBuildFile; fileRef = FBB4F35925116D7300ACFE90 /* DefaultImage.swift */; };
		FBB4F35F2512737400ACFE90 /* FirestoreError.swift in Sources */ = {isa = PBXBuildFile; fileRef = FBB4F35E2512737400ACFE90 /* FirestoreError.swift */; };
		FBE5A0F725558C3400060D97 /* PopUpService.swift in Sources */ = {isa = PBXBuildFile; fileRef = FBE5A0F625558C3400060D97 /* PopUpService.swift */; };
		FBE5A1062559C15300060D97 /* PushNotificationService.swift in Sources */ = {isa = PBXBuildFile; fileRef = FBE5A1052559C15100060D97 /* PushNotificationService.swift */; };
		FBE5A1092559D87000060D97 /* UNNotificationAttachment.swift in Sources */ = {isa = PBXBuildFile; fileRef = FBE5A1082559D87000060D97 /* UNNotificationAttachment.swift */; };
		FBE5A10F255ACF0600060D97 /* GoogleService-Info.plist in Resources */ = {isa = PBXBuildFile; fileRef = FBE5A10E255ACF0600060D97 /* GoogleService-Info.plist */; };
		FBED946A2565909A00DED60A /* NotificationCenterExtension.swift in Sources */ = {isa = PBXBuildFile; fileRef = FBED94692565909A00DED60A /* NotificationCenterExtension.swift */; };
		FBEF607824A602070005F947 /* AppDelegate.swift in Sources */ = {isa = PBXBuildFile; fileRef = FBEF607724A602070005F947 /* AppDelegate.swift */; };
		FBEF607A24A602070005F947 /* SceneDelegate.swift in Sources */ = {isa = PBXBuildFile; fileRef = FBEF607924A602070005F947 /* SceneDelegate.swift */; };
		FBEF607C24A602070005F947 /* AuthViewController.swift in Sources */ = {isa = PBXBuildFile; fileRef = FBEF607B24A602070005F947 /* AuthViewController.swift */; };
		FBEF608124A6020A0005F947 /* Assets.xcassets in Resources */ = {isa = PBXBuildFile; fileRef = FBEF608024A6020A0005F947 /* Assets.xcassets */; };
		FBEF608424A6020A0005F947 /* LaunchScreen.storyboard in Resources */ = {isa = PBXBuildFile; fileRef = FBEF608224A6020A0005F947 /* LaunchScreen.storyboard */; };
		FBEF608C24A8F4000005F947 /* UIButtonExtension.swift in Sources */ = {isa = PBXBuildFile; fileRef = FBEF608B24A8F3FF0005F947 /* UIButtonExtension.swift */; };
		FBEF608E24A9073E0005F947 /* UIFontExtension.swift in Sources */ = {isa = PBXBuildFile; fileRef = FBEF608D24A9073E0005F947 /* UIFontExtension.swift */; };
		FBEF609124A90AEC0005F947 /* UILabelExtension.swift in Sources */ = {isa = PBXBuildFile; fileRef = FBEF609024A90AEC0005F947 /* UILabelExtension.swift */; };
		FBEF609324A90C840005F947 /* UIImageViewExtension.swift in Sources */ = {isa = PBXBuildFile; fileRef = FBEF609224A90C840005F947 /* UIImageViewExtension.swift */; };
		FBF2927F2512828C0090BA9E /* LoadingView.swift in Sources */ = {isa = PBXBuildFile; fileRef = FBF2927E2512828C0090BA9E /* LoadingView.swift */; };
		FBF293D924FFB33300F7B5F1 /* Validators.swift in Sources */ = {isa = PBXBuildFile; fileRef = FBF293D824FFB33300F7B5F1 /* Validators.swift */; };
		FBF293DB24FFBA9F00F7B5F1 /* AuthError.swift in Sources */ = {isa = PBXBuildFile; fileRef = FBF293DA24FFBA9F00F7B5F1 /* AuthError.swift */; };
		FBF293DD25065E2800F7B5F1 /* FirestoreService.swift in Sources */ = {isa = PBXBuildFile; fileRef = FBF293DC25065E2800F7B5F1 /* FirestoreService.swift */; };
		FBF293DF250668CB00F7B5F1 /* UserError.swift in Sources */ = {isa = PBXBuildFile; fileRef = FBF293DE250668CB00F7B5F1 /* UserError.swift */; };
		FBF6289524F678C300DCD4AC /* SectionsChats.swift in Sources */ = {isa = PBXBuildFile; fileRef = FBF6289424F678C300DCD4AC /* SectionsChats.swift */; };
		FBF6289724F678EA00DCD4AC /* SectionsPeople.swift in Sources */ = {isa = PBXBuildFile; fileRef = FBF6289624F678EA00DCD4AC /* SectionsPeople.swift */; };
		FBFFB854255ECFE9007343ED /* PurchasesViewController.swift in Sources */ = {isa = PBXBuildFile; fileRef = FBFFB853255ECFE8007343ED /* PurchasesViewController.swift */; };
		FBFFB858255ED105007343ED /* PurchaseButton.swift in Sources */ = {isa = PBXBuildFile; fileRef = FBFFB857255ED105007343ED /* PurchaseButton.swift */; };
		FBFFB85E255F1429007343ED /* StoreKit.framework in Frameworks */ = {isa = PBXBuildFile; fileRef = FBFFB85D255F1429007343ED /* StoreKit.framework */; };
		FBFFB862255F14F6007343ED /* MPurchases.swift in Sources */ = {isa = PBXBuildFile; fileRef = FBFFB861255F14F6007343ED /* MPurchases.swift */; };
		FBFFB866255F15AC007343ED /* PurchasesService.swift in Sources */ = {isa = PBXBuildFile; fileRef = FBFFB865255F15AC007343ED /* PurchasesService.swift */; };
		FBFFB86E25629E85007343ED /* MRecieptAppStrore.swift in Sources */ = {isa = PBXBuildFile; fileRef = FBFFB86D25629E85007343ED /* MRecieptAppStrore.swift */; };
		FBFFB8952562C3F6007343ED /* UserDefaultsExtension.swift in Sources */ = {isa = PBXBuildFile; fileRef = FBB3D4A6255DBB5600A3B832 /* UserDefaultsExtension.swift */; };
		FBFFB89B256535F8007343ED /* OneLikeButton.swift in Sources */ = {isa = PBXBuildFile; fileRef = FBFFB89A256535F8007343ED /* OneLikeButton.swift */; };
/* End PBXBuildFile section */

/* Begin PBXContainerItemProxy section */
		FB454E6A255C0067007D1E71 /* PBXContainerItemProxy */ = {
			isa = PBXContainerItemProxy;
			containerPortal = FBEF606C24A602070005F947 /* Project object */;
			proxyType = 1;
			remoteGlobalIDString = FB454E64255C0067007D1E71;
			remoteInfo = NotificationService;
		};
/* End PBXContainerItemProxy section */

/* Begin PBXCopyFilesBuildPhase section */
		FBE5A128255AE7D500060D97 /* Embed App Extensions */ = {
			isa = PBXCopyFilesBuildPhase;
			buildActionMask = 2147483647;
			dstPath = "";
			dstSubfolderSpec = 13;
			files = (
				FB454E6C255C0067007D1E71 /* NotificationService.appex in Embed App Extensions */,
			);
			name = "Embed App Extensions";
			runOnlyForDeploymentPostprocessing = 0;
		};
/* End PBXCopyFilesBuildPhase section */

/* Begin PBXFileReference section */
		519929C6363CDB8EE7F5AFE7 /* Pods_socialApp.framework */ = {isa = PBXFileReference; explicitFileType = wrapper.framework; includeInIndex = 0; path = Pods_socialApp.framework; sourceTree = BUILT_PRODUCTS_DIR; };
		A864411375E48564A6F68A6B /* Pods-socialApp.release.xcconfig */ = {isa = PBXFileReference; includeInIndex = 1; lastKnownFileType = text.xcconfig; name = "Pods-socialApp.release.xcconfig"; path = "Target Support Files/Pods-socialApp/Pods-socialApp.release.xcconfig"; sourceTree = "<group>"; };
		BE11C4154A14226A757830CC /* Pods-socialApp.debug.xcconfig */ = {isa = PBXFileReference; includeInIndex = 1; lastKnownFileType = text.xcconfig; name = "Pods-socialApp.debug.xcconfig"; path = "Target Support Files/Pods-socialApp/Pods-socialApp.debug.xcconfig"; sourceTree = "<group>"; };
		FB09107F24FA93E2006B72D5 /* UITextViewExtension.swift */ = {isa = PBXFileReference; lastKnownFileType = sourcecode.swift; path = UITextViewExtension.swift; sourceTree = "<group>"; };
		FB1062D724AE494A0012C4D4 /* OneLineTextField.swift */ = {isa = PBXFileReference; lastKnownFileType = sourcecode.swift; path = OneLineTextField.swift; sourceTree = "<group>"; };
		FB1062D924AE69240012C4D4 /* LoginViewController.swift */ = {isa = PBXFileReference; lastKnownFileType = sourcecode.swift; path = LoginViewController.swift; sourceTree = "<group>"; };
		FB1062DB24B09F6C0012C4D4 /* EditProfileViewController.swift */ = {isa = PBXFileReference; lastKnownFileType = sourcecode.swift; path = EditProfileViewController.swift; sourceTree = "<group>"; };
		FB1062DD24B0C8DF0012C4D4 /* EditableProfileImageView.swift */ = {isa = PBXFileReference; lastKnownFileType = sourcecode.swift; path = EditableProfileImageView.swift; sourceTree = "<group>"; };
		FB1062DF24B20CE60012C4D4 /* UISegmentedControlExtension.swift */ = {isa = PBXFileReference; lastKnownFileType = sourcecode.swift; path = UISegmentedControlExtension.swift; sourceTree = "<group>"; };
		FB15FCF22513A71F00B765D3 /* MMessage.swift */ = {isa = PBXFileReference; lastKnownFileType = sourcecode.swift; path = MMessage.swift; sourceTree = "<group>"; };
		FB18217624B21F5100FFFC87 /* ChatsViewController.swift */ = {isa = PBXFileReference; lastKnownFileType = sourcecode.swift; path = ChatsViewController.swift; sourceTree = "<group>"; };
		FB18217A24B2261F00FFFC87 /* MainTabBarController.swift */ = {isa = PBXFileReference; lastKnownFileType = sourcecode.swift; path = MainTabBarController.swift; sourceTree = "<group>"; };
		FB18217C24B2268E00FFFC87 /* PeopleViewController.swift */ = {isa = PBXFileReference; lastKnownFileType = sourcecode.swift; path = PeopleViewController.swift; sourceTree = "<group>"; };
		FB18217E24B2442800FFFC87 /* UIColorExtension.swift */ = {isa = PBXFileReference; lastKnownFileType = sourcecode.swift; path = UIColorExtension.swift; sourceTree = "<group>"; };
		FB207CB32520C544007AA232 /* MessageError.swift */ = {isa = PBXFileReference; lastKnownFileType = sourcecode.swift; path = MessageError.swift; sourceTree = "<group>"; };
		FB21A1B524E55F6C000A2E91 /* ActiveChatsCell.swift */ = {isa = PBXFileReference; lastKnownFileType = sourcecode.swift; path = ActiveChatsCell.swift; sourceTree = "<group>"; };
		FB21A1B724E595CF000A2E91 /* Protocols.swift */ = {isa = PBXFileReference; lastKnownFileType = sourcecode.swift; path = Protocols.swift; sourceTree = "<group>"; };
		FB21A1BA24E59705000A2E91 /* MChat.swift */ = {isa = PBXFileReference; lastKnownFileType = sourcecode.swift; path = MChat.swift; sourceTree = "<group>"; };
		FB21A1BC24E59A31000A2E91 /* GradientView.swift */ = {isa = PBXFileReference; lastKnownFileType = sourcecode.swift; path = GradientView.swift; sourceTree = "<group>"; };
		FB21A1BE24E5ADE5000A2E91 /* NewChatsCell.swift */ = {isa = PBXFileReference; lastKnownFileType = sourcecode.swift; path = NewChatsCell.swift; sourceTree = "<group>"; };
		FB2346E524F69B2B00FEE1EF /* PeopleCell.swift */ = {isa = PBXFileReference; lastKnownFileType = sourcecode.swift; path = PeopleCell.swift; sourceTree = "<group>"; };
		FB3351AC256694AE007AFDDF /* FirestoreServiceExtensionImage.swift */ = {isa = PBXFileReference; lastKnownFileType = sourcecode.swift; path = FirestoreServiceExtensionImage.swift; sourceTree = "<group>"; };
		FB3351B0256694FF007AFDDF /* FirestoreServiceExtensionDeleteData.swift */ = {isa = PBXFileReference; lastKnownFileType = sourcecode.swift; path = FirestoreServiceExtensionDeleteData.swift; sourceTree = "<group>"; };
		FB3351B82566A0DC007AFDDF /* FirestoreServiceExtensionGetData.swift */ = {isa = PBXFileReference; lastKnownFileType = sourcecode.swift; path = FirestoreServiceExtensionGetData.swift; sourceTree = "<group>"; };
		FB3351C62566A355007AFDDF /* FirestoreServiceExtensionChatAction.swift */ = {isa = PBXFileReference; lastKnownFileType = sourcecode.swift; path = FirestoreServiceExtensionChatAction.swift; sourceTree = "<group>"; };
		FB37274D2540795A00906FBE /* loading_3blackHeart.json */ = {isa = PBXFileReference; fileEncoding = 4; lastKnownFileType = text.json; path = loading_3blackHeart.json; sourceTree = "<group>"; };
		FB372750254079C100906FBE /* loading_simpleBlackCube.json */ = {isa = PBXFileReference; fileEncoding = 4; lastKnownFileType = text.json; path = loading_simpleBlackCube.json; sourceTree = "<group>"; };
		FB37275B2540D04D00906FBE /* logo_neverAlone.json */ = {isa = PBXFileReference; fileEncoding = 4; lastKnownFileType = text.json; name = logo_neverAlone.json; path = "../../../../../../Графика/socialApp/animation/logo_neverAlone.json"; sourceTree = "<group>"; };
		FB37275F2540D7EC00906FBE /* AnimationCustomView.swift */ = {isa = PBXFileReference; lastKnownFileType = sourcecode.swift; path = AnimationCustomView.swift; sourceTree = "<group>"; };
		FB3727662540DFBD00906FBE /* logo_eye.json */ = {isa = PBXFileReference; fileEncoding = 4; lastKnownFileType = text.json; path = logo_eye.json; sourceTree = "<group>"; };
		FB3727692540E27500906FBE /* logo_chatVC.json */ = {isa = PBXFileReference; fileEncoding = 4; lastKnownFileType = text.json; path = logo_chatVC.json; sourceTree = "<group>"; };
		FB37276C2540F57400906FBE /* loading_grayCircle.json */ = {isa = PBXFileReference; fileEncoding = 4; lastKnownFileType = text.json; path = loading_grayCircle.json; sourceTree = "<group>"; };
		FB37278F25419CA400906FBE /* MSearchSettings.swift */ = {isa = PBXFileReference; lastKnownFileType = sourcecode.swift; path = MSearchSettings.swift; sourceTree = "<group>"; };
		FB3727932541A18600906FBE /* MVirtualLocation.swift */ = {isa = PBXFileReference; lastKnownFileType = sourcecode.swift; path = MVirtualLocation.swift; sourceTree = "<group>"; };
		FB3727982541CAD500906FBE /* EditSearchSettingsViewController.swift */ = {isa = PBXFileReference; lastKnownFileType = sourcecode.swift; path = EditSearchSettingsViewController.swift; sourceTree = "<group>"; };
		FB39F2D724F66EFE001B9C4F /* MPeople.swift */ = {isa = PBXFileReference; lastKnownFileType = sourcecode.swift; path = MPeople.swift; sourceTree = "<group>"; };
		FB3C5BD2253B399100CD44E6 /* MFirestorCollection.swift */ = {isa = PBXFileReference; lastKnownFileType = sourcecode.swift; path = MFirestorCollection.swift; sourceTree = "<group>"; };
		FB3C5BDA253F4A5700CD44E6 /* MDefaultLayer.swift */ = {isa = PBXFileReference; lastKnownFileType = sourcecode.swift; path = MDefaultLayer.swift; sourceTree = "<group>"; };
		FB3C5BDD253F5F3900CD44E6 /* RoundButton.swift */ = {isa = PBXFileReference; lastKnownFileType = sourcecode.swift; path = RoundButton.swift; sourceTree = "<group>"; };
		FB454E4A255BEEED007D1E71 /* PushMessagingService.swift */ = {isa = PBXFileReference; lastKnownFileType = sourcecode.swift; path = PushMessagingService.swift; sourceTree = "<group>"; };
		FB454E65255C0067007D1E71 /* NotificationService.appex */ = {isa = PBXFileReference; explicitFileType = "wrapper.app-extension"; includeInIndex = 0; path = NotificationService.appex; sourceTree = BUILT_PRODUCTS_DIR; };
		FB454E67255C0067007D1E71 /* NotificationService.swift */ = {isa = PBXFileReference; lastKnownFileType = sourcecode.swift; path = NotificationService.swift; sourceTree = "<group>"; };
		FB454E69255C0067007D1E71 /* Info.plist */ = {isa = PBXFileReference; lastKnownFileType = text.plist.xml; path = Info.plist; sourceTree = "<group>"; };
		FB454E95255C1EAA007D1E71 /* MPushMessage.swift */ = {isa = PBXFileReference; lastKnownFileType = sourcecode.swift; path = MPushMessage.swift; sourceTree = "<group>"; };
		FB61A76B251BA06D005DCC78 /* ChatError.swift */ = {isa = PBXFileReference; lastKnownFileType = sourcecode.swift; path = ChatError.swift; sourceTree = "<group>"; };
		FB61A76E251CB97D005DCC78 /* DataSourceError.swift */ = {isa = PBXFileReference; lastKnownFileType = sourcecode.swift; path = DataSourceError.swift; sourceTree = "<group>"; };
		FB61A78B251E1342005DCC78 /* ChatViewController.swift */ = {isa = PBXFileReference; lastKnownFileType = sourcecode.swift; path = ChatViewController.swift; sourceTree = "<group>"; };
		FB61A7F7251E3FE4005DCC78 /* MSender.swift */ = {isa = PBXFileReference; lastKnownFileType = sourcecode.swift; path = MSender.swift; sourceTree = "<group>"; };
		FB61A7FA251E6311005DCC78 /* UserDefaultsService.swift */ = {isa = PBXFileReference; lastKnownFileType = sourcecode.swift; path = UserDefaultsService.swift; sourceTree = "<group>"; };
		FB61B53D24FAB785002761ED /* UIViewExtension.swift */ = {isa = PBXFileReference; lastKnownFileType = sourcecode.swift; path = UIViewExtension.swift; sourceTree = "<group>"; };
		FB61B54624FE7F22002761ED /* AuthService.swift */ = {isa = PBXFileReference; lastKnownFileType = sourcecode.swift; path = AuthService.swift; sourceTree = "<group>"; };
		FB61B54824FE9581002761ED /* UIAlertExtension.swift */ = {isa = PBXFileReference; lastKnownFileType = sourcecode.swift; path = UIAlertExtension.swift; sourceTree = "<group>"; };
		FB66288024A93ADC00650820 /* RegisterEmailViewController.swift */ = {isa = PBXFileReference; lastKnownFileType = sourcecode.swift; path = RegisterEmailViewController.swift; sourceTree = "<group>"; };
		FB79DA41252209E000A7AA56 /* MTypeOfListenerChanges.swift */ = {isa = PBXFileReference; lastKnownFileType = sourcecode.swift; path = MTypeOfListenerChanges.swift; sourceTree = "<group>"; };
		FB79DA4825234EDA00A7AA56 /* DateExtension.swift */ = {isa = PBXFileReference; lastKnownFileType = sourcecode.swift; path = DateExtension.swift; sourceTree = "<group>"; };
		FB79DA4B2523577100A7AA56 /* MMediaItem.swift */ = {isa = PBXFileReference; lastKnownFileType = sourcecode.swift; path = MMediaItem.swift; sourceTree = "<group>"; };
		FB79DA4E2524D1FA00A7AA56 /* UIScrollViewExtension.swift */ = {isa = PBXFileReference; lastKnownFileType = sourcecode.swift; path = UIScrollViewExtension.swift; sourceTree = "<group>"; };
		FB79DA55252501E100A7AA56 /* UIApplicationExtension.swift */ = {isa = PBXFileReference; lastKnownFileType = sourcecode.swift; path = UIApplicationExtension.swift; sourceTree = "<group>"; };
		FB79DA6A252C834C00A7AA56 /* LocationService.swift */ = {isa = PBXFileReference; lastKnownFileType = sourcecode.swift; path = LocationService.swift; sourceTree = "<group>"; };
		FB79DA6D252C942B00A7AA56 /* MLocation.swift */ = {isa = PBXFileReference; lastKnownFileType = sourcecode.swift; path = MLocation.swift; sourceTree = "<group>"; };
		FB79DA77252CF9CA00A7AA56 /* CLLocationCoordinate2DExtension.swift */ = {isa = PBXFileReference; lastKnownFileType = sourcecode.swift; path = CLLocationCoordinate2DExtension.swift; sourceTree = "<group>"; };
		FB79DA7B252DE64800A7AA56 /* ProfileViewController.swift */ = {isa = PBXFileReference; lastKnownFileType = sourcecode.swift; path = ProfileViewController.swift; sourceTree = "<group>"; };
		FB79DA7E252DE71900A7AA56 /* SectionsProfile.swift */ = {isa = PBXFileReference; lastKnownFileType = sourcecode.swift; path = SectionsProfile.swift; sourceTree = "<group>"; };
		FB79DA83252DED1700A7AA56 /* ProfileCell.swift */ = {isa = PBXFileReference; lastKnownFileType = sourcecode.swift; path = ProfileCell.swift; sourceTree = "<group>"; };
		FB79DA87252DEDB900A7AA56 /* SettingsCell.swift */ = {isa = PBXFileReference; lastKnownFileType = sourcecode.swift; path = SettingsCell.swift; sourceTree = "<group>"; };
		FB79DA8A252DF0D600A7AA56 /* MProfileSettings.swift */ = {isa = PBXFileReference; lastKnownFileType = sourcecode.swift; path = MProfileSettings.swift; sourceTree = "<group>"; };
		FB79DA9125307FF200A7AA56 /* GalleryScrollView.swift */ = {isa = PBXFileReference; lastKnownFileType = sourcecode.swift; path = GalleryScrollView.swift; sourceTree = "<group>"; };
		FB79DA952530E69300A7AA56 /* EditPhotoViewController.swift */ = {isa = PBXFileReference; lastKnownFileType = sourcecode.swift; path = EditPhotoViewController.swift; sourceTree = "<group>"; };
		FB79DA982530E86D00A7AA56 /* SectionEditPhotos.swift */ = {isa = PBXFileReference; lastKnownFileType = sourcecode.swift; path = SectionEditPhotos.swift; sourceTree = "<group>"; };
		FB79DA9C2530E9C500A7AA56 /* EditPhotoCell.swift */ = {isa = PBXFileReference; lastKnownFileType = sourcecode.swift; path = EditPhotoCell.swift; sourceTree = "<group>"; };
		FB8C3D382533958900184FB5 /* MLookingFor.swift */ = {isa = PBXFileReference; lastKnownFileType = sourcecode.swift; path = MLookingFor.swift; sourceTree = "<group>"; };
		FB8C3D3B2533961800184FB5 /* MSexuality.swift */ = {isa = PBXFileReference; lastKnownFileType = sourcecode.swift; path = MSexuality.swift; sourceTree = "<group>"; };
		FB8C3D3E25339DE200184FB5 /* GenderSelectionViewController.swift */ = {isa = PBXFileReference; lastKnownFileType = sourcecode.swift; path = GenderSelectionViewController.swift; sourceTree = "<group>"; };
		FB8C3D422533A22800184FB5 /* SelectionTableViewCell.swift */ = {isa = PBXFileReference; lastKnownFileType = sourcecode.swift; path = SelectionTableViewCell.swift; sourceTree = "<group>"; };
		FB8C3D542533E09900184FB5 /* SelectionViewController.swift */ = {isa = PBXFileReference; lastKnownFileType = sourcecode.swift; path = SelectionViewController.swift; sourceTree = "<group>"; };
		FB8C3D5E25348F4900184FB5 /* OneLineButtonWithHeader.swift */ = {isa = PBXFileReference; lastKnownFileType = sourcecode.swift; path = OneLineButtonWithHeader.swift; sourceTree = "<group>"; };
		FB8C3D642534A74900184FB5 /* SelectionTableViewHeader.swift */ = {isa = PBXFileReference; lastKnownFileType = sourcecode.swift; path = SelectionTableViewHeader.swift; sourceTree = "<group>"; };
		FB8C3D692535D71B00184FB5 /* InterestsSelectionViewController.swift */ = {isa = PBXFileReference; lastKnownFileType = sourcecode.swift; path = InterestsSelectionViewController.swift; sourceTree = "<group>"; };
		FB8C3D6D2535D94D00184FB5 /* DateOfBirthViewController.swift */ = {isa = PBXFileReference; lastKnownFileType = sourcecode.swift; path = DateOfBirthViewController.swift; sourceTree = "<group>"; };
		FB8C3D782535F4C500184FB5 /* StringExtension.swift */ = {isa = PBXFileReference; lastKnownFileType = sourcecode.swift; path = StringExtension.swift; sourceTree = "<group>"; };
		FB8C3D7C253606ED00184FB5 /* LocaleExtension.swift */ = {isa = PBXFileReference; lastKnownFileType = sourcecode.swift; path = LocaleExtension.swift; sourceTree = "<group>"; };
		FB8C3D822536089A00184FB5 /* UIDatePickerExtension.swift */ = {isa = PBXFileReference; lastKnownFileType = sourcecode.swift; path = UIDatePickerExtension.swift; sourceTree = "<group>"; };
		FB8C3D8525360ED700184FB5 /* ru */ = {isa = PBXFileReference; lastKnownFileType = text.plist.strings; name = ru; path = ru.lproj/LaunchScreen.strings; sourceTree = "<group>"; };
		FB8C3D8A25371AE900184FB5 /* MLabels.swift */ = {isa = PBXFileReference; lastKnownFileType = sourcecode.swift; path = MLabels.swift; sourceTree = "<group>"; };
		FB8C3D8D25372BEB00184FB5 /* MReports.swift */ = {isa = PBXFileReference; lastKnownFileType = sourcecode.swift; path = MReports.swift; sourceTree = "<group>"; };
		FB8C3D93253A51BE00184FB5 /* RequestsViewController.swift */ = {isa = PBXFileReference; lastKnownFileType = sourcecode.swift; path = RequestsViewController.swift; sourceTree = "<group>"; };
		FB8C3D97253A525500184FB5 /* SectionsRequests.swift */ = {isa = PBXFileReference; lastKnownFileType = sourcecode.swift; path = SectionsRequests.swift; sourceTree = "<group>"; };
		FB8C3D9B253A589B00184FB5 /* RequestChatCell.swift */ = {isa = PBXFileReference; lastKnownFileType = sourcecode.swift; path = RequestChatCell.swift; sourceTree = "<group>"; };
		FB9B684325654ACF00DE0E64 /* Configuration.storekit */ = {isa = PBXFileReference; lastKnownFileType = text; path = Configuration.storekit; sourceTree = "<group>"; };
		FBA2AA272550601A00A471F6 /* LikeDisklikeButton.swift */ = {isa = PBXFileReference; lastKnownFileType = sourcecode.swift; path = LikeDisklikeButton.swift; sourceTree = "<group>"; };
		FBA2AA2A2552D3F300A471F6 /* UniversalTableView.swift */ = {isa = PBXFileReference; lastKnownFileType = sourcecode.swift; path = UniversalTableView.swift; sourceTree = "<group>"; };
		FBA2AA2D2552D7D000A471F6 /* MCellType.swift */ = {isa = PBXFileReference; lastKnownFileType = sourcecode.swift; path = MCellType.swift; sourceTree = "<group>"; };
		FBA2AA312552D9BB00A471F6 /* SectionsChatSettings.swift */ = {isa = PBXFileReference; lastKnownFileType = sourcecode.swift; path = SectionsChatSettings.swift; sourceTree = "<group>"; };
		FBA2AA342552F84F00A471F6 /* UniversalButtonCell.swift */ = {isa = PBXFileReference; lastKnownFileType = sourcecode.swift; path = UniversalButtonCell.swift; sourceTree = "<group>"; };
		FBA2AA382552FCE300A471F6 /* MChatSettings.swift */ = {isa = PBXFileReference; lastKnownFileType = sourcecode.swift; path = MChatSettings.swift; sourceTree = "<group>"; };
		FBA2AA3B255300C200A471F6 /* UniversallSwitchCell.swift */ = {isa = PBXFileReference; lastKnownFileType = sourcecode.swift; path = UniversallSwitchCell.swift; sourceTree = "<group>"; };
		FBA2AA432553072800A471F6 /* UniversalInfoCell.swift */ = {isa = PBXFileReference; lastKnownFileType = sourcecode.swift; path = UniversalInfoCell.swift; sourceTree = "<group>"; };
		FBA2AA472553086D00A471F6 /* SetupChatMenu.swift */ = {isa = PBXFileReference; lastKnownFileType = sourcecode.swift; path = SetupChatMenu.swift; sourceTree = "<group>"; };
		FBA2AA4A2554746E00A471F6 /* MatchViewPopUp.swift */ = {isa = PBXFileReference; lastKnownFileType = sourcecode.swift; path = MatchViewPopUp.swift; sourceTree = "<group>"; };
		FBA94D1D24F55CBE000DA5D5 /* SectionHeader.swift */ = {isa = PBXFileReference; lastKnownFileType = sourcecode.swift; path = SectionHeader.swift; sourceTree = "<group>"; };
		FBB26EAD254585DB0081CF2C /* ChatTitleStackView.swift */ = {isa = PBXFileReference; lastKnownFileType = sourcecode.swift; path = ChatTitleStackView.swift; sourceTree = "<group>"; };
		FBB26EB32546E49B0081CF2C /* MAdmin.swift */ = {isa = PBXFileReference; lastKnownFileType = sourcecode.swift; path = MAdmin.swift; sourceTree = "<group>"; };
		FBB26EB62546EC220081CF2C /* PeopleView.swift */ = {isa = PBXFileReference; lastKnownFileType = sourcecode.swift; path = PeopleView.swift; sourceTree = "<group>"; };
		FBB26EBB2546F3250081CF2C /* PeopleInfoViewController.swift */ = {isa = PBXFileReference; lastKnownFileType = sourcecode.swift; path = PeopleInfoViewController.swift; sourceTree = "<group>"; };
		FBB26EC2254843C50081CF2C /* AppSettingsViewController.swift */ = {isa = PBXFileReference; lastKnownFileType = sourcecode.swift; path = AppSettingsViewController.swift; sourceTree = "<group>"; };
		FBB26EC62548452C0081CF2C /* MAppSettings.swift */ = {isa = PBXFileReference; lastKnownFileType = sourcecode.swift; path = MAppSettings.swift; sourceTree = "<group>"; };
		FBB26EC9254845D90081CF2C /* SectionAppSettings.swift */ = {isa = PBXFileReference; lastKnownFileType = sourcecode.swift; path = SectionAppSettings.swift; sourceTree = "<group>"; };
		FBB26ECE2549804F0081CF2C /* MAuthType.swift */ = {isa = PBXFileReference; lastKnownFileType = sourcecode.swift; path = MAuthType.swift; sourceTree = "<group>"; };
		FBB26ED2254AFD110081CF2C /* AcceptChatDataProvider.swift */ = {isa = PBXFileReference; lastKnownFileType = sourcecode.swift; path = AcceptChatDataProvider.swift; sourceTree = "<group>"; };
		FBB26ED7254B014A0081CF2C /* LikeDislikeChatDataProvider.swift */ = {isa = PBXFileReference; lastKnownFileType = sourcecode.swift; path = LikeDislikeChatDataProvider.swift; sourceTree = "<group>"; };
		FBB26EDA254B03760081CF2C /* RequestChatDataProvider.swift */ = {isa = PBXFileReference; lastKnownFileType = sourcecode.swift; path = RequestChatDataProvider.swift; sourceTree = "<group>"; };
		FBB26EDD254B0E960081CF2C /* PeopleDataProvider.swift */ = {isa = PBXFileReference; lastKnownFileType = sourcecode.swift; path = PeopleDataProvider.swift; sourceTree = "<group>"; };
		FBB26EE0254B38B60081CF2C /* UserDefaultsError.swift */ = {isa = PBXFileReference; lastKnownFileType = sourcecode.swift; path = UserDefaultsError.swift; sourceTree = "<group>"; };
		FBB26EE7254C12AC0081CF2C /* CountOfUnreadMessageView.swift */ = {isa = PBXFileReference; lastKnownFileType = sourcecode.swift; path = CountOfUnreadMessageView.swift; sourceTree = "<group>"; };
		FBB26EEA254C2D430081CF2C /* MessagesDataProvider.swift */ = {isa = PBXFileReference; lastKnownFileType = sourcecode.swift; path = MessagesDataProvider.swift; sourceTree = "<group>"; };
		FBB3B25D2507C3BB00440632 /* socialApp.entitlements */ = {isa = PBXFileReference; lastKnownFileType = text.plist.entitlements; path = socialApp.entitlements; sourceTree = "<group>"; };
		FBB3B25E2509011200440632 /* StorageService.swift */ = {isa = PBXFileReference; lastKnownFileType = sourcecode.swift; path = StorageService.swift; sourceTree = "<group>"; };
		FBB3B260250905D800440632 /* UIImageExtension.swift */ = {isa = PBXFileReference; lastKnownFileType = sourcecode.swift; path = UIImageExtension.swift; sourceTree = "<group>"; };
		FBB3B264250ACA0700440632 /* MGender.swift */ = {isa = PBXFileReference; lastKnownFileType = sourcecode.swift; path = MGender.swift; sourceTree = "<group>"; };
		FBB3B266250D00CF00440632 /* StorageError.swift */ = {isa = PBXFileReference; lastKnownFileType = sourcecode.swift; path = StorageError.swift; sourceTree = "<group>"; };
		FBB3B268250F82B800440632 /* ListenerService.swift */ = {isa = PBXFileReference; lastKnownFileType = sourcecode.swift; path = ListenerService.swift; sourceTree = "<group>"; };
		FBB3D491255D595D00A3B832 /* MPushMessageToTopic.swift */ = {isa = PBXFileReference; lastKnownFileType = sourcecode.swift; path = MPushMessageToTopic.swift; sourceTree = "<group>"; };
		FBB3D495255D597E00A3B832 /* MAps.swift */ = {isa = PBXFileReference; lastKnownFileType = sourcecode.swift; path = MAps.swift; sourceTree = "<group>"; };
		FBB3D49E255D6AA800A3B832 /* MTopics.swift */ = {isa = PBXFileReference; lastKnownFileType = sourcecode.swift; path = MTopics.swift; sourceTree = "<group>"; };
		FBB3D4A2255DAD2500A3B832 /* MActionType.swift */ = {isa = PBXFileReference; lastKnownFileType = sourcecode.swift; path = MActionType.swift; sourceTree = "<group>"; };
		FBB3D4A6255DBB5600A3B832 /* UserDefaultsExtension.swift */ = {isa = PBXFileReference; lastKnownFileType = sourcecode.swift; path = UserDefaultsExtension.swift; sourceTree = "<group>"; };
		FBB3D4AD255DC3B400A3B832 /* NotificationService.entitlements */ = {isa = PBXFileReference; lastKnownFileType = text.plist.entitlements; path = NotificationService.entitlements; sourceTree = "<group>"; };
		FBB4F353251110AE00ACFE90 /* RadioButton.swift */ = {isa = PBXFileReference; lastKnownFileType = sourcecode.swift; path = RadioButton.swift; sourceTree = "<group>"; };
		FBB4F3572511526C00ACFE90 /* CryptoService.swift */ = {isa = PBXFileReference; lastKnownFileType = sourcecode.swift; path = CryptoService.swift; sourceTree = "<group>"; };
		FBB4F35925116D7300ACFE90 /* DefaultImage.swift */ = {isa = PBXFileReference; lastKnownFileType = sourcecode.swift; path = DefaultImage.swift; sourceTree = "<group>"; };
		FBB4F35E2512737400ACFE90 /* FirestoreError.swift */ = {isa = PBXFileReference; lastKnownFileType = sourcecode.swift; path = FirestoreError.swift; sourceTree = "<group>"; };
		FBE5A0F625558C3400060D97 /* PopUpService.swift */ = {isa = PBXFileReference; lastKnownFileType = sourcecode.swift; path = PopUpService.swift; sourceTree = "<group>"; };
		FBE5A1052559C15100060D97 /* PushNotificationService.swift */ = {isa = PBXFileReference; lastKnownFileType = sourcecode.swift; path = PushNotificationService.swift; sourceTree = "<group>"; };
		FBE5A1082559D87000060D97 /* UNNotificationAttachment.swift */ = {isa = PBXFileReference; lastKnownFileType = sourcecode.swift; path = UNNotificationAttachment.swift; sourceTree = "<group>"; };
		FBE5A10E255ACF0600060D97 /* GoogleService-Info.plist */ = {isa = PBXFileReference; fileEncoding = 4; lastKnownFileType = text.plist.xml; path = "GoogleService-Info.plist"; sourceTree = "<group>"; };
		FBE5A117255AE7D400060D97 /* UserNotifications.framework */ = {isa = PBXFileReference; lastKnownFileType = wrapper.framework; name = UserNotifications.framework; path = System/Library/Frameworks/UserNotifications.framework; sourceTree = SDKROOT; };
		FBE5A119255AE7D400060D97 /* UserNotificationsUI.framework */ = {isa = PBXFileReference; lastKnownFileType = wrapper.framework; name = UserNotificationsUI.framework; path = System/Library/Frameworks/UserNotificationsUI.framework; sourceTree = SDKROOT; };
		FBED94692565909A00DED60A /* NotificationCenterExtension.swift */ = {isa = PBXFileReference; lastKnownFileType = sourcecode.swift; path = NotificationCenterExtension.swift; sourceTree = "<group>"; };
		FBEF607424A602070005F947 /* Flava.app */ = {isa = PBXFileReference; explicitFileType = wrapper.application; includeInIndex = 0; path = Flava.app; sourceTree = BUILT_PRODUCTS_DIR; };
		FBEF607724A602070005F947 /* AppDelegate.swift */ = {isa = PBXFileReference; lastKnownFileType = sourcecode.swift; path = AppDelegate.swift; sourceTree = "<group>"; };
		FBEF607924A602070005F947 /* SceneDelegate.swift */ = {isa = PBXFileReference; lastKnownFileType = sourcecode.swift; path = SceneDelegate.swift; sourceTree = "<group>"; };
		FBEF607B24A602070005F947 /* AuthViewController.swift */ = {isa = PBXFileReference; lastKnownFileType = sourcecode.swift; path = AuthViewController.swift; sourceTree = "<group>"; };
		FBEF608024A6020A0005F947 /* Assets.xcassets */ = {isa = PBXFileReference; lastKnownFileType = folder.assetcatalog; path = Assets.xcassets; sourceTree = "<group>"; };
		FBEF608324A6020A0005F947 /* Base */ = {isa = PBXFileReference; lastKnownFileType = file.storyboard; name = Base; path = Base.lproj/LaunchScreen.storyboard; sourceTree = "<group>"; };
		FBEF608524A6020A0005F947 /* Info.plist */ = {isa = PBXFileReference; lastKnownFileType = text.plist.xml; path = Info.plist; sourceTree = "<group>"; };
		FBEF608B24A8F3FF0005F947 /* UIButtonExtension.swift */ = {isa = PBXFileReference; lastKnownFileType = sourcecode.swift; path = UIButtonExtension.swift; sourceTree = "<group>"; };
		FBEF608D24A9073E0005F947 /* UIFontExtension.swift */ = {isa = PBXFileReference; lastKnownFileType = sourcecode.swift; path = UIFontExtension.swift; sourceTree = "<group>"; };
		FBEF609024A90AEC0005F947 /* UILabelExtension.swift */ = {isa = PBXFileReference; lastKnownFileType = sourcecode.swift; path = UILabelExtension.swift; sourceTree = "<group>"; };
		FBEF609224A90C840005F947 /* UIImageViewExtension.swift */ = {isa = PBXFileReference; lastKnownFileType = sourcecode.swift; path = UIImageViewExtension.swift; sourceTree = "<group>"; };
		FBF2927E2512828C0090BA9E /* LoadingView.swift */ = {isa = PBXFileReference; lastKnownFileType = sourcecode.swift; path = LoadingView.swift; sourceTree = "<group>"; };
		FBF293D824FFB33300F7B5F1 /* Validators.swift */ = {isa = PBXFileReference; lastKnownFileType = sourcecode.swift; path = Validators.swift; sourceTree = "<group>"; };
		FBF293DA24FFBA9F00F7B5F1 /* AuthError.swift */ = {isa = PBXFileReference; lastKnownFileType = sourcecode.swift; path = AuthError.swift; sourceTree = "<group>"; };
		FBF293DC25065E2800F7B5F1 /* FirestoreService.swift */ = {isa = PBXFileReference; lastKnownFileType = sourcecode.swift; path = FirestoreService.swift; sourceTree = "<group>"; };
		FBF293DE250668CB00F7B5F1 /* UserError.swift */ = {isa = PBXFileReference; lastKnownFileType = sourcecode.swift; path = UserError.swift; sourceTree = "<group>"; };
		FBF6289424F678C300DCD4AC /* SectionsChats.swift */ = {isa = PBXFileReference; lastKnownFileType = sourcecode.swift; path = SectionsChats.swift; sourceTree = "<group>"; };
		FBF6289624F678EA00DCD4AC /* SectionsPeople.swift */ = {isa = PBXFileReference; lastKnownFileType = sourcecode.swift; path = SectionsPeople.swift; sourceTree = "<group>"; };
		FBFFB853255ECFE8007343ED /* PurchasesViewController.swift */ = {isa = PBXFileReference; lastKnownFileType = sourcecode.swift; path = PurchasesViewController.swift; sourceTree = "<group>"; };
		FBFFB857255ED105007343ED /* PurchaseButton.swift */ = {isa = PBXFileReference; lastKnownFileType = sourcecode.swift; path = PurchaseButton.swift; sourceTree = "<group>"; };
		FBFFB85D255F1429007343ED /* StoreKit.framework */ = {isa = PBXFileReference; lastKnownFileType = wrapper.framework; name = StoreKit.framework; path = System/Library/Frameworks/StoreKit.framework; sourceTree = SDKROOT; };
		FBFFB861255F14F6007343ED /* MPurchases.swift */ = {isa = PBXFileReference; lastKnownFileType = sourcecode.swift; path = MPurchases.swift; sourceTree = "<group>"; };
		FBFFB865255F15AC007343ED /* PurchasesService.swift */ = {isa = PBXFileReference; lastKnownFileType = sourcecode.swift; path = PurchasesService.swift; sourceTree = "<group>"; };
		FBFFB86D25629E85007343ED /* MRecieptAppStrore.swift */ = {isa = PBXFileReference; lastKnownFileType = sourcecode.swift; path = MRecieptAppStrore.swift; sourceTree = "<group>"; };
		FBFFB89A256535F8007343ED /* OneLikeButton.swift */ = {isa = PBXFileReference; lastKnownFileType = sourcecode.swift; path = OneLikeButton.swift; sourceTree = "<group>"; };
/* End PBXFileReference section */

/* Begin PBXFrameworksBuildPhase section */
		FB454E62255C0067007D1E71 /* Frameworks */ = {
			isa = PBXFrameworksBuildPhase;
			buildActionMask = 2147483647;
			files = (
			);
			runOnlyForDeploymentPostprocessing = 0;
		};
		FBEF607124A602070005F947 /* Frameworks */ = {
			isa = PBXFrameworksBuildPhase;
			buildActionMask = 2147483647;
			files = (
				C8C2ED28CC875473954C8551 /* Pods_socialApp.framework in Frameworks */,
				FBFFB85E255F1429007343ED /* StoreKit.framework in Frameworks */,
			);
			runOnlyForDeploymentPostprocessing = 0;
		};
/* End PBXFrameworksBuildPhase section */

/* Begin PBXGroup section */
		241FB7FC579A5ACDE4BCCD70 /* Pods */ = {
			isa = PBXGroup;
			children = (
				BE11C4154A14226A757830CC /* Pods-socialApp.debug.xcconfig */,
				A864411375E48564A6F68A6B /* Pods-socialApp.release.xcconfig */,
			);
			path = Pods;
			sourceTree = "<group>";
		};
		EBC2976351CFB01835BFDC5C /* Frameworks */ = {
			isa = PBXGroup;
			children = (
				FBFFB85D255F1429007343ED /* StoreKit.framework */,
				519929C6363CDB8EE7F5AFE7 /* Pods_socialApp.framework */,
				FBE5A117255AE7D400060D97 /* UserNotifications.framework */,
				FBE5A119255AE7D400060D97 /* UserNotificationsUI.framework */,
			);
			name = Frameworks;
			sourceTree = "<group>";
		};
		FB18217824B225BD00FFFC87 /* AuthControllers */ = {
			isa = PBXGroup;
			children = (
				FBEF607B24A602070005F947 /* AuthViewController.swift */,
				FB1062D924AE69240012C4D4 /* LoginViewController.swift */,
				FB66288024A93ADC00650820 /* RegisterEmailViewController.swift */,
				FB8C3D472533A25200184FB5 /* FirstSetupProfileControllers */,
			);
			path = AuthControllers;
			sourceTree = "<group>";
		};
		FB18217924B225C500FFFC87 /* MainControllers */ = {
			isa = PBXGroup;
			children = (
				FB18217A24B2261F00FFFC87 /* MainTabBarController.swift */,
				FB1062DB24B09F6C0012C4D4 /* EditProfileViewController.swift */,
				FB3727982541CAD500906FBE /* EditSearchSettingsViewController.swift */,
				FBB26EC2254843C50081CF2C /* AppSettingsViewController.swift */,
				FBFFB853255ECFE8007343ED /* PurchasesViewController.swift */,
				FB79DA9B2530E9A800A7AA56 /* EditPhotoViewController */,
				FB79DA81252DECEB00A7AA56 /* ProfileViewController */,
				FB39F2D524F56E69001B9C4F /* PeopleViewController */,
				FB8C3D9F253A58C600184FB5 /* RequestsViewController */,
				FBA94D1F24F55D54000DA5D5 /* ChatsViewController */,
				FB61A78B251E1342005DCC78 /* ChatViewController.swift */,
				FBA2AA472553086D00A471F6 /* SetupChatMenu.swift */,
				FBB26EBB2546F3250081CF2C /* PeopleInfoViewController.swift */,
			);
			path = MainControllers;
			sourceTree = "<group>";
		};
		FB21A1B424E55F53000A2E91 /* Cell */ = {
			isa = PBXGroup;
			children = (
				FBA94D1D24F55CBE000DA5D5 /* SectionHeader.swift */,
				FB21A1B524E55F6C000A2E91 /* ActiveChatsCell.swift */,
				FB21A1BE24E5ADE5000A2E91 /* NewChatsCell.swift */,
			);
			path = Cell;
			sourceTree = "<group>";
		};
		FB21A1B924E596E3000A2E91 /* Models */ = {
			isa = PBXGroup;
			children = (
				FBA2B7B32540676900D0F463 /* Animation */,
				FBB4F35D2512728900ACFE90 /* Error */,
				FB37278B25419C4800906FBE /* People */,
				FBA2AA372552FC9F00A471F6 /* CellsModel */,
				FB3C5BD6253C896100CD44E6 /* Sections */,
				FBB3D49B255D599B00A3B832 /* PushMessage */,
				FBA2AA2D2552D7D000A471F6 /* MCellType.swift */,
				FB21A1BA24E59705000A2E91 /* MChat.swift */,
				FBFFB861255F14F6007343ED /* MPurchases.swift */,
				FBFFB86D25629E85007343ED /* MRecieptAppStrore.swift */,
				FB15FCF22513A71F00B765D3 /* MMessage.swift */,
				FB3C5BDA253F4A5700CD44E6 /* MDefaultLayer.swift */,
				FB8C3D8A25371AE900184FB5 /* MLabels.swift */,
				FB79DA4B2523577100A7AA56 /* MMediaItem.swift */,
				FB3C5BD2253B399100CD44E6 /* MFirestorCollection.swift */,
				FB79DA41252209E000A7AA56 /* MTypeOfListenerChanges.swift */,
				FB21A1B724E595CF000A2E91 /* Protocols.swift */,
			);
			path = Models;
			sourceTree = "<group>";
		};
		FB2346E424F69B1000FEE1EF /* Cell */ = {
			isa = PBXGroup;
			children = (
				FB2346E524F69B2B00FEE1EF /* PeopleCell.swift */,
			);
			path = Cell;
			sourceTree = "<group>";
		};
		FB3351B425669612007AFDDF /* Buttons */ = {
			isa = PBXGroup;
			children = (
				FBFFB857255ED105007343ED /* PurchaseButton.swift */,
				FB8C3D5E25348F4900184FB5 /* OneLineButtonWithHeader.swift */,
				FBFFB89A256535F8007343ED /* OneLikeButton.swift */,
				FB3C5BDD253F5F3900CD44E6 /* RoundButton.swift */,
				FBA2AA272550601A00A471F6 /* LikeDisklikeButton.swift */,
				FBB4F353251110AE00ACFE90 /* RadioButton.swift */,
			);
			path = Buttons;
			sourceTree = "<group>";
		};
		FB3351B52566962B007AFDDF /* View */ = {
			isa = PBXGroup;
			children = (
				FBA2AA4A2554746E00A471F6 /* MatchViewPopUp.swift */,
				FB37275F2540D7EC00906FBE /* AnimationCustomView.swift */,
				FBB26EE7254C12AC0081CF2C /* CountOfUnreadMessageView.swift */,
				FB1062DD24B0C8DF0012C4D4 /* EditableProfileImageView.swift */,
				FBF2927E2512828C0090BA9E /* LoadingView.swift */,
				FBB26EB62546EC220081CF2C /* PeopleView.swift */,
				FB21A1BC24E59A31000A2E91 /* GradientView.swift */,
				FB79DA9125307FF200A7AA56 /* GalleryScrollView.swift */,
			);
			path = View;
			sourceTree = "<group>";
		};
		FB37278B25419C4800906FBE /* People */ = {
			isa = PBXGroup;
			children = (
				FB39F2D724F66EFE001B9C4F /* MPeople.swift */,
				FBB26EB32546E49B0081CF2C /* MAdmin.swift */,
				FBB26ECE2549804F0081CF2C /* MAuthType.swift */,
				FBB4F35925116D7300ACFE90 /* DefaultImage.swift */,
				FB61A7F7251E3FE4005DCC78 /* MSender.swift */,
				FB79DA6D252C942B00A7AA56 /* MLocation.swift */,
				FB3727932541A18600906FBE /* MVirtualLocation.swift */,
				FB37278F25419CA400906FBE /* MSearchSettings.swift */,
				FBB3B264250ACA0700440632 /* MGender.swift */,
				FB8C3D3B2533961800184FB5 /* MSexuality.swift */,
				FB8C3D382533958900184FB5 /* MLookingFor.swift */,
				FB8C3D8D25372BEB00184FB5 /* MReports.swift */,
			);
			path = People;
			sourceTree = "<group>";
		};
		FB39F2D524F56E69001B9C4F /* PeopleViewController */ = {
			isa = PBXGroup;
			children = (
				FB18217C24B2268E00FFFC87 /* PeopleViewController.swift */,
				FB2346E424F69B1000FEE1EF /* Cell */,
			);
			path = PeopleViewController;
			sourceTree = "<group>";
		};
		FB3C5BD6253C896100CD44E6 /* Sections */ = {
			isa = PBXGroup;
			children = (
				FBF6289424F678C300DCD4AC /* SectionsChats.swift */,
				FB8C3D97253A525500184FB5 /* SectionsRequests.swift */,
				FBF6289624F678EA00DCD4AC /* SectionsPeople.swift */,
				FB79DA7E252DE71900A7AA56 /* SectionsProfile.swift */,
				FBB26EC9254845D90081CF2C /* SectionAppSettings.swift */,
				FBA2AA312552D9BB00A471F6 /* SectionsChatSettings.swift */,
				FB79DA982530E86D00A7AA56 /* SectionEditPhotos.swift */,
			);
			path = Sections;
			sourceTree = "<group>";
		};
		FB454E66255C0067007D1E71 /* NotificationService */ = {
			isa = PBXGroup;
			children = (
				FBB3D4AD255DC3B400A3B832 /* NotificationService.entitlements */,
				FB454E67255C0067007D1E71 /* NotificationService.swift */,
				FB454E69255C0067007D1E71 /* Info.plist */,
			);
			path = NotificationService;
			sourceTree = "<group>";
		};
		FB61B54524FE6921002761ED /* UIkit */ = {
			isa = PBXGroup;
			children = (
				FB79DA77252CF9CA00A7AA56 /* CLLocationCoordinate2DExtension.swift */,
				FB61B54824FE9581002761ED /* UIAlertExtension.swift */,
				FB79DA55252501E100A7AA56 /* UIApplicationExtension.swift */,
				FBEF608B24A8F3FF0005F947 /* UIButtonExtension.swift */,
				FB8C3D822536089A00184FB5 /* UIDatePickerExtension.swift */,
				FB18217E24B2442800FFFC87 /* UIColorExtension.swift */,
				FB79DA4E2524D1FA00A7AA56 /* UIScrollViewExtension.swift */,
				FBEF608D24A9073E0005F947 /* UIFontExtension.swift */,
				FB09107F24FA93E2006B72D5 /* UITextViewExtension.swift */,
				FBEF609024A90AEC0005F947 /* UILabelExtension.swift */,
				FB1062DF24B20CE60012C4D4 /* UISegmentedControlExtension.swift */,
				FBB3B260250905D800440632 /* UIImageExtension.swift */,
				FBEF609224A90C840005F947 /* UIImageViewExtension.swift */,
				FB61B53D24FAB785002761ED /* UIViewExtension.swift */,
			);
			path = UIkit;
			sourceTree = "<group>";
		};
		FB79DA81252DECEB00A7AA56 /* ProfileViewController */ = {
			isa = PBXGroup;
			children = (
				FB79DA7B252DE64800A7AA56 /* ProfileViewController.swift */,
				FB79DA82252DECFF00A7AA56 /* Cell */,
			);
			path = ProfileViewController;
			sourceTree = "<group>";
		};
		FB79DA82252DECFF00A7AA56 /* Cell */ = {
			isa = PBXGroup;
			children = (
				FB79DA83252DED1700A7AA56 /* ProfileCell.swift */,
				FB79DA87252DEDB900A7AA56 /* SettingsCell.swift */,
			);
			path = Cell;
			sourceTree = "<group>";
		};
		FB79DA9B2530E9A800A7AA56 /* EditPhotoViewController */ = {
			isa = PBXGroup;
			children = (
				FB79DA952530E69300A7AA56 /* EditPhotoViewController.swift */,
				FB79DAA02530EB6100A7AA56 /* Cell */,
			);
			path = EditPhotoViewController;
			sourceTree = "<group>";
		};
		FB79DAA02530EB6100A7AA56 /* Cell */ = {
			isa = PBXGroup;
			children = (
				FB79DA9C2530E9C500A7AA56 /* EditPhotoCell.swift */,
			);
			path = Cell;
			sourceTree = "<group>";
		};
		FB8C3D452533A22C00184FB5 /* Cell */ = {
			isa = PBXGroup;
			children = (
				FB8C3D422533A22800184FB5 /* SelectionTableViewCell.swift */,
				FB8C3D642534A74900184FB5 /* SelectionTableViewHeader.swift */,
			);
			path = Cell;
			sourceTree = "<group>";
		};
		FB8C3D472533A25200184FB5 /* FirstSetupProfileControllers */ = {
			isa = PBXGroup;
			children = (
				FB8C3D6D2535D94D00184FB5 /* DateOfBirthViewController.swift */,
				FB8C3D3E25339DE200184FB5 /* GenderSelectionViewController.swift */,
				FB8C3D692535D71B00184FB5 /* InterestsSelectionViewController.swift */,
			);
			path = FirstSetupProfileControllers;
			sourceTree = "<group>";
		};
		FB8C3D582533E0C400184FB5 /* SelectionVIewController */ = {
			isa = PBXGroup;
			children = (
				FB8C3D542533E09900184FB5 /* SelectionViewController.swift */,
				FB8C3D452533A22C00184FB5 /* Cell */,
			);
			path = SelectionVIewController;
			sourceTree = "<group>";
		};
		FB8C3D742535DA5900184FB5 /* PopUpViewControllers */ = {
			isa = PBXGroup;
			children = (
				FB8C3D582533E0C400184FB5 /* SelectionVIewController */,
			);
			path = PopUpViewControllers;
			sourceTree = "<group>";
		};
		FB8C3D80253606FE00184FB5 /* Foundation */ = {
			isa = PBXGroup;
			children = (
				FBB3D4A6255DBB5600A3B832 /* UserDefaultsExtension.swift */,
				FB79DA4825234EDA00A7AA56 /* DateExtension.swift */,
				FB8C3D782535F4C500184FB5 /* StringExtension.swift */,
				FBE5A1082559D87000060D97 /* UNNotificationAttachment.swift */,
				FB8C3D7C253606ED00184FB5 /* LocaleExtension.swift */,
				FBED94692565909A00DED60A /* NotificationCenterExtension.swift */,
			);
			path = Foundation;
			sourceTree = "<group>";
		};
		FB8C3D9F253A58C600184FB5 /* RequestsViewController */ = {
			isa = PBXGroup;
			children = (
				FB8C3D93253A51BE00184FB5 /* RequestsViewController.swift */,
				FB8C3DA0253A58D600184FB5 /* Cell */,
			);
			path = RequestsViewController;
			sourceTree = "<group>";
		};
		FB8C3DA0253A58D600184FB5 /* Cell */ = {
			isa = PBXGroup;
			children = (
				FB8C3D9B253A589B00184FB5 /* RequestChatCell.swift */,
			);
			path = Cell;
			sourceTree = "<group>";
		};
		FBA2AA372552FC9F00A471F6 /* CellsModel */ = {
			isa = PBXGroup;
			children = (
				FBB26EC62548452C0081CF2C /* MAppSettings.swift */,
				FB79DA8A252DF0D600A7AA56 /* MProfileSettings.swift */,
				FBA2AA382552FCE300A471F6 /* MChatSettings.swift */,
			);
			path = CellsModel;
			sourceTree = "<group>";
		};
		FBA2AA3E2553068100A471F6 /* UniversalTableView */ = {
			isa = PBXGroup;
			children = (
				FBA2AA2A2552D3F300A471F6 /* UniversalTableView.swift */,
				FBA2AA342552F84F00A471F6 /* UniversalButtonCell.swift */,
				FBA2AA3B255300C200A471F6 /* UniversallSwitchCell.swift */,
				FBA2AA432553072800A471F6 /* UniversalInfoCell.swift */,
			);
			path = UniversalTableView;
			sourceTree = "<group>";
		};
		FBA2B7B32540676900D0F463 /* Animation */ = {
			isa = PBXGroup;
			children = (
				FB37275B2540D04D00906FBE /* logo_neverAlone.json */,
				FB3727662540DFBD00906FBE /* logo_eye.json */,
				FB3727692540E27500906FBE /* logo_chatVC.json */,
				FB37276C2540F57400906FBE /* loading_grayCircle.json */,
				FB372750254079C100906FBE /* loading_simpleBlackCube.json */,
				FB37274D2540795A00906FBE /* loading_3blackHeart.json */,
			);
			path = Animation;
			sourceTree = "<group>";
		};
		FBA94D1C24F55AC2000DA5D5 /* Managers */ = {
			isa = PBXGroup;
			children = (
				FB61B54624FE7F22002761ED /* AuthService.swift */,
				FBB4F3572511526C00ACFE90 /* CryptoService.swift */,
				FBE5A1052559C15100060D97 /* PushNotificationService.swift */,
				FB454E4A255BEEED007D1E71 /* PushMessagingService.swift */,
				FBE5A0F625558C3400060D97 /* PopUpService.swift */,
				FBFFB865255F15AC007343ED /* PurchasesService.swift */,
				FBB3B25E2509011200440632 /* StorageService.swift */,
				FBF293DC25065E2800F7B5F1 /* FirestoreService.swift */,
				FBB3B268250F82B800440632 /* ListenerService.swift */,
				FBF293D824FFB33300F7B5F1 /* Validators.swift */,
				FB61A7FA251E6311005DCC78 /* UserDefaultsService.swift */,
				FB79DA6A252C834C00A7AA56 /* LocationService.swift */,
			);
			path = Managers;
			sourceTree = "<group>";
		};
		FBA94D1F24F55D54000DA5D5 /* ChatsViewController */ = {
			isa = PBXGroup;
			children = (
				FB18217624B21F5100FFFC87 /* ChatsViewController.swift */,
				FB21A1B424E55F53000A2E91 /* Cell */,
			);
			path = ChatsViewController;
			sourceTree = "<group>";
		};
		FBB26ED5254AFD420081CF2C /* DataProvider */ = {
			isa = PBXGroup;
			children = (
				FBB26ED2254AFD110081CF2C /* AcceptChatDataProvider.swift */,
				FBB26EDD254B0E960081CF2C /* PeopleDataProvider.swift */,
				FBB26ED7254B014A0081CF2C /* LikeDislikeChatDataProvider.swift */,
				FBB26EDA254B03760081CF2C /* RequestChatDataProvider.swift */,
				FBB26EEA254C2D430081CF2C /* MessagesDataProvider.swift */,
			);
			path = DataProvider;
			sourceTree = "<group>";
		};
		FBB26EE3254C12420081CF2C /* View */ = {
			isa = PBXGroup;
			children = (
				FB3351B52566962B007AFDDF /* View */,
				FB3351B425669612007AFDDF /* Buttons */,
				FBB26EAD254585DB0081CF2C /* ChatTitleStackView.swift */,
				FB1062D724AE494A0012C4D4 /* OneLineTextField.swift */,
			);
			path = View;
			sourceTree = "<group>";
		};
		FBB3D49B255D599B00A3B832 /* PushMessage */ = {
			isa = PBXGroup;
			children = (
				FBB3D495255D597E00A3B832 /* MAps.swift */,
				FBB3D4A2255DAD2500A3B832 /* MActionType.swift */,
				FBB3D49E255D6AA800A3B832 /* MTopics.swift */,
				FB454E95255C1EAA007D1E71 /* MPushMessage.swift */,
				FBB3D491255D595D00A3B832 /* MPushMessageToTopic.swift */,
			);
			path = PushMessage;
			sourceTree = "<group>";
		};
		FBB4F35D2512728900ACFE90 /* Error */ = {
			isa = PBXGroup;
			children = (
				FBF293DA24FFBA9F00F7B5F1 /* AuthError.swift */,
				FBB3B266250D00CF00440632 /* StorageError.swift */,
				FBF293DE250668CB00F7B5F1 /* UserError.swift */,
				FB61A76B251BA06D005DCC78 /* ChatError.swift */,
				FB207CB32520C544007AA232 /* MessageError.swift */,
				FBB4F35E2512737400ACFE90 /* FirestoreError.swift */,
				FBB26EE0254B38B60081CF2C /* UserDefaultsError.swift */,
				FB61A76E251CB97D005DCC78 /* DataSourceError.swift */,
			);
			path = Error;
			sourceTree = "<group>";
		};
		FBEF606B24A602070005F947 = {
			isa = PBXGroup;
			children = (
				FBEF607624A602070005F947 /* socialApp */,
				FB454E66255C0067007D1E71 /* NotificationService */,
				FBEF607524A602070005F947 /* Products */,
				241FB7FC579A5ACDE4BCCD70 /* Pods */,
				EBC2976351CFB01835BFDC5C /* Frameworks */,
			);
			sourceTree = "<group>";
		};
		FBEF607524A602070005F947 /* Products */ = {
			isa = PBXGroup;
			children = (
				FBEF607424A602070005F947 /* Flava.app */,
				FB454E65255C0067007D1E71 /* NotificationService.appex */,
			);
			name = Products;
			sourceTree = "<group>";
		};
		FBEF607624A602070005F947 /* socialApp */ = {
			isa = PBXGroup;
			children = (
				FBB3B25D2507C3BB00440632 /* socialApp.entitlements */,
				FBEF607724A602070005F947 /* AppDelegate.swift */,
				FBEF607924A602070005F947 /* SceneDelegate.swift */,
				FBA94D1C24F55AC2000DA5D5 /* Managers */,
				FB21A1B924E596E3000A2E91 /* Models */,
				FBB26ED5254AFD420081CF2C /* DataProvider */,
				FBEF609424A90DD60005F947 /* ViewControllers */,
				FBB26EE3254C12420081CF2C /* View */,
				FBEF608F24A908100005F947 /* Extension */,
				FBEF608024A6020A0005F947 /* Assets.xcassets */,
				FBEF608224A6020A0005F947 /* LaunchScreen.storyboard */,
				FBEF608524A6020A0005F947 /* Info.plist */,
				FBE5A10E255ACF0600060D97 /* GoogleService-Info.plist */,
				FB9B684325654ACF00DE0E64 /* Configuration.storekit */,
			);
			path = socialApp;
			sourceTree = "<group>";
		};
		FBEF608F24A908100005F947 /* Extension */ = {
			isa = PBXGroup;
			children = (
				FB3351AC256694AE007AFDDF /* FirestoreServiceExtensionImage.swift */,
				FB3351C62566A355007AFDDF /* FirestoreServiceExtensionChatAction.swift */,
				FB3351B82566A0DC007AFDDF /* FirestoreServiceExtensionGetData.swift */,
				FB3351B0256694FF007AFDDF /* FirestoreServiceExtensionDeleteData.swift */,
				FB8C3D80253606FE00184FB5 /* Foundation */,
				FB61B54524FE6921002761ED /* UIkit */,
			);
			path = Extension;
			sourceTree = "<group>";
		};
		FBEF609424A90DD60005F947 /* ViewControllers */ = {
			isa = PBXGroup;
			children = (
				FB8C3D742535DA5900184FB5 /* PopUpViewControllers */,
				FBA2AA3E2553068100A471F6 /* UniversalTableView */,
				FB18217824B225BD00FFFC87 /* AuthControllers */,
				FB18217924B225C500FFFC87 /* MainControllers */,
			);
			path = ViewControllers;
			sourceTree = "<group>";
		};
/* End PBXGroup section */

/* Begin PBXNativeTarget section */
		FB454E64255C0067007D1E71 /* NotificationService */ = {
			isa = PBXNativeTarget;
			buildConfigurationList = FB454E6F255C0067007D1E71 /* Build configuration list for PBXNativeTarget "NotificationService" */;
			buildPhases = (
				FB454E61255C0067007D1E71 /* Sources */,
				FB454E62255C0067007D1E71 /* Frameworks */,
				FB454E63255C0067007D1E71 /* Resources */,
			);
			buildRules = (
			);
			dependencies = (
			);
			name = NotificationService;
			productName = NotificationService;
			productReference = FB454E65255C0067007D1E71 /* NotificationService.appex */;
			productType = "com.apple.product-type.app-extension";
		};
		FBEF607324A602070005F947 /* socialApp */ = {
			isa = PBXNativeTarget;
			buildConfigurationList = FBEF608824A6020A0005F947 /* Build configuration list for PBXNativeTarget "socialApp" */;
			buildPhases = (
				62F251FF461A41664ABDA619 /* [CP] Check Pods Manifest.lock */,
				FBEF607024A602070005F947 /* Sources */,
				FBEF607124A602070005F947 /* Frameworks */,
				FBEF607224A602070005F947 /* Resources */,
				7ABD584D6D223D2A30F0D772 /* [CP] Embed Pods Frameworks */,
				FBE5A128255AE7D500060D97 /* Embed App Extensions */,
			);
			buildRules = (
			);
			dependencies = (
				FB454E6B255C0067007D1E71 /* PBXTargetDependency */,
			);
			name = socialApp;
			productName = socialApp;
			productReference = FBEF607424A602070005F947 /* Flava.app */;
			productType = "com.apple.product-type.application";
		};
/* End PBXNativeTarget section */

/* Begin PBXProject section */
		FBEF606C24A602070005F947 /* Project object */ = {
			isa = PBXProject;
			attributes = {
				LastSwiftUpdateCheck = 1210;
				LastUpgradeCheck = 1200;
				ORGANIZATIONNAME = "Денис Щиголев";
				TargetAttributes = {
					FB454E64255C0067007D1E71 = {
						CreatedOnToolsVersion = 12.1;
					};
					FBEF607324A602070005F947 = {
						CreatedOnToolsVersion = 11.5;
					};
				};
			};
			buildConfigurationList = FBEF606F24A602070005F947 /* Build configuration list for PBXProject "socialApp" */;
			compatibilityVersion = "Xcode 9.3";
			developmentRegion = en;
			hasScannedForEncodings = 0;
			knownRegions = (
				en,
				Base,
				ru,
			);
			mainGroup = FBEF606B24A602070005F947;
			productRefGroup = FBEF607524A602070005F947 /* Products */;
			projectDirPath = "";
			projectRoot = "";
			targets = (
				FBEF607324A602070005F947 /* socialApp */,
				FB454E64255C0067007D1E71 /* NotificationService */,
			);
		};
/* End PBXProject section */

/* Begin PBXResourcesBuildPhase section */
		FB454E63255C0067007D1E71 /* Resources */ = {
			isa = PBXResourcesBuildPhase;
			buildActionMask = 2147483647;
			files = (
			);
			runOnlyForDeploymentPostprocessing = 0;
		};
		FBEF607224A602070005F947 /* Resources */ = {
			isa = PBXResourcesBuildPhase;
			buildActionMask = 2147483647;
			files = (
				FB37274E2540795A00906FBE /* loading_3blackHeart.json in Resources */,
				FB37276A2540E27500906FBE /* logo_chatVC.json in Resources */,
				FBEF608424A6020A0005F947 /* LaunchScreen.storyboard in Resources */,
				FB37275C2540D04D00906FBE /* logo_neverAlone.json in Resources */,
				FB372751254079C100906FBE /* loading_simpleBlackCube.json in Resources */,
				FB3727672540DFBD00906FBE /* logo_eye.json in Resources */,
				FB37276D2540F57500906FBE /* loading_grayCircle.json in Resources */,
				FBE5A10F255ACF0600060D97 /* GoogleService-Info.plist in Resources */,
				FBEF608124A6020A0005F947 /* Assets.xcassets in Resources */,
			);
			runOnlyForDeploymentPostprocessing = 0;
		};
/* End PBXResourcesBuildPhase section */

/* Begin PBXShellScriptBuildPhase section */
		62F251FF461A41664ABDA619 /* [CP] Check Pods Manifest.lock */ = {
			isa = PBXShellScriptBuildPhase;
			buildActionMask = 2147483647;
			files = (
			);
			inputFileListPaths = (
			);
			inputPaths = (
				"${PODS_PODFILE_DIR_PATH}/Podfile.lock",
				"${PODS_ROOT}/Manifest.lock",
			);
			name = "[CP] Check Pods Manifest.lock";
			outputFileListPaths = (
			);
			outputPaths = (
				"$(DERIVED_FILE_DIR)/Pods-socialApp-checkManifestLockResult.txt",
			);
			runOnlyForDeploymentPostprocessing = 0;
			shellPath = /bin/sh;
			shellScript = "diff \"${PODS_PODFILE_DIR_PATH}/Podfile.lock\" \"${PODS_ROOT}/Manifest.lock\" > /dev/null\nif [ $? != 0 ] ; then\n    # print error to STDERR\n    echo \"error: The sandbox is not in sync with the Podfile.lock. Run 'pod install' or update your CocoaPods installation.\" >&2\n    exit 1\nfi\n# This output is used by Xcode 'outputs' to avoid re-running this script phase.\necho \"SUCCESS\" > \"${SCRIPT_OUTPUT_FILE_0}\"\n";
			showEnvVarsInLog = 0;
		};
		7ABD584D6D223D2A30F0D772 /* [CP] Embed Pods Frameworks */ = {
			isa = PBXShellScriptBuildPhase;
			buildActionMask = 2147483647;
			files = (
			);
			inputFileListPaths = (
				"${PODS_ROOT}/Target Support Files/Pods-socialApp/Pods-socialApp-frameworks-${CONFIGURATION}-input-files.xcfilelist",
			);
			name = "[CP] Embed Pods Frameworks";
			outputFileListPaths = (
				"${PODS_ROOT}/Target Support Files/Pods-socialApp/Pods-socialApp-frameworks-${CONFIGURATION}-output-files.xcfilelist",
			);
			runOnlyForDeploymentPostprocessing = 0;
			shellPath = /bin/sh;
			shellScript = "\"${PODS_ROOT}/Target Support Files/Pods-socialApp/Pods-socialApp-frameworks.sh\"\n";
			showEnvVarsInLog = 0;
		};
/* End PBXShellScriptBuildPhase section */

/* Begin PBXSourcesBuildPhase section */
		FB454E61255C0067007D1E71 /* Sources */ = {
			isa = PBXSourcesBuildPhase;
			buildActionMask = 2147483647;
			files = (
				FBFFB8952562C3F6007343ED /* UserDefaultsExtension.swift in Sources */,
				FB454E68255C0067007D1E71 /* NotificationService.swift in Sources */,
			);
			runOnlyForDeploymentPostprocessing = 0;
		};
		FBEF607024A602070005F947 /* Sources */ = {
			isa = PBXSourcesBuildPhase;
			buildActionMask = 2147483647;
			files = (
				FB3C5BDE253F5F3900CD44E6 /* RoundButton.swift in Sources */,
				FBA2AA442553072800A471F6 /* UniversalInfoCell.swift in Sources */,
				FB18217F24B2442800FFFC87 /* UIColorExtension.swift in Sources */,
				FBB26EBC2546F3250081CF2C /* PeopleInfoViewController.swift in Sources */,
				FB3727602540D7EC00906FBE /* AnimationCustomView.swift in Sources */,
				FBFFB86E25629E85007343ED /* MRecieptAppStrore.swift in Sources */,
				FB79DA4925234EDA00A7AA56 /* DateExtension.swift in Sources */,
				FBB3B265250ACA0700440632 /* MGender.swift in Sources */,
				FB8C3D432533A22800184FB5 /* SelectionTableViewCell.swift in Sources */,
				FBF293DD25065E2800F7B5F1 /* FirestoreService.swift in Sources */,
				FBB3D4A3255DAD2500A3B832 /* MActionType.swift in Sources */,
				FBB4F35A25116D7300ACFE90 /* DefaultImage.swift in Sources */,
				FBB3D492255D595D00A3B832 /* MPushMessageToTopic.swift in Sources */,
				FB79DA7C252DE64900A7AA56 /* ProfileViewController.swift in Sources */,
				FB79DA962530E69400A7AA56 /* EditPhotoViewController.swift in Sources */,
				FB8C3D392533958900184FB5 /* MLookingFor.swift in Sources */,
				FB8C3D652534A74900184FB5 /* SelectionTableViewHeader.swift in Sources */,
				FBE5A1062559C15300060D97 /* PushNotificationService.swift in Sources */,
				FB79DA9D2530E9C500A7AA56 /* EditPhotoCell.swift in Sources */,
				FBB26ECA254845D90081CF2C /* SectionAppSettings.swift in Sources */,
				FB8C3D8E25372BEB00184FB5 /* MReports.swift in Sources */,
				FB39F2D824F66EFE001B9C4F /* MPeople.swift in Sources */,
				FB79DA6B252C834D00A7AA56 /* LocationService.swift in Sources */,
				FBF293DF250668CB00F7B5F1 /* UserError.swift in Sources */,
				FBA2AA482553086D00A471F6 /* SetupChatMenu.swift in Sources */,
				FBFFB89B256535F8007343ED /* OneLikeButton.swift in Sources */,
				FB1062DE24B0C8DF0012C4D4 /* EditableProfileImageView.swift in Sources */,
				FBB26ED3254AFD130081CF2C /* AcceptChatDataProvider.swift in Sources */,
				FB21A1BD24E59A31000A2E91 /* GradientView.swift in Sources */,
				FBA2AA4B2554747000A471F6 /* MatchViewPopUp.swift in Sources */,
				FBEF609124A90AEC0005F947 /* UILabelExtension.swift in Sources */,
				FBB3B25F2509011200440632 /* StorageService.swift in Sources */,
				FBA2AA2B2552D3F400A471F6 /* UniversalTableView.swift in Sources */,
				FBB4F35F2512737400ACFE90 /* FirestoreError.swift in Sources */,
				FBA2AA352552F84F00A471F6 /* UniversalButtonCell.swift in Sources */,
				FB8C3D6A2535D71B00184FB5 /* InterestsSelectionViewController.swift in Sources */,
				FB207CB42520C544007AA232 /* MessageError.swift in Sources */,
				FBA94D1E24F55CBE000DA5D5 /* SectionHeader.swift in Sources */,
				FB8C3D3C2533961800184FB5 /* MSexuality.swift in Sources */,
				FB79DA84252DED1700A7AA56 /* ProfileCell.swift in Sources */,
				FBED946A2565909A00DED60A /* NotificationCenterExtension.swift in Sources */,
				FBB26EAE254585DB0081CF2C /* ChatTitleStackView.swift in Sources */,
				FB3C5BDB253F4A5A00CD44E6 /* MDefaultLayer.swift in Sources */,
				FBB3D49F255D6AA900A3B832 /* MTopics.swift in Sources */,
				FB61A76C251BA06D005DCC78 /* ChatError.swift in Sources */,
				FB79DA4C2523577100A7AA56 /* MMediaItem.swift in Sources */,
				FB3351B1256694FF007AFDDF /* FirestoreServiceExtensionDeleteData.swift in Sources */,
				FB61A7F8251E3FE4005DCC78 /* MSender.swift in Sources */,
				FBB3B269250F82B800440632 /* ListenerService.swift in Sources */,
				FB79DA4F2524D1FB00A7AA56 /* UIScrollViewExtension.swift in Sources */,
				FBB26EB42546E49B0081CF2C /* MAdmin.swift in Sources */,
				FB79DA88252DEDB900A7AA56 /* SettingsCell.swift in Sources */,
				FB8C3D552533E09900184FB5 /* SelectionViewController.swift in Sources */,
				FBE5A0F725558C3400060D97 /* PopUpService.swift in Sources */,
				FBF293DB24FFBA9F00F7B5F1 /* AuthError.swift in Sources */,
				FB454E4B255BEEED007D1E71 /* PushMessagingService.swift in Sources */,
				FB18217B24B2261F00FFFC87 /* MainTabBarController.swift in Sources */,
				FB454E96255C1EAA007D1E71 /* MPushMessage.swift in Sources */,
				FB61A78C251E1342005DCC78 /* ChatViewController.swift in Sources */,
				FBA2AA322552D9BB00A471F6 /* SectionsChatSettings.swift in Sources */,
				FB3C5BD3253B399100CD44E6 /* MFirestorCollection.swift in Sources */,
				FB1062E024B20CE60012C4D4 /* UISegmentedControlExtension.swift in Sources */,
				FBB4F3582511526C00ACFE90 /* CryptoService.swift in Sources */,
				FB79DA42252209E100A7AA56 /* MTypeOfListenerChanges.swift in Sources */,
				FB79DA9225307FF200A7AA56 /* GalleryScrollView.swift in Sources */,
				FB8C3D5F25348F4900184FB5 /* OneLineButtonWithHeader.swift in Sources */,
				FBB26ED8254B014A0081CF2C /* LikeDislikeChatDataProvider.swift in Sources */,
				FBF293D924FFB33300F7B5F1 /* Validators.swift in Sources */,
				FB3351AD256694AE007AFDDF /* FirestoreServiceExtensionImage.swift in Sources */,
				FBB4F354251110AE00ACFE90 /* RadioButton.swift in Sources */,
				FBEF607C24A602070005F947 /* AuthViewController.swift in Sources */,
				FBB26EC3254843C60081CF2C /* AppSettingsViewController.swift in Sources */,
				FB09108024FA93E2006B72D5 /* UITextViewExtension.swift in Sources */,
				FB79DA7F252DE71900A7AA56 /* SectionsProfile.swift in Sources */,
				FBA2AA2E2552D7D000A471F6 /* MCellType.swift in Sources */,
				FBB26EE8254C12AC0081CF2C /* CountOfUnreadMessageView.swift in Sources */,
				FB21A1BB24E59705000A2E91 /* MChat.swift in Sources */,
				FBFFB866255F15AC007343ED /* PurchasesService.swift in Sources */,
				FB3351B92566A0DC007AFDDF /* FirestoreServiceExtensionGetData.swift in Sources */,
				FB3727942541A18600906FBE /* MVirtualLocation.swift in Sources */,
				FB8C3D832536089A00184FB5 /* UIDatePickerExtension.swift in Sources */,
				FB66288124A93ADC00650820 /* RegisterEmailViewController.swift in Sources */,
				FB61B53E24FAB785002761ED /* UIViewExtension.swift in Sources */,
				FB8C3D7D253606EE00184FB5 /* LocaleExtension.swift in Sources */,
				FBA2AA3C255300C200A471F6 /* UniversallSwitchCell.swift in Sources */,
				FB79DA56252501E100A7AA56 /* UIApplicationExtension.swift in Sources */,
				FB8C3D3F25339DE200184FB5 /* GenderSelectionViewController.swift in Sources */,
				FB1062D824AE494A0012C4D4 /* OneLineTextField.swift in Sources */,
				FBB26EB72546EC230081CF2C /* PeopleView.swift in Sources */,
				FB8C3D98253A525500184FB5 /* SectionsRequests.swift in Sources */,
				FBB26ECF254980500081CF2C /* MAuthType.swift in Sources */,
				FBB3B267250D00D000440632 /* StorageError.swift in Sources */,
				FB18217724B21F5100FFFC87 /* ChatsViewController.swift in Sources */,
				FB8C3D94253A51BF00184FB5 /* RequestsViewController.swift in Sources */,
				FBFFB854255ECFE9007343ED /* PurchasesViewController.swift in Sources */,
				FBB26EEB254C2D440081CF2C /* MessagesDataProvider.swift in Sources */,
				FBEF609324A90C840005F947 /* UIImageViewExtension.swift in Sources */,
				FB37279025419CA400906FBE /* MSearchSettings.swift in Sources */,
				FBB3D4A7255DBB5600A3B832 /* UserDefaultsExtension.swift in Sources */,
				FB61B54924FE9581002761ED /* UIAlertExtension.swift in Sources */,
				FB18217D24B2268E00FFFC87 /* PeopleViewController.swift in Sources */,
				FBB3B261250905D800440632 /* UIImageExtension.swift in Sources */,
				FBEF608E24A9073E0005F947 /* UIFontExtension.swift in Sources */,
				FB2346E624F69B2B00FEE1EF /* PeopleCell.swift in Sources */,
				FBEF608C24A8F4000005F947 /* UIButtonExtension.swift in Sources */,
				FB61A76F251CB97D005DCC78 /* DataSourceError.swift in Sources */,
				FBF6289524F678C300DCD4AC /* SectionsChats.swift in Sources */,
				FBA2AA392552FCE300A471F6 /* MChatSettings.swift in Sources */,
				FB8C3D8B25371AE900184FB5 /* MLabels.swift in Sources */,
				FB79DA6E252C942B00A7AA56 /* MLocation.swift in Sources */,
				FBEF607824A602070005F947 /* AppDelegate.swift in Sources */,
				FB1062DC24B09F6C0012C4D4 /* EditProfileViewController.swift in Sources */,
				FB21A1B824E595CF000A2E91 /* Protocols.swift in Sources */,
				FBE5A1092559D87000060D97 /* UNNotificationAttachment.swift in Sources */,
				FB79DA992530E86D00A7AA56 /* SectionEditPhotos.swift in Sources */,
				FBB3D496255D597E00A3B832 /* MAps.swift in Sources */,
				FB79DA8B252DF0D600A7AA56 /* MProfileSettings.swift in Sources */,
				FB3727992541CAD600906FBE /* EditSearchSettingsViewController.swift in Sources */,
				FBA2AA282550601A00A471F6 /* LikeDisklikeButton.swift in Sources */,
				FB15FCF32513A71F00B765D3 /* MMessage.swift in Sources */,
				FBB26EDB254B03760081CF2C /* RequestChatDataProvider.swift in Sources */,
				FBB26EC72548452C0081CF2C /* MAppSettings.swift in Sources */,
				FB8C3D6E2535D94D00184FB5 /* DateOfBirthViewController.swift in Sources */,
				FB1062DA24AE69250012C4D4 /* LoginViewController.swift in Sources */,
				FBF2927F2512828C0090BA9E /* LoadingView.swift in Sources */,
				FB61B54724FE7F23002761ED /* AuthService.swift in Sources */,
				FBB26EDE254B0E960081CF2C /* PeopleDataProvider.swift in Sources */,
				FB79DA78252CF9CA00A7AA56 /* CLLocationCoordinate2DExtension.swift in Sources */,
				FB21A1BF24E5ADE5000A2E91 /* NewChatsCell.swift in Sources */,
				FBF6289724F678EA00DCD4AC /* SectionsPeople.swift in Sources */,
				FB21A1B624E55F6C000A2E91 /* ActiveChatsCell.swift in Sources */,
				FB3351C72566A355007AFDDF /* FirestoreServiceExtensionChatAction.swift in Sources */,
				FBFFB858255ED105007343ED /* PurchaseButton.swift in Sources */,
				FBFFB862255F14F6007343ED /* MPurchases.swift in Sources */,
				FB8C3D792535F4C500184FB5 /* StringExtension.swift in Sources */,
				FB61A7FB251E6312005DCC78 /* UserDefaultsService.swift in Sources */,
				FB8C3D9C253A589B00184FB5 /* RequestChatCell.swift in Sources */,
				FBEF607A24A602070005F947 /* SceneDelegate.swift in Sources */,
				FBB26EE1254B38B60081CF2C /* UserDefaultsError.swift in Sources */,
			);
			runOnlyForDeploymentPostprocessing = 0;
		};
/* End PBXSourcesBuildPhase section */

/* Begin PBXTargetDependency section */
		FB454E6B255C0067007D1E71 /* PBXTargetDependency */ = {
			isa = PBXTargetDependency;
			target = FB454E64255C0067007D1E71 /* NotificationService */;
			targetProxy = FB454E6A255C0067007D1E71 /* PBXContainerItemProxy */;
		};
/* End PBXTargetDependency section */

/* Begin PBXVariantGroup section */
		FBEF608224A6020A0005F947 /* LaunchScreen.storyboard */ = {
			isa = PBXVariantGroup;
			children = (
				FBEF608324A6020A0005F947 /* Base */,
				FB8C3D8525360ED700184FB5 /* ru */,
			);
			name = LaunchScreen.storyboard;
			sourceTree = "<group>";
		};
/* End PBXVariantGroup section */

/* Begin XCBuildConfiguration section */
		FB454E6D255C0067007D1E71 /* Debug */ = {
			isa = XCBuildConfiguration;
			buildSettings = {
				CODE_SIGN_ENTITLEMENTS = NotificationService/NotificationService.entitlements;
				CODE_SIGN_IDENTITY = "Apple Development";
				CODE_SIGN_STYLE = Automatic;
				DEVELOPMENT_TEAM = W69L42NMK2;
				INFOPLIST_FILE = NotificationService/Info.plist;
				IPHONEOS_DEPLOYMENT_TARGET = 13.5;
				LD_RUNPATH_SEARCH_PATHS = (
					"$(inherited)",
					"@executable_path/Frameworks",
					"@executable_path/../../Frameworks",
				);
				PRODUCT_BUNDLE_IDENTIFIER = "art.jedi-tones.flava.NotificationService";
				PRODUCT_NAME = "$(TARGET_NAME)";
				SKIP_INSTALL = YES;
				SWIFT_VERSION = 5.0;
				TARGETED_DEVICE_FAMILY = 1;
			};
			name = Debug;
		};
		FB454E6E255C0067007D1E71 /* Release */ = {
			isa = XCBuildConfiguration;
			buildSettings = {
				CODE_SIGN_ENTITLEMENTS = NotificationService/NotificationService.entitlements;
				CODE_SIGN_IDENTITY = "Apple Development";
				CODE_SIGN_STYLE = Automatic;
				DEVELOPMENT_TEAM = W69L42NMK2;
				INFOPLIST_FILE = NotificationService/Info.plist;
				IPHONEOS_DEPLOYMENT_TARGET = 13.5;
				LD_RUNPATH_SEARCH_PATHS = (
					"$(inherited)",
					"@executable_path/Frameworks",
					"@executable_path/../../Frameworks",
				);
				PRODUCT_BUNDLE_IDENTIFIER = "art.jedi-tones.flava.NotificationService";
				PRODUCT_NAME = "$(TARGET_NAME)";
				SKIP_INSTALL = YES;
				SWIFT_VERSION = 5.0;
				TARGETED_DEVICE_FAMILY = 1;
			};
			name = Release;
		};
		FBEF608624A6020A0005F947 /* Debug */ = {
			isa = XCBuildConfiguration;
			buildSettings = {
				ALWAYS_SEARCH_USER_PATHS = NO;
				CLANG_ANALYZER_LOCALIZABILITY_NONLOCALIZED = YES;
				CLANG_ANALYZER_NONNULL = YES;
				CLANG_ANALYZER_NUMBER_OBJECT_CONVERSION = YES_AGGRESSIVE;
				CLANG_CXX_LANGUAGE_STANDARD = "gnu++14";
				CLANG_CXX_LIBRARY = "libc++";
				CLANG_ENABLE_MODULES = YES;
				CLANG_ENABLE_OBJC_ARC = YES;
				CLANG_ENABLE_OBJC_WEAK = YES;
				CLANG_WARN_BLOCK_CAPTURE_AUTORELEASING = YES;
				CLANG_WARN_BOOL_CONVERSION = YES;
				CLANG_WARN_COMMA = YES;
				CLANG_WARN_CONSTANT_CONVERSION = YES;
				CLANG_WARN_DEPRECATED_OBJC_IMPLEMENTATIONS = YES;
				CLANG_WARN_DIRECT_OBJC_ISA_USAGE = YES_ERROR;
				CLANG_WARN_DOCUMENTATION_COMMENTS = YES;
				CLANG_WARN_EMPTY_BODY = YES;
				CLANG_WARN_ENUM_CONVERSION = YES;
				CLANG_WARN_INFINITE_RECURSION = YES;
				CLANG_WARN_INT_CONVERSION = YES;
				CLANG_WARN_NON_LITERAL_NULL_CONVERSION = YES;
				CLANG_WARN_OBJC_IMPLICIT_RETAIN_SELF = YES;
				CLANG_WARN_OBJC_LITERAL_CONVERSION = YES;
				CLANG_WARN_OBJC_ROOT_CLASS = YES_ERROR;
				CLANG_WARN_QUOTED_INCLUDE_IN_FRAMEWORK_HEADER = YES;
				CLANG_WARN_RANGE_LOOP_ANALYSIS = YES;
				CLANG_WARN_STRICT_PROTOTYPES = YES;
				CLANG_WARN_SUSPICIOUS_MOVE = YES;
				CLANG_WARN_UNGUARDED_AVAILABILITY = YES_AGGRESSIVE;
				CLANG_WARN_UNREACHABLE_CODE = YES;
				CLANG_WARN__DUPLICATE_METHOD_MATCH = YES;
				COPY_PHASE_STRIP = NO;
				DEBUG_INFORMATION_FORMAT = dwarf;
				ENABLE_STRICT_OBJC_MSGSEND = YES;
				ENABLE_TESTABILITY = YES;
				GCC_C_LANGUAGE_STANDARD = gnu11;
				GCC_DYNAMIC_NO_PIC = NO;
				GCC_NO_COMMON_BLOCKS = YES;
				GCC_OPTIMIZATION_LEVEL = 0;
				GCC_PREPROCESSOR_DEFINITIONS = (
					"DEBUG=1",
					"$(inherited)",
				);
				GCC_WARN_64_TO_32_BIT_CONVERSION = YES;
				GCC_WARN_ABOUT_RETURN_TYPE = YES_ERROR;
				GCC_WARN_UNDECLARED_SELECTOR = YES;
				GCC_WARN_UNINITIALIZED_AUTOS = YES_AGGRESSIVE;
				GCC_WARN_UNUSED_FUNCTION = YES;
				GCC_WARN_UNUSED_VARIABLE = YES;
				IPHONEOS_DEPLOYMENT_TARGET = 13.5;
				MTL_ENABLE_DEBUG_INFO = INCLUDE_SOURCE;
				MTL_FAST_MATH = YES;
				ONLY_ACTIVE_ARCH = YES;
				SDKROOT = iphoneos;
				SWIFT_ACTIVE_COMPILATION_CONDITIONS = DEBUG;
				SWIFT_OPTIMIZATION_LEVEL = "-Onone";
			};
			name = Debug;
		};
		FBEF608724A6020A0005F947 /* Release */ = {
			isa = XCBuildConfiguration;
			buildSettings = {
				ALWAYS_SEARCH_USER_PATHS = NO;
				CLANG_ANALYZER_LOCALIZABILITY_NONLOCALIZED = YES;
				CLANG_ANALYZER_NONNULL = YES;
				CLANG_ANALYZER_NUMBER_OBJECT_CONVERSION = YES_AGGRESSIVE;
				CLANG_CXX_LANGUAGE_STANDARD = "gnu++14";
				CLANG_CXX_LIBRARY = "libc++";
				CLANG_ENABLE_MODULES = YES;
				CLANG_ENABLE_OBJC_ARC = YES;
				CLANG_ENABLE_OBJC_WEAK = YES;
				CLANG_WARN_BLOCK_CAPTURE_AUTORELEASING = YES;
				CLANG_WARN_BOOL_CONVERSION = YES;
				CLANG_WARN_COMMA = YES;
				CLANG_WARN_CONSTANT_CONVERSION = YES;
				CLANG_WARN_DEPRECATED_OBJC_IMPLEMENTATIONS = YES;
				CLANG_WARN_DIRECT_OBJC_ISA_USAGE = YES_ERROR;
				CLANG_WARN_DOCUMENTATION_COMMENTS = YES;
				CLANG_WARN_EMPTY_BODY = YES;
				CLANG_WARN_ENUM_CONVERSION = YES;
				CLANG_WARN_INFINITE_RECURSION = YES;
				CLANG_WARN_INT_CONVERSION = YES;
				CLANG_WARN_NON_LITERAL_NULL_CONVERSION = YES;
				CLANG_WARN_OBJC_IMPLICIT_RETAIN_SELF = YES;
				CLANG_WARN_OBJC_LITERAL_CONVERSION = YES;
				CLANG_WARN_OBJC_ROOT_CLASS = YES_ERROR;
				CLANG_WARN_QUOTED_INCLUDE_IN_FRAMEWORK_HEADER = YES;
				CLANG_WARN_RANGE_LOOP_ANALYSIS = YES;
				CLANG_WARN_STRICT_PROTOTYPES = YES;
				CLANG_WARN_SUSPICIOUS_MOVE = YES;
				CLANG_WARN_UNGUARDED_AVAILABILITY = YES_AGGRESSIVE;
				CLANG_WARN_UNREACHABLE_CODE = YES;
				CLANG_WARN__DUPLICATE_METHOD_MATCH = YES;
				COPY_PHASE_STRIP = NO;
				DEBUG_INFORMATION_FORMAT = "dwarf-with-dsym";
				ENABLE_NS_ASSERTIONS = NO;
				ENABLE_STRICT_OBJC_MSGSEND = YES;
				GCC_C_LANGUAGE_STANDARD = gnu11;
				GCC_NO_COMMON_BLOCKS = YES;
				GCC_WARN_64_TO_32_BIT_CONVERSION = YES;
				GCC_WARN_ABOUT_RETURN_TYPE = YES_ERROR;
				GCC_WARN_UNDECLARED_SELECTOR = YES;
				GCC_WARN_UNINITIALIZED_AUTOS = YES_AGGRESSIVE;
				GCC_WARN_UNUSED_FUNCTION = YES;
				GCC_WARN_UNUSED_VARIABLE = YES;
				IPHONEOS_DEPLOYMENT_TARGET = 13.5;
				MTL_ENABLE_DEBUG_INFO = NO;
				MTL_FAST_MATH = YES;
				SDKROOT = iphoneos;
				SWIFT_COMPILATION_MODE = wholemodule;
				SWIFT_OPTIMIZATION_LEVEL = "-O";
				VALIDATE_PRODUCT = YES;
			};
			name = Release;
		};
		FBEF608924A6020A0005F947 /* Debug */ = {
			isa = XCBuildConfiguration;
			baseConfigurationReference = BE11C4154A14226A757830CC /* Pods-socialApp.debug.xcconfig */;
			buildSettings = {
				ALWAYS_EMBED_SWIFT_STANDARD_LIBRARIES = YES;
				ASSETCATALOG_COMPILER_APPICON_NAME = AppIcon;
				CODE_SIGN_ENTITLEMENTS = socialApp/socialApp.entitlements;
				CODE_SIGN_IDENTITY = "Apple Development";
				CODE_SIGN_STYLE = Automatic;
				DEVELOPMENT_TEAM = W69L42NMK2;
				INFOPLIST_FILE = socialApp/Info.plist;
				LD_RUNPATH_SEARCH_PATHS = (
					"$(inherited)",
					"@executable_path/Frameworks",
				);
				PRODUCT_BUNDLE_IDENTIFIER = "art.jedi-tones.flava";
				PRODUCT_NAME = Flava;
				SWIFT_VERSION = 5.0;
				TARGETED_DEVICE_FAMILY = 1;
			};
			name = Debug;
		};
		FBEF608A24A6020A0005F947 /* Release */ = {
			isa = XCBuildConfiguration;
			baseConfigurationReference = A864411375E48564A6F68A6B /* Pods-socialApp.release.xcconfig */;
			buildSettings = {
				ALWAYS_EMBED_SWIFT_STANDARD_LIBRARIES = YES;
				ASSETCATALOG_COMPILER_APPICON_NAME = AppIcon;
				CODE_SIGN_ENTITLEMENTS = socialApp/socialApp.entitlements;
				CODE_SIGN_IDENTITY = "Apple Development";
				CODE_SIGN_STYLE = Automatic;
				DEVELOPMENT_TEAM = W69L42NMK2;
				INFOPLIST_FILE = socialApp/Info.plist;
				LD_RUNPATH_SEARCH_PATHS = (
					"$(inherited)",
					"@executable_path/Frameworks",
				);
				PRODUCT_BUNDLE_IDENTIFIER = "art.jedi-tones.flava";
				PRODUCT_NAME = Flava;
				SWIFT_VERSION = 5.0;
				TARGETED_DEVICE_FAMILY = 1;
			};
			name = Release;
		};
/* End XCBuildConfiguration section */

/* Begin XCConfigurationList section */
		FB454E6F255C0067007D1E71 /* Build configuration list for PBXNativeTarget "NotificationService" */ = {
			isa = XCConfigurationList;
			buildConfigurations = (
				FB454E6D255C0067007D1E71 /* Debug */,
				FB454E6E255C0067007D1E71 /* Release */,
			);
			defaultConfigurationIsVisible = 0;
			defaultConfigurationName = Release;
		};
		FBEF606F24A602070005F947 /* Build configuration list for PBXProject "socialApp" */ = {
			isa = XCConfigurationList;
			buildConfigurations = (
				FBEF608624A6020A0005F947 /* Debug */,
				FBEF608724A6020A0005F947 /* Release */,
			);
			defaultConfigurationIsVisible = 0;
			defaultConfigurationName = Release;
		};
		FBEF608824A6020A0005F947 /* Build configuration list for PBXNativeTarget "socialApp" */ = {
			isa = XCConfigurationList;
			buildConfigurations = (
				FBEF608924A6020A0005F947 /* Debug */,
				FBEF608A24A6020A0005F947 /* Release */,
			);
			defaultConfigurationIsVisible = 0;
			defaultConfigurationName = Release;
		};
/* End XCConfigurationList section */
	};
	rootObject = FBEF606C24A602070005F947 /* Project object */;
}
